
Microsoft Visual Studio Solution File, Format Version 12.00
# Visual Studio 15
VisualStudioVersion = 15.0.27130.2036
MinimumVisualStudioVersion = 10.0.40219.1
Project("{2150E333-8FDC-42A3-9474-1A3956D46DE8}") = "X12 Sample Files", "X12 Sample Files", "{C742A036-9230-4562-8E55-F3C26024EA18}"
	ProjectSection(SolutionItems) = preProject
		Files\X12\ApplicationAdvice.txt = Files\X12\ApplicationAdvice.txt
		Files\X12\CorruptIsa.txt = Files\X12\CorruptIsa.txt
		Files\X12\CorruptSt.txt = Files\X12\CorruptSt.txt
		Files\X12\DuplicateGroup.txt = Files\X12\DuplicateGroup.txt
		Files\X12\DuplicateInterchange.txt = Files\X12\DuplicateInterchange.txt
		Files\X12\DuplicateMessage.txt = Files\X12\DuplicateMessage.txt
		Files\X12\FreightInvoice.txt = Files\X12\FreightInvoice.txt
		Files\X12\Invoice.txt = Files\X12\Invoice.txt
		Files\X12\MixedTransactions.txt = Files\X12\MixedTransactions.txt
		Files\X12\MixedTransactionsNoEnvelopes.txt = Files\X12\MixedTransactionsNoEnvelopes.txt
		Files\X12\PriceCatalog.txt = Files\X12\PriceCatalog.txt
		Files\X12\PurchaseOrder.csv = Files\X12\PurchaseOrder.csv
		Files\X12\PurchaseOrder.txt = Files\X12\PurchaseOrder.txt
		Files\X12\PurchaseOrder.xml = Files\X12\PurchaseOrder.xml
		Files\X12\PurchaseOrder2.xml = Files\X12\PurchaseOrder2.xml
		Files\X12\PurchaseOrderCSV.txt = Files\X12\PurchaseOrderCSV.txt
		Files\X12\PurchaseOrderCustom1.txt = Files\X12\PurchaseOrderCustom1.txt
		Files\X12\PurchaseOrderCustom2.txt = Files\X12\PurchaseOrderCustom2.txt
		Files\X12\PurchaseOrderInvalid.txt = Files\X12\PurchaseOrderInvalid.txt
		Files\X12\PurchaseOrderMs.json = Files\X12\PurchaseOrderMs.json
		Files\X12\PurchaseOrderMultiLine.txt = Files\X12\PurchaseOrderMultiLine.txt
		Files\X12\PurchaseOrderNs.json = Files\X12\PurchaseOrderNs.json
		Files\X12\PurchaseOrders.txt = Files\X12\PurchaseOrders.txt
		Files\X12\PurchaseOrdersAcknowledgement.txt = Files\X12\PurchaseOrdersAcknowledgement.txt
		Files\X12\RailCarrierShipment.txt = Files\X12\RailCarrierShipment.txt
		Files\X12\ReceivingAdvice.txt = Files\X12\ReceivingAdvice.txt
		Files\X12\ShipBillNotice.txt = Files\X12\ShipBillNotice.txt
		Files\X12\ShipmentStatus.txt = Files\X12\ShipmentStatus.txt
		Files\X12\ShipNotice.txt = Files\X12\ShipNotice.txt
		Files\X12\WarehouseShippingAdvice.txt = Files\X12\WarehouseShippingAdvice.txt
	EndProjectSection
EndProject
Project("{FAE04EC0-301F-11D3-BF4B-00C04F79EFBC}") = "EdiFabric.Examples.X12.Common", "EdiFabric.Examples.X12.Common\EdiFabric.Examples.X12.Common.csproj", "{BC167C5D-D762-4D14-8788-5EEF0FBE4A12}"
EndProject
Project("{FAE04EC0-301F-11D3-BF4B-00C04F79EFBC}") = "EdiFabric.Examples.X12.Templates.V4010", "EdiFabric.Examples.X12.Templates.V4010\EdiFabric.Examples.X12.Templates.V4010.csproj", "{C8C0E28B-7BA8-4C81-A1A1-1AA86171ABA5}"
EndProject
Project("{FAE04EC0-301F-11D3-BF4B-00C04F79EFBC}") = "EdiFabric.Examples.X12.Templates.V4010.Common", "EdiFabric.Examples.X12.Templates.V4010.Common\EdiFabric.Examples.X12.Templates.V4010.Common.csproj", "{8F106C0D-4AD9-4139-B299-6D59AF3BADD2}"
EndProject
Project("{FAE04EC0-301F-11D3-BF4B-00C04F79EFBC}") = "EdiFabric.Examples.X12.ReadEDI", "EdiFabric.Examples.X12.ReadEDI\EdiFabric.Examples.X12.ReadEDI.csproj", "{FD38A6D4-0F1A-4071-A781-041E66FA5D5A}"
EndProject
Project("{FAE04EC0-301F-11D3-BF4B-00C04F79EFBC}") = "EdiFabric.Examples.X12.WriteEDI", "EdiFabric.Examples.X12.WriteEDI\EdiFabric.Examples.X12.WriteEDI.csproj", "{E7674FA0-9192-4321-8803-8FCC9EA0C210}"
EndProject
Project("{FAE04EC0-301F-11D3-BF4B-00C04F79EFBC}") = "EdiFabric.Examples.X12.AcknowledgeEDI", "EdiFabric.Examples.X12.AcknowledgeEDI\EdiFabric.Examples.X12.AcknowledgeEDI.csproj", "{DB6CB5CD-0C7B-46DE-B3FB-A3BE07B0DF2E}"
EndProject
Project("{2150E333-8FDC-42A3-9474-1A3956D46DE8}") = "X12 Sample Templates", "X12 Sample Templates", "{C9632B8F-1BD8-4563-894D-CE8A373C191D}"
EndProject
Project("{FAE04EC0-301F-11D3-BF4B-00C04F79EFBC}") = "EdiFabric.Examples.X12.CSV", "EdiFabric.Examples.X12.CSV\EdiFabric.Examples.X12.CSV.csproj", "{10CC4110-53B0-4492-A021-70F71D22C30B}"
EndProject
Project("{FAE04EC0-301F-11D3-BF4B-00C04F79EFBC}") = "EdiFabric.Examples.X12.XML", "EdiFabric.Examples.X12.XML\EdiFabric.Examples.X12.XML.csproj", "{4B632F97-7EBD-4B86-AFC4-6B9DA074A1DF}"
EndProject
Project("{FAE04EC0-301F-11D3-BF4B-00C04F79EFBC}") = "EdiFabric.Examples.X12.JSON", "EdiFabric.Examples.X12.JSON\EdiFabric.Examples.X12.JSON.csproj", "{855AAC72-F76E-4EB0-BEFF-F6A9314E5BD0}"
EndProject
Project("{FAE04EC0-301F-11D3-BF4B-00C04F79EFBC}") = "EdiFabric.Examples.X12.DB", "EdiFabric.Examples.X12.DB\EdiFabric.Examples.X12.DB.csproj", "{49739F49-3AE3-40ED-BAA1-C479F96A6ABA}"
EndProject
Project("{FAE04EC0-301F-11D3-BF4B-00C04F79EFBC}") = "EdiFabric.Examples.X12.Templates.V4010.EntityFramework", "EdiFabric.Examples.X12.Templates.V4010.EntityFramework\EdiFabric.Examples.X12.Templates.V4010.EntityFramework.csproj", "{37704CCE-871B-4020-8CDE-3CF338EA90B7}"
EndProject
Project("{FAE04EC0-301F-11D3-BF4B-00C04F79EFBC}") = "EdiFabric.Examples.X12.ValidateEDI", "EdiFabric.Examples.X12.ValidateEDI\EdiFabric.Examples.X12.ValidateEDI.csproj", "{FE3C9814-61B1-4DE4-AD04-501D44F8B22D}"
EndProject
Project("{FAE04EC0-301F-11D3-BF4B-00C04F79EFBC}") = "EdiFabric.Examples.X12.Templates.V4010.PartnerA", "EdiFabric.Examples.X12.Templates.V4010.PartnerA\EdiFabric.Examples.X12.Templates.V4010.PartnerA.csproj", "{C083F5BD-5E3E-4363-853E-9E5DFFC14D2E}"
EndProject
Project("{FAE04EC0-301F-11D3-BF4B-00C04F79EFBC}") = "EdiFabric.Examples.X12.Templates.V4010.PartnerB", "EdiFabric.Examples.X12.Templates.V4010.PartnerB\EdiFabric.Examples.X12.Templates.V4010.PartnerB.csproj", "{B7A4A86C-B107-4F62-A931-0B046BC881E4}"
EndProject
Project("{FAE04EC0-301F-11D3-BF4B-00C04F79EFBC}") = "EdiFabric.Examples.X12.Templates.V4010.PartnerC", "EdiFabric.Examples.X12.Templates.V4010.PartnerC\EdiFabric.Examples.X12.Templates.V4010.PartnerC.csproj", "{4FA4F041-345C-4D30-A098-4B97192B68EB}"
EndProject
Project("{FAE04EC0-301F-11D3-BF4B-00C04F79EFBC}") = "EdiFabric.Examples.X12.Templates.V4010.NoValidation", "EdiFabric.Examples.X12.Templates.V4010.NoValidation\EdiFabric.Examples.X12.Templates.V4010.NoValidation.csproj", "{D2F91E2E-85BB-449F-9AB4-8F69A0F00907}"
EndProject
Project("{2150E333-8FDC-42A3-9474-1A3956D46DE8}") = "X12 Sample Transactions", "X12 Sample Transactions", "{959E4FE3-739E-45BF-AF9F-33667E57D02B}"
EndProject
Project("{FAE04EC0-301F-11D3-BF4B-00C04F79EFBC}") = "EdiFabric.Examples.X12.T210", "EdiFabric.Examples.X12.T210\EdiFabric.Examples.X12.T210.csproj", "{95EC54BC-C5F7-4A38-BFF7-855550B61392}"
EndProject
Project("{FAE04EC0-301F-11D3-BF4B-00C04F79EFBC}") = "EdiFabric.Examples.X12.T214", "EdiFabric.Examples.X12.T214\EdiFabric.Examples.X12.T214.csproj", "{3CE7C33C-1A85-4426-A3D9-E3E70C8A4C16}"
EndProject
Project("{FAE04EC0-301F-11D3-BF4B-00C04F79EFBC}") = "EdiFabric.Examples.X12.T404", "EdiFabric.Examples.X12.T404\EdiFabric.Examples.X12.T404.csproj", "{360A364C-575B-4E86-B279-56A09353521A}"
EndProject
Project("{FAE04EC0-301F-11D3-BF4B-00C04F79EFBC}") = "EdiFabric.Examples.X12.T810", "EdiFabric.Examples.X12.T810\EdiFabric.Examples.X12.T810.csproj", "{C357754B-9724-4EC3-9DB5-E18C6FE3E20C}"
EndProject
Project("{FAE04EC0-301F-11D3-BF4B-00C04F79EFBC}") = "EdiFabric.Examples.X12.T824", "EdiFabric.Examples.X12.T824\EdiFabric.Examples.X12.T824.csproj", "{55220357-034C-40F6-A5B1-CFE4276F50EF}"
EndProject
Project("{FAE04EC0-301F-11D3-BF4B-00C04F79EFBC}") = "EdiFabric.Examples.X12.T832", "EdiFabric.Examples.X12.T832\EdiFabric.Examples.X12.T832.csproj", "{E0702330-B949-494A-811F-3D07A864B446}"
EndProject
Project("{FAE04EC0-301F-11D3-BF4B-00C04F79EFBC}") = "EdiFabric.Examples.X12.T850", "EdiFabric.Examples.X12.T850\EdiFabric.Examples.X12.T850.csproj", "{D33A5D71-932F-42C5-A9EE-E35336588736}"
EndProject
Project("{FAE04EC0-301F-11D3-BF4B-00C04F79EFBC}") = "EdiFabric.Examples.X12.T855", "EdiFabric.Examples.X12.T855\EdiFabric.Examples.X12.T855.csproj", "{1CCE7298-BA0E-468D-B17D-AA6C414C1903}"
EndProject
Project("{FAE04EC0-301F-11D3-BF4B-00C04F79EFBC}") = "EdiFabric.Examples.X12.T856", "EdiFabric.Examples.X12.T856\EdiFabric.Examples.X12.T856.csproj", "{D28E5945-0854-4FEC-8FDD-A5F244431AD3}"
EndProject
Project("{FAE04EC0-301F-11D3-BF4B-00C04F79EFBC}") = "EdiFabric.Examples.X12.T857", "EdiFabric.Examples.X12.T857\EdiFabric.Examples.X12.T857.csproj", "{F227BBAC-E6D2-4E06-A2D7-B4B1DDB60EE9}"
EndProject
Project("{FAE04EC0-301F-11D3-BF4B-00C04F79EFBC}") = "EdiFabric.Examples.X12.T861", "EdiFabric.Examples.X12.T861\EdiFabric.Examples.X12.T861.csproj", "{7D4B5729-7E05-4669-838D-32D0AF780F49}"
EndProject
Project("{FAE04EC0-301F-11D3-BF4B-00C04F79EFBC}") = "EdiFabric.Examples.X12.T945", "EdiFabric.Examples.X12.T945\EdiFabric.Examples.X12.T945.csproj", "{DE7423BA-F0E8-4176-A695-613AC11842EE}"
EndProject
Project("{2150E333-8FDC-42A3-9474-1A3956D46DE8}") = "HIPAA Sample Files", "HIPAA Sample Files", "{F3987D29-0500-4262-BF7C-777B29B36B81}"
	ProjectSection(SolutionItems) = preProject
		Files\HIPAA\BenefitEnrollment.txt = Files\HIPAA\BenefitEnrollment.txt
		Files\HIPAA\ClaimPayment.txt = Files\HIPAA\ClaimPayment.txt
		Files\HIPAA\DentalClaim.txt = Files\HIPAA\DentalClaim.txt
		Files\HIPAA\GenericRequest.txt = Files\HIPAA\GenericRequest.txt
		Files\HIPAA\GenericResponse.txt = Files\HIPAA\GenericResponse.txt
		Files\HIPAA\InstitutionalClaim.txt = Files\HIPAA\InstitutionalClaim.txt
		Files\HIPAA\Payment.txt = Files\HIPAA\Payment.txt
		Files\HIPAA\PaymentOrder.txt = Files\HIPAA\PaymentOrder.txt
		Files\HIPAA\RequestTransmission.txt = Files\HIPAA\RequestTransmission.txt
		Files\HIPAA\ResponseTransmission.txt = Files\HIPAA\ResponseTransmission.txt
		Files\HIPAA\ServicesReview.txt = Files\HIPAA\ServicesReview.txt
	EndProjectSection
EndProject
Project("{2150E333-8FDC-42A3-9474-1A3956D46DE8}") = "HIPAA Sample Templates", "HIPAA Sample Templates", "{C3D4C94F-8AD1-484C-9406-9E2CEE64CF01}"
EndProject
Project("{2150E333-8FDC-42A3-9474-1A3956D46DE8}") = "HIPAA Sample Transactions", "HIPAA Sample Transactions", "{7A8FC005-457B-49C1-98FB-858A2972D180}"
EndProject
Project("{FAE04EC0-301F-11D3-BF4B-00C04F79EFBC}") = "EdiFabric.Examples.X12.Templates.V5010", "EdiFabric.Examples.X12.Templates.V5010\EdiFabric.Examples.X12.Templates.V5010.csproj", "{BD94C9CA-090C-457C-8672-404E1499D461}"
EndProject
Project("{FAE04EC0-301F-11D3-BF4B-00C04F79EFBC}") = "EdiFabric.Examples.X12.Templates.V5010.NoValidation", "EdiFabric.Examples.X12.Templates.V5010.NoValidation\EdiFabric.Examples.X12.Templates.V5010.NoValidation.csproj", "{E1E723E2-86B9-47CD-874B-A65DD2A9D1C7}"
EndProject
Project("{FAE04EC0-301F-11D3-BF4B-00C04F79EFBC}") = "EdiFabric.Examples.X12.T270", "EdiFabric.Examples.X12.T270\EdiFabric.Examples.X12.T270.csproj", "{F4F21F33-9040-40C9-B164-2E93BA960014}"
EndProject
Project("{FAE04EC0-301F-11D3-BF4B-00C04F79EFBC}") = "EdiFabric.Examples.X12.T271", "EdiFabric.Examples.X12.T271\EdiFabric.Examples.X12.T271.csproj", "{B4D99CA0-CB71-4305-B79B-0B3897094369}"
EndProject
Project("{FAE04EC0-301F-11D3-BF4B-00C04F79EFBC}") = "EdiFabric.Examples.X12.T276", "EdiFabric.Examples.X12.T276\EdiFabric.Examples.X12.T276.csproj", "{63B3E334-863E-4214-B157-1F537BCE21C7}"
EndProject
Project("{FAE04EC0-301F-11D3-BF4B-00C04F79EFBC}") = "EdiFabric.Examples.X12.T277", "EdiFabric.Examples.X12.T277\EdiFabric.Examples.X12.T277.csproj", "{1471CE13-DAAB-43FA-97A4-DA281A958CD3}"
EndProject
Project("{FAE04EC0-301F-11D3-BF4B-00C04F79EFBC}") = "EdiFabric.Examples.X12.T278", "EdiFabric.Examples.X12.T278\EdiFabric.Examples.X12.T278.csproj", "{3E31CF5E-134F-4BDD-B98D-A41362F85F86}"
EndProject
Project("{FAE04EC0-301F-11D3-BF4B-00C04F79EFBC}") = "EdiFabric.Examples.X12.T820", "EdiFabric.Examples.X12.T820\EdiFabric.Examples.X12.T820.csproj", "{6467A53E-2E4A-4C89-BF7B-E7E8120E9EC4}"
EndProject
Project("{FAE04EC0-301F-11D3-BF4B-00C04F79EFBC}") = "EdiFabric.Examples.X12.T834", "EdiFabric.Examples.X12.T834\EdiFabric.Examples.X12.T834.csproj", "{71C80455-99AA-468F-B82D-E402B763EE35}"
EndProject
Project("{FAE04EC0-301F-11D3-BF4B-00C04F79EFBC}") = "EdiFabric.Examples.X12.T835", "EdiFabric.Examples.X12.T835\EdiFabric.Examples.X12.T835.csproj", "{5C8E49DF-9CA1-4BB0-AE0F-F6D73896C8EF}"
EndProject
Project("{FAE04EC0-301F-11D3-BF4B-00C04F79EFBC}") = "EdiFabric.Examples.X12.T837D", "EdiFabric.Examples.X12.T837D\EdiFabric.Examples.X12.T837D.csproj", "{67C36235-A031-4E52-A589-1F493086DAB5}"
EndProject
Project("{FAE04EC0-301F-11D3-BF4B-00C04F79EFBC}") = "EdiFabric.Examples.X12.T837I", "EdiFabric.Examples.X12.T837I\EdiFabric.Examples.X12.T837I.csproj", "{20E7295E-4EDA-4A56-9851-0847BF864EDD}"
EndProject
Project("{FAE04EC0-301F-11D3-BF4B-00C04F79EFBC}") = "EdiFabric.Examples.X12.T837P", "EdiFabric.Examples.X12.T837P\EdiFabric.Examples.X12.T837P.csproj", "{B9E445F0-58F8-414D-BDF5-41DC00041FD1}"
EndProject
Project("{FAE04EC0-301F-11D3-BF4B-00C04F79EFBC}") = "EdiFabric.Examples.X12.MapEDI", "EdiFabric.Examples.X12.MapEDI\EdiFabric.Examples.X12.MapEDI.csproj", "{97071C65-DFB2-42B6-9F01-1CE11F71A675}"
EndProject
Global
	GlobalSection(SolutionConfigurationPlatforms) = preSolution
		Debug|Any CPU = Debug|Any CPU
		Lite|Any CPU = Lite|Any CPU
		Release|Any CPU = Release|Any CPU
		test|Any CPU = test|Any CPU
		Trial|Any CPU = Trial|Any CPU
	EndGlobalSection
	GlobalSection(ProjectConfigurationPlatforms) = postSolution
		{BC167C5D-D762-4D14-8788-5EEF0FBE4A12}.Debug|Any CPU.ActiveCfg = Debug|Any CPU
		{BC167C5D-D762-4D14-8788-5EEF0FBE4A12}.Debug|Any CPU.Build.0 = Debug|Any CPU
		{BC167C5D-D762-4D14-8788-5EEF0FBE4A12}.Lite|Any CPU.ActiveCfg = Release|Any CPU
		{BC167C5D-D762-4D14-8788-5EEF0FBE4A12}.Lite|Any CPU.Build.0 = Release|Any CPU
		{BC167C5D-D762-4D14-8788-5EEF0FBE4A12}.Release|Any CPU.ActiveCfg = Release|Any CPU
		{BC167C5D-D762-4D14-8788-5EEF0FBE4A12}.Release|Any CPU.Build.0 = Release|Any CPU
		{BC167C5D-D762-4D14-8788-5EEF0FBE4A12}.test|Any CPU.ActiveCfg = Release|Any CPU
		{BC167C5D-D762-4D14-8788-5EEF0FBE4A12}.test|Any CPU.Build.0 = Release|Any CPU
		{BC167C5D-D762-4D14-8788-5EEF0FBE4A12}.Trial|Any CPU.ActiveCfg = Release|Any CPU
		{BC167C5D-D762-4D14-8788-5EEF0FBE4A12}.Trial|Any CPU.Build.0 = Release|Any CPU
		{C8C0E28B-7BA8-4C81-A1A1-1AA86171ABA5}.Debug|Any CPU.ActiveCfg = Debug|Any CPU
		{C8C0E28B-7BA8-4C81-A1A1-1AA86171ABA5}.Debug|Any CPU.Build.0 = Debug|Any CPU
		{C8C0E28B-7BA8-4C81-A1A1-1AA86171ABA5}.Lite|Any CPU.ActiveCfg = Release|Any CPU
		{C8C0E28B-7BA8-4C81-A1A1-1AA86171ABA5}.Lite|Any CPU.Build.0 = Release|Any CPU
		{C8C0E28B-7BA8-4C81-A1A1-1AA86171ABA5}.Release|Any CPU.ActiveCfg = Release|Any CPU
		{C8C0E28B-7BA8-4C81-A1A1-1AA86171ABA5}.Release|Any CPU.Build.0 = Release|Any CPU
		{C8C0E28B-7BA8-4C81-A1A1-1AA86171ABA5}.test|Any CPU.ActiveCfg = Release|Any CPU
		{C8C0E28B-7BA8-4C81-A1A1-1AA86171ABA5}.test|Any CPU.Build.0 = Release|Any CPU
		{C8C0E28B-7BA8-4C81-A1A1-1AA86171ABA5}.Trial|Any CPU.ActiveCfg = Release|Any CPU
		{C8C0E28B-7BA8-4C81-A1A1-1AA86171ABA5}.Trial|Any CPU.Build.0 = Release|Any CPU
		{8F106C0D-4AD9-4139-B299-6D59AF3BADD2}.Debug|Any CPU.ActiveCfg = Debug|Any CPU
		{8F106C0D-4AD9-4139-B299-6D59AF3BADD2}.Debug|Any CPU.Build.0 = Debug|Any CPU
		{8F106C0D-4AD9-4139-B299-6D59AF3BADD2}.Lite|Any CPU.ActiveCfg = Release|Any CPU
		{8F106C0D-4AD9-4139-B299-6D59AF3BADD2}.Lite|Any CPU.Build.0 = Release|Any CPU
		{8F106C0D-4AD9-4139-B299-6D59AF3BADD2}.Release|Any CPU.ActiveCfg = Release|Any CPU
		{8F106C0D-4AD9-4139-B299-6D59AF3BADD2}.Release|Any CPU.Build.0 = Release|Any CPU
		{8F106C0D-4AD9-4139-B299-6D59AF3BADD2}.test|Any CPU.ActiveCfg = Release|Any CPU
		{8F106C0D-4AD9-4139-B299-6D59AF3BADD2}.test|Any CPU.Build.0 = Release|Any CPU
		{8F106C0D-4AD9-4139-B299-6D59AF3BADD2}.Trial|Any CPU.ActiveCfg = Release|Any CPU
		{8F106C0D-4AD9-4139-B299-6D59AF3BADD2}.Trial|Any CPU.Build.0 = Release|Any CPU
		{FD38A6D4-0F1A-4071-A781-041E66FA5D5A}.Debug|Any CPU.ActiveCfg = Debug|Any CPU
		{FD38A6D4-0F1A-4071-A781-041E66FA5D5A}.Debug|Any CPU.Build.0 = Debug|Any CPU
		{FD38A6D4-0F1A-4071-A781-041E66FA5D5A}.Lite|Any CPU.ActiveCfg = Release|Any CPU
		{FD38A6D4-0F1A-4071-A781-041E66FA5D5A}.Lite|Any CPU.Build.0 = Release|Any CPU
		{FD38A6D4-0F1A-4071-A781-041E66FA5D5A}.Release|Any CPU.ActiveCfg = Release|Any CPU
		{FD38A6D4-0F1A-4071-A781-041E66FA5D5A}.Release|Any CPU.Build.0 = Release|Any CPU
		{FD38A6D4-0F1A-4071-A781-041E66FA5D5A}.test|Any CPU.ActiveCfg = Release|Any CPU
		{FD38A6D4-0F1A-4071-A781-041E66FA5D5A}.test|Any CPU.Build.0 = Release|Any CPU
		{FD38A6D4-0F1A-4071-A781-041E66FA5D5A}.Trial|Any CPU.ActiveCfg = Release|Any CPU
		{FD38A6D4-0F1A-4071-A781-041E66FA5D5A}.Trial|Any CPU.Build.0 = Release|Any CPU
		{E7674FA0-9192-4321-8803-8FCC9EA0C210}.Debug|Any CPU.ActiveCfg = Debug|Any CPU
		{E7674FA0-9192-4321-8803-8FCC9EA0C210}.Debug|Any CPU.Build.0 = Debug|Any CPU
		{E7674FA0-9192-4321-8803-8FCC9EA0C210}.Lite|Any CPU.ActiveCfg = Release|Any CPU
		{E7674FA0-9192-4321-8803-8FCC9EA0C210}.Lite|Any CPU.Build.0 = Release|Any CPU
		{E7674FA0-9192-4321-8803-8FCC9EA0C210}.Release|Any CPU.ActiveCfg = Release|Any CPU
		{E7674FA0-9192-4321-8803-8FCC9EA0C210}.Release|Any CPU.Build.0 = Release|Any CPU
		{E7674FA0-9192-4321-8803-8FCC9EA0C210}.test|Any CPU.ActiveCfg = Release|Any CPU
		{E7674FA0-9192-4321-8803-8FCC9EA0C210}.test|Any CPU.Build.0 = Release|Any CPU
		{E7674FA0-9192-4321-8803-8FCC9EA0C210}.Trial|Any CPU.ActiveCfg = Release|Any CPU
		{E7674FA0-9192-4321-8803-8FCC9EA0C210}.Trial|Any CPU.Build.0 = Release|Any CPU
		{DB6CB5CD-0C7B-46DE-B3FB-A3BE07B0DF2E}.Debug|Any CPU.ActiveCfg = Debug|Any CPU
		{DB6CB5CD-0C7B-46DE-B3FB-A3BE07B0DF2E}.Debug|Any CPU.Build.0 = Debug|Any CPU
		{DB6CB5CD-0C7B-46DE-B3FB-A3BE07B0DF2E}.Lite|Any CPU.ActiveCfg = Release|Any CPU
		{DB6CB5CD-0C7B-46DE-B3FB-A3BE07B0DF2E}.Lite|Any CPU.Build.0 = Release|Any CPU
		{DB6CB5CD-0C7B-46DE-B3FB-A3BE07B0DF2E}.Release|Any CPU.ActiveCfg = Release|Any CPU
		{DB6CB5CD-0C7B-46DE-B3FB-A3BE07B0DF2E}.Release|Any CPU.Build.0 = Release|Any CPU
		{DB6CB5CD-0C7B-46DE-B3FB-A3BE07B0DF2E}.test|Any CPU.ActiveCfg = Release|Any CPU
		{DB6CB5CD-0C7B-46DE-B3FB-A3BE07B0DF2E}.test|Any CPU.Build.0 = Release|Any CPU
		{DB6CB5CD-0C7B-46DE-B3FB-A3BE07B0DF2E}.Trial|Any CPU.ActiveCfg = Release|Any CPU
		{DB6CB5CD-0C7B-46DE-B3FB-A3BE07B0DF2E}.Trial|Any CPU.Build.0 = Release|Any CPU
		{10CC4110-53B0-4492-A021-70F71D22C30B}.Debug|Any CPU.ActiveCfg = Debug|Any CPU
		{10CC4110-53B0-4492-A021-70F71D22C30B}.Debug|Any CPU.Build.0 = Debug|Any CPU
		{10CC4110-53B0-4492-A021-70F71D22C30B}.Lite|Any CPU.ActiveCfg = Release|Any CPU
		{10CC4110-53B0-4492-A021-70F71D22C30B}.Lite|Any CPU.Build.0 = Release|Any CPU
		{10CC4110-53B0-4492-A021-70F71D22C30B}.Release|Any CPU.ActiveCfg = Release|Any CPU
		{10CC4110-53B0-4492-A021-70F71D22C30B}.Release|Any CPU.Build.0 = Release|Any CPU
		{10CC4110-53B0-4492-A021-70F71D22C30B}.test|Any CPU.ActiveCfg = Release|Any CPU
		{10CC4110-53B0-4492-A021-70F71D22C30B}.test|Any CPU.Build.0 = Release|Any CPU
		{10CC4110-53B0-4492-A021-70F71D22C30B}.Trial|Any CPU.ActiveCfg = Release|Any CPU
		{10CC4110-53B0-4492-A021-70F71D22C30B}.Trial|Any CPU.Build.0 = Release|Any CPU
		{4B632F97-7EBD-4B86-AFC4-6B9DA074A1DF}.Debug|Any CPU.ActiveCfg = Debug|Any CPU
		{4B632F97-7EBD-4B86-AFC4-6B9DA074A1DF}.Debug|Any CPU.Build.0 = Debug|Any CPU
		{4B632F97-7EBD-4B86-AFC4-6B9DA074A1DF}.Lite|Any CPU.ActiveCfg = Release|Any CPU
		{4B632F97-7EBD-4B86-AFC4-6B9DA074A1DF}.Lite|Any CPU.Build.0 = Release|Any CPU
		{4B632F97-7EBD-4B86-AFC4-6B9DA074A1DF}.Release|Any CPU.ActiveCfg = Release|Any CPU
		{4B632F97-7EBD-4B86-AFC4-6B9DA074A1DF}.Release|Any CPU.Build.0 = Release|Any CPU
		{4B632F97-7EBD-4B86-AFC4-6B9DA074A1DF}.test|Any CPU.ActiveCfg = Release|Any CPU
		{4B632F97-7EBD-4B86-AFC4-6B9DA074A1DF}.test|Any CPU.Build.0 = Release|Any CPU
		{4B632F97-7EBD-4B86-AFC4-6B9DA074A1DF}.Trial|Any CPU.ActiveCfg = Release|Any CPU
		{4B632F97-7EBD-4B86-AFC4-6B9DA074A1DF}.Trial|Any CPU.Build.0 = Release|Any CPU
		{855AAC72-F76E-4EB0-BEFF-F6A9314E5BD0}.Debug|Any CPU.ActiveCfg = Debug|Any CPU
		{855AAC72-F76E-4EB0-BEFF-F6A9314E5BD0}.Debug|Any CPU.Build.0 = Debug|Any CPU
		{855AAC72-F76E-4EB0-BEFF-F6A9314E5BD0}.Lite|Any CPU.ActiveCfg = Release|Any CPU
		{855AAC72-F76E-4EB0-BEFF-F6A9314E5BD0}.Lite|Any CPU.Build.0 = Release|Any CPU
		{855AAC72-F76E-4EB0-BEFF-F6A9314E5BD0}.Release|Any CPU.ActiveCfg = Release|Any CPU
		{855AAC72-F76E-4EB0-BEFF-F6A9314E5BD0}.Release|Any CPU.Build.0 = Release|Any CPU
		{855AAC72-F76E-4EB0-BEFF-F6A9314E5BD0}.test|Any CPU.ActiveCfg = Release|Any CPU
		{855AAC72-F76E-4EB0-BEFF-F6A9314E5BD0}.test|Any CPU.Build.0 = Release|Any CPU
		{855AAC72-F76E-4EB0-BEFF-F6A9314E5BD0}.Trial|Any CPU.ActiveCfg = Release|Any CPU
		{855AAC72-F76E-4EB0-BEFF-F6A9314E5BD0}.Trial|Any CPU.Build.0 = Release|Any CPU
		{49739F49-3AE3-40ED-BAA1-C479F96A6ABA}.Debug|Any CPU.ActiveCfg = Debug|Any CPU
		{49739F49-3AE3-40ED-BAA1-C479F96A6ABA}.Debug|Any CPU.Build.0 = Debug|Any CPU
		{49739F49-3AE3-40ED-BAA1-C479F96A6ABA}.Lite|Any CPU.ActiveCfg = Release|Any CPU
		{49739F49-3AE3-40ED-BAA1-C479F96A6ABA}.Lite|Any CPU.Build.0 = Release|Any CPU
		{49739F49-3AE3-40ED-BAA1-C479F96A6ABA}.Release|Any CPU.ActiveCfg = Release|Any CPU
		{49739F49-3AE3-40ED-BAA1-C479F96A6ABA}.Release|Any CPU.Build.0 = Release|Any CPU
		{49739F49-3AE3-40ED-BAA1-C479F96A6ABA}.test|Any CPU.ActiveCfg = Release|Any CPU
		{49739F49-3AE3-40ED-BAA1-C479F96A6ABA}.test|Any CPU.Build.0 = Release|Any CPU
		{49739F49-3AE3-40ED-BAA1-C479F96A6ABA}.Trial|Any CPU.ActiveCfg = Release|Any CPU
		{49739F49-3AE3-40ED-BAA1-C479F96A6ABA}.Trial|Any CPU.Build.0 = Release|Any CPU
		{37704CCE-871B-4020-8CDE-3CF338EA90B7}.Debug|Any CPU.ActiveCfg = Debug|Any CPU
		{37704CCE-871B-4020-8CDE-3CF338EA90B7}.Debug|Any CPU.Build.0 = Debug|Any CPU
		{37704CCE-871B-4020-8CDE-3CF338EA90B7}.Lite|Any CPU.ActiveCfg = Release|Any CPU
		{37704CCE-871B-4020-8CDE-3CF338EA90B7}.Lite|Any CPU.Build.0 = Release|Any CPU
		{37704CCE-871B-4020-8CDE-3CF338EA90B7}.Release|Any CPU.ActiveCfg = Release|Any CPU
		{37704CCE-871B-4020-8CDE-3CF338EA90B7}.Release|Any CPU.Build.0 = Release|Any CPU
		{37704CCE-871B-4020-8CDE-3CF338EA90B7}.test|Any CPU.ActiveCfg = Release|Any CPU
		{37704CCE-871B-4020-8CDE-3CF338EA90B7}.test|Any CPU.Build.0 = Release|Any CPU
		{37704CCE-871B-4020-8CDE-3CF338EA90B7}.Trial|Any CPU.ActiveCfg = Release|Any CPU
		{37704CCE-871B-4020-8CDE-3CF338EA90B7}.Trial|Any CPU.Build.0 = Release|Any CPU
		{FE3C9814-61B1-4DE4-AD04-501D44F8B22D}.Debug|Any CPU.ActiveCfg = Debug|Any CPU
		{FE3C9814-61B1-4DE4-AD04-501D44F8B22D}.Debug|Any CPU.Build.0 = Debug|Any CPU
		{FE3C9814-61B1-4DE4-AD04-501D44F8B22D}.Lite|Any CPU.ActiveCfg = Release|Any CPU
		{FE3C9814-61B1-4DE4-AD04-501D44F8B22D}.Lite|Any CPU.Build.0 = Release|Any CPU
		{FE3C9814-61B1-4DE4-AD04-501D44F8B22D}.Release|Any CPU.ActiveCfg = Release|Any CPU
		{FE3C9814-61B1-4DE4-AD04-501D44F8B22D}.Release|Any CPU.Build.0 = Release|Any CPU
		{FE3C9814-61B1-4DE4-AD04-501D44F8B22D}.test|Any CPU.ActiveCfg = Release|Any CPU
		{FE3C9814-61B1-4DE4-AD04-501D44F8B22D}.test|Any CPU.Build.0 = Release|Any CPU
		{FE3C9814-61B1-4DE4-AD04-501D44F8B22D}.Trial|Any CPU.ActiveCfg = Release|Any CPU
		{FE3C9814-61B1-4DE4-AD04-501D44F8B22D}.Trial|Any CPU.Build.0 = Release|Any CPU
		{C083F5BD-5E3E-4363-853E-9E5DFFC14D2E}.Debug|Any CPU.ActiveCfg = Debug|Any CPU
		{C083F5BD-5E3E-4363-853E-9E5DFFC14D2E}.Debug|Any CPU.Build.0 = Debug|Any CPU
		{C083F5BD-5E3E-4363-853E-9E5DFFC14D2E}.Lite|Any CPU.ActiveCfg = Release|Any CPU
		{C083F5BD-5E3E-4363-853E-9E5DFFC14D2E}.Lite|Any CPU.Build.0 = Release|Any CPU
		{C083F5BD-5E3E-4363-853E-9E5DFFC14D2E}.Release|Any CPU.ActiveCfg = Release|Any CPU
		{C083F5BD-5E3E-4363-853E-9E5DFFC14D2E}.Release|Any CPU.Build.0 = Release|Any CPU
		{C083F5BD-5E3E-4363-853E-9E5DFFC14D2E}.test|Any CPU.ActiveCfg = Release|Any CPU
		{C083F5BD-5E3E-4363-853E-9E5DFFC14D2E}.test|Any CPU.Build.0 = Release|Any CPU
		{C083F5BD-5E3E-4363-853E-9E5DFFC14D2E}.Trial|Any CPU.ActiveCfg = Release|Any CPU
		{C083F5BD-5E3E-4363-853E-9E5DFFC14D2E}.Trial|Any CPU.Build.0 = Release|Any CPU
		{B7A4A86C-B107-4F62-A931-0B046BC881E4}.Debug|Any CPU.ActiveCfg = Debug|Any CPU
		{B7A4A86C-B107-4F62-A931-0B046BC881E4}.Debug|Any CPU.Build.0 = Debug|Any CPU
		{B7A4A86C-B107-4F62-A931-0B046BC881E4}.Lite|Any CPU.ActiveCfg = Release|Any CPU
		{B7A4A86C-B107-4F62-A931-0B046BC881E4}.Lite|Any CPU.Build.0 = Release|Any CPU
		{B7A4A86C-B107-4F62-A931-0B046BC881E4}.Release|Any CPU.ActiveCfg = Release|Any CPU
		{B7A4A86C-B107-4F62-A931-0B046BC881E4}.Release|Any CPU.Build.0 = Release|Any CPU
		{B7A4A86C-B107-4F62-A931-0B046BC881E4}.test|Any CPU.ActiveCfg = Release|Any CPU
		{B7A4A86C-B107-4F62-A931-0B046BC881E4}.test|Any CPU.Build.0 = Release|Any CPU
		{B7A4A86C-B107-4F62-A931-0B046BC881E4}.Trial|Any CPU.ActiveCfg = Release|Any CPU
		{B7A4A86C-B107-4F62-A931-0B046BC881E4}.Trial|Any CPU.Build.0 = Release|Any CPU
		{4FA4F041-345C-4D30-A098-4B97192B68EB}.Debug|Any CPU.ActiveCfg = Debug|Any CPU
		{4FA4F041-345C-4D30-A098-4B97192B68EB}.Debug|Any CPU.Build.0 = Debug|Any CPU
		{4FA4F041-345C-4D30-A098-4B97192B68EB}.Lite|Any CPU.ActiveCfg = Release|Any CPU
		{4FA4F041-345C-4D30-A098-4B97192B68EB}.Lite|Any CPU.Build.0 = Release|Any CPU
		{4FA4F041-345C-4D30-A098-4B97192B68EB}.Release|Any CPU.ActiveCfg = Release|Any CPU
		{4FA4F041-345C-4D30-A098-4B97192B68EB}.Release|Any CPU.Build.0 = Release|Any CPU
		{4FA4F041-345C-4D30-A098-4B97192B68EB}.test|Any CPU.ActiveCfg = Release|Any CPU
		{4FA4F041-345C-4D30-A098-4B97192B68EB}.test|Any CPU.Build.0 = Release|Any CPU
		{4FA4F041-345C-4D30-A098-4B97192B68EB}.Trial|Any CPU.ActiveCfg = Release|Any CPU
		{4FA4F041-345C-4D30-A098-4B97192B68EB}.Trial|Any CPU.Build.0 = Release|Any CPU
		{D2F91E2E-85BB-449F-9AB4-8F69A0F00907}.Debug|Any CPU.ActiveCfg = Debug|Any CPU
		{D2F91E2E-85BB-449F-9AB4-8F69A0F00907}.Debug|Any CPU.Build.0 = Debug|Any CPU
		{D2F91E2E-85BB-449F-9AB4-8F69A0F00907}.Lite|Any CPU.ActiveCfg = Release|Any CPU
		{D2F91E2E-85BB-449F-9AB4-8F69A0F00907}.Lite|Any CPU.Build.0 = Release|Any CPU
		{D2F91E2E-85BB-449F-9AB4-8F69A0F00907}.Release|Any CPU.ActiveCfg = Release|Any CPU
		{D2F91E2E-85BB-449F-9AB4-8F69A0F00907}.Release|Any CPU.Build.0 = Release|Any CPU
		{D2F91E2E-85BB-449F-9AB4-8F69A0F00907}.test|Any CPU.ActiveCfg = Release|Any CPU
		{D2F91E2E-85BB-449F-9AB4-8F69A0F00907}.test|Any CPU.Build.0 = Release|Any CPU
		{D2F91E2E-85BB-449F-9AB4-8F69A0F00907}.Trial|Any CPU.ActiveCfg = Release|Any CPU
		{D2F91E2E-85BB-449F-9AB4-8F69A0F00907}.Trial|Any CPU.Build.0 = Release|Any CPU
		{95EC54BC-C5F7-4A38-BFF7-855550B61392}.Debug|Any CPU.ActiveCfg = Debug|Any CPU
		{95EC54BC-C5F7-4A38-BFF7-855550B61392}.Debug|Any CPU.Build.0 = Debug|Any CPU
		{95EC54BC-C5F7-4A38-BFF7-855550B61392}.Lite|Any CPU.ActiveCfg = Release|Any CPU
		{95EC54BC-C5F7-4A38-BFF7-855550B61392}.Lite|Any CPU.Build.0 = Release|Any CPU
		{95EC54BC-C5F7-4A38-BFF7-855550B61392}.Release|Any CPU.ActiveCfg = Release|Any CPU
		{95EC54BC-C5F7-4A38-BFF7-855550B61392}.Release|Any CPU.Build.0 = Release|Any CPU
		{95EC54BC-C5F7-4A38-BFF7-855550B61392}.test|Any CPU.ActiveCfg = Release|Any CPU
		{95EC54BC-C5F7-4A38-BFF7-855550B61392}.test|Any CPU.Build.0 = Release|Any CPU
		{95EC54BC-C5F7-4A38-BFF7-855550B61392}.Trial|Any CPU.ActiveCfg = Release|Any CPU
		{95EC54BC-C5F7-4A38-BFF7-855550B61392}.Trial|Any CPU.Build.0 = Release|Any CPU
		{3CE7C33C-1A85-4426-A3D9-E3E70C8A4C16}.Debug|Any CPU.ActiveCfg = Debug|Any CPU
		{3CE7C33C-1A85-4426-A3D9-E3E70C8A4C16}.Debug|Any CPU.Build.0 = Debug|Any CPU
		{3CE7C33C-1A85-4426-A3D9-E3E70C8A4C16}.Lite|Any CPU.ActiveCfg = Release|Any CPU
		{3CE7C33C-1A85-4426-A3D9-E3E70C8A4C16}.Lite|Any CPU.Build.0 = Release|Any CPU
		{3CE7C33C-1A85-4426-A3D9-E3E70C8A4C16}.Release|Any CPU.ActiveCfg = Release|Any CPU
		{3CE7C33C-1A85-4426-A3D9-E3E70C8A4C16}.Release|Any CPU.Build.0 = Release|Any CPU
		{3CE7C33C-1A85-4426-A3D9-E3E70C8A4C16}.test|Any CPU.ActiveCfg = Release|Any CPU
		{3CE7C33C-1A85-4426-A3D9-E3E70C8A4C16}.test|Any CPU.Build.0 = Release|Any CPU
		{3CE7C33C-1A85-4426-A3D9-E3E70C8A4C16}.Trial|Any CPU.ActiveCfg = Release|Any CPU
		{3CE7C33C-1A85-4426-A3D9-E3E70C8A4C16}.Trial|Any CPU.Build.0 = Release|Any CPU
		{360A364C-575B-4E86-B279-56A09353521A}.Debug|Any CPU.ActiveCfg = Debug|Any CPU
		{360A364C-575B-4E86-B279-56A09353521A}.Debug|Any CPU.Build.0 = Debug|Any CPU
		{360A364C-575B-4E86-B279-56A09353521A}.Lite|Any CPU.ActiveCfg = Release|Any CPU
		{360A364C-575B-4E86-B279-56A09353521A}.Lite|Any CPU.Build.0 = Release|Any CPU
		{360A364C-575B-4E86-B279-56A09353521A}.Release|Any CPU.ActiveCfg = Release|Any CPU
		{360A364C-575B-4E86-B279-56A09353521A}.Release|Any CPU.Build.0 = Release|Any CPU
		{360A364C-575B-4E86-B279-56A09353521A}.test|Any CPU.ActiveCfg = Release|Any CPU
		{360A364C-575B-4E86-B279-56A09353521A}.test|Any CPU.Build.0 = Release|Any CPU
		{360A364C-575B-4E86-B279-56A09353521A}.Trial|Any CPU.ActiveCfg = Release|Any CPU
		{360A364C-575B-4E86-B279-56A09353521A}.Trial|Any CPU.Build.0 = Release|Any CPU
		{C357754B-9724-4EC3-9DB5-E18C6FE3E20C}.Debug|Any CPU.ActiveCfg = Debug|Any CPU
		{C357754B-9724-4EC3-9DB5-E18C6FE3E20C}.Debug|Any CPU.Build.0 = Debug|Any CPU
		{C357754B-9724-4EC3-9DB5-E18C6FE3E20C}.Lite|Any CPU.ActiveCfg = Release|Any CPU
		{C357754B-9724-4EC3-9DB5-E18C6FE3E20C}.Lite|Any CPU.Build.0 = Release|Any CPU
		{C357754B-9724-4EC3-9DB5-E18C6FE3E20C}.Release|Any CPU.ActiveCfg = Release|Any CPU
		{C357754B-9724-4EC3-9DB5-E18C6FE3E20C}.Release|Any CPU.Build.0 = Release|Any CPU
		{C357754B-9724-4EC3-9DB5-E18C6FE3E20C}.test|Any CPU.ActiveCfg = Release|Any CPU
		{C357754B-9724-4EC3-9DB5-E18C6FE3E20C}.test|Any CPU.Build.0 = Release|Any CPU
		{C357754B-9724-4EC3-9DB5-E18C6FE3E20C}.Trial|Any CPU.ActiveCfg = Release|Any CPU
		{C357754B-9724-4EC3-9DB5-E18C6FE3E20C}.Trial|Any CPU.Build.0 = Release|Any CPU
		{55220357-034C-40F6-A5B1-CFE4276F50EF}.Debug|Any CPU.ActiveCfg = Debug|Any CPU
		{55220357-034C-40F6-A5B1-CFE4276F50EF}.Debug|Any CPU.Build.0 = Debug|Any CPU
		{55220357-034C-40F6-A5B1-CFE4276F50EF}.Lite|Any CPU.ActiveCfg = Release|Any CPU
		{55220357-034C-40F6-A5B1-CFE4276F50EF}.Lite|Any CPU.Build.0 = Release|Any CPU
		{55220357-034C-40F6-A5B1-CFE4276F50EF}.Release|Any CPU.ActiveCfg = Release|Any CPU
		{55220357-034C-40F6-A5B1-CFE4276F50EF}.Release|Any CPU.Build.0 = Release|Any CPU
		{55220357-034C-40F6-A5B1-CFE4276F50EF}.test|Any CPU.ActiveCfg = Release|Any CPU
		{55220357-034C-40F6-A5B1-CFE4276F50EF}.test|Any CPU.Build.0 = Release|Any CPU
		{55220357-034C-40F6-A5B1-CFE4276F50EF}.Trial|Any CPU.ActiveCfg = Release|Any CPU
		{55220357-034C-40F6-A5B1-CFE4276F50EF}.Trial|Any CPU.Build.0 = Release|Any CPU
		{E0702330-B949-494A-811F-3D07A864B446}.Debug|Any CPU.ActiveCfg = Debug|Any CPU
		{E0702330-B949-494A-811F-3D07A864B446}.Debug|Any CPU.Build.0 = Debug|Any CPU
		{E0702330-B949-494A-811F-3D07A864B446}.Lite|Any CPU.ActiveCfg = Release|Any CPU
		{E0702330-B949-494A-811F-3D07A864B446}.Lite|Any CPU.Build.0 = Release|Any CPU
		{E0702330-B949-494A-811F-3D07A864B446}.Release|Any CPU.ActiveCfg = Release|Any CPU
		{E0702330-B949-494A-811F-3D07A864B446}.Release|Any CPU.Build.0 = Release|Any CPU
		{E0702330-B949-494A-811F-3D07A864B446}.test|Any CPU.ActiveCfg = Release|Any CPU
		{E0702330-B949-494A-811F-3D07A864B446}.test|Any CPU.Build.0 = Release|Any CPU
		{E0702330-B949-494A-811F-3D07A864B446}.Trial|Any CPU.ActiveCfg = Release|Any CPU
		{E0702330-B949-494A-811F-3D07A864B446}.Trial|Any CPU.Build.0 = Release|Any CPU
		{D33A5D71-932F-42C5-A9EE-E35336588736}.Debug|Any CPU.ActiveCfg = Debug|Any CPU
		{D33A5D71-932F-42C5-A9EE-E35336588736}.Debug|Any CPU.Build.0 = Debug|Any CPU
		{D33A5D71-932F-42C5-A9EE-E35336588736}.Lite|Any CPU.ActiveCfg = Release|Any CPU
		{D33A5D71-932F-42C5-A9EE-E35336588736}.Lite|Any CPU.Build.0 = Release|Any CPU
		{D33A5D71-932F-42C5-A9EE-E35336588736}.Release|Any CPU.ActiveCfg = Release|Any CPU
		{D33A5D71-932F-42C5-A9EE-E35336588736}.Release|Any CPU.Build.0 = Release|Any CPU
		{D33A5D71-932F-42C5-A9EE-E35336588736}.test|Any CPU.ActiveCfg = Release|Any CPU
		{D33A5D71-932F-42C5-A9EE-E35336588736}.test|Any CPU.Build.0 = Release|Any CPU
		{D33A5D71-932F-42C5-A9EE-E35336588736}.Trial|Any CPU.ActiveCfg = Release|Any CPU
		{D33A5D71-932F-42C5-A9EE-E35336588736}.Trial|Any CPU.Build.0 = Release|Any CPU
		{1CCE7298-BA0E-468D-B17D-AA6C414C1903}.Debug|Any CPU.ActiveCfg = Debug|Any CPU
		{1CCE7298-BA0E-468D-B17D-AA6C414C1903}.Debug|Any CPU.Build.0 = Debug|Any CPU
		{1CCE7298-BA0E-468D-B17D-AA6C414C1903}.Lite|Any CPU.ActiveCfg = Release|Any CPU
		{1CCE7298-BA0E-468D-B17D-AA6C414C1903}.Lite|Any CPU.Build.0 = Release|Any CPU
		{1CCE7298-BA0E-468D-B17D-AA6C414C1903}.Release|Any CPU.ActiveCfg = Release|Any CPU
		{1CCE7298-BA0E-468D-B17D-AA6C414C1903}.Release|Any CPU.Build.0 = Release|Any CPU
		{1CCE7298-BA0E-468D-B17D-AA6C414C1903}.test|Any CPU.ActiveCfg = Release|Any CPU
		{1CCE7298-BA0E-468D-B17D-AA6C414C1903}.test|Any CPU.Build.0 = Release|Any CPU
		{1CCE7298-BA0E-468D-B17D-AA6C414C1903}.Trial|Any CPU.ActiveCfg = Release|Any CPU
		{1CCE7298-BA0E-468D-B17D-AA6C414C1903}.Trial|Any CPU.Build.0 = Release|Any CPU
		{D28E5945-0854-4FEC-8FDD-A5F244431AD3}.Debug|Any CPU.ActiveCfg = Debug|Any CPU
		{D28E5945-0854-4FEC-8FDD-A5F244431AD3}.Debug|Any CPU.Build.0 = Debug|Any CPU
		{D28E5945-0854-4FEC-8FDD-A5F244431AD3}.Lite|Any CPU.ActiveCfg = Release|Any CPU
		{D28E5945-0854-4FEC-8FDD-A5F244431AD3}.Lite|Any CPU.Build.0 = Release|Any CPU
		{D28E5945-0854-4FEC-8FDD-A5F244431AD3}.Release|Any CPU.ActiveCfg = Release|Any CPU
		{D28E5945-0854-4FEC-8FDD-A5F244431AD3}.Release|Any CPU.Build.0 = Release|Any CPU
		{D28E5945-0854-4FEC-8FDD-A5F244431AD3}.test|Any CPU.ActiveCfg = Release|Any CPU
		{D28E5945-0854-4FEC-8FDD-A5F244431AD3}.test|Any CPU.Build.0 = Release|Any CPU
		{D28E5945-0854-4FEC-8FDD-A5F244431AD3}.Trial|Any CPU.ActiveCfg = Release|Any CPU
		{D28E5945-0854-4FEC-8FDD-A5F244431AD3}.Trial|Any CPU.Build.0 = Release|Any CPU
		{F227BBAC-E6D2-4E06-A2D7-B4B1DDB60EE9}.Debug|Any CPU.ActiveCfg = Debug|Any CPU
		{F227BBAC-E6D2-4E06-A2D7-B4B1DDB60EE9}.Debug|Any CPU.Build.0 = Debug|Any CPU
		{F227BBAC-E6D2-4E06-A2D7-B4B1DDB60EE9}.Lite|Any CPU.ActiveCfg = Release|Any CPU
		{F227BBAC-E6D2-4E06-A2D7-B4B1DDB60EE9}.Lite|Any CPU.Build.0 = Release|Any CPU
		{F227BBAC-E6D2-4E06-A2D7-B4B1DDB60EE9}.Release|Any CPU.ActiveCfg = Release|Any CPU
		{F227BBAC-E6D2-4E06-A2D7-B4B1DDB60EE9}.Release|Any CPU.Build.0 = Release|Any CPU
		{F227BBAC-E6D2-4E06-A2D7-B4B1DDB60EE9}.test|Any CPU.ActiveCfg = Release|Any CPU
		{F227BBAC-E6D2-4E06-A2D7-B4B1DDB60EE9}.test|Any CPU.Build.0 = Release|Any CPU
		{F227BBAC-E6D2-4E06-A2D7-B4B1DDB60EE9}.Trial|Any CPU.ActiveCfg = Release|Any CPU
		{F227BBAC-E6D2-4E06-A2D7-B4B1DDB60EE9}.Trial|Any CPU.Build.0 = Release|Any CPU
		{7D4B5729-7E05-4669-838D-32D0AF780F49}.Debug|Any CPU.ActiveCfg = Debug|Any CPU
		{7D4B5729-7E05-4669-838D-32D0AF780F49}.Debug|Any CPU.Build.0 = Debug|Any CPU
		{7D4B5729-7E05-4669-838D-32D0AF780F49}.Lite|Any CPU.ActiveCfg = Release|Any CPU
		{7D4B5729-7E05-4669-838D-32D0AF780F49}.Lite|Any CPU.Build.0 = Release|Any CPU
		{7D4B5729-7E05-4669-838D-32D0AF780F49}.Release|Any CPU.ActiveCfg = Release|Any CPU
		{7D4B5729-7E05-4669-838D-32D0AF780F49}.Release|Any CPU.Build.0 = Release|Any CPU
		{7D4B5729-7E05-4669-838D-32D0AF780F49}.test|Any CPU.ActiveCfg = Release|Any CPU
		{7D4B5729-7E05-4669-838D-32D0AF780F49}.test|Any CPU.Build.0 = Release|Any CPU
		{7D4B5729-7E05-4669-838D-32D0AF780F49}.Trial|Any CPU.ActiveCfg = Release|Any CPU
		{7D4B5729-7E05-4669-838D-32D0AF780F49}.Trial|Any CPU.Build.0 = Release|Any CPU
		{DE7423BA-F0E8-4176-A695-613AC11842EE}.Debug|Any CPU.ActiveCfg = Debug|Any CPU
		{DE7423BA-F0E8-4176-A695-613AC11842EE}.Debug|Any CPU.Build.0 = Debug|Any CPU
		{DE7423BA-F0E8-4176-A695-613AC11842EE}.Lite|Any CPU.ActiveCfg = Release|Any CPU
		{DE7423BA-F0E8-4176-A695-613AC11842EE}.Lite|Any CPU.Build.0 = Release|Any CPU
		{DE7423BA-F0E8-4176-A695-613AC11842EE}.Release|Any CPU.ActiveCfg = Release|Any CPU
		{DE7423BA-F0E8-4176-A695-613AC11842EE}.Release|Any CPU.Build.0 = Release|Any CPU
		{DE7423BA-F0E8-4176-A695-613AC11842EE}.test|Any CPU.ActiveCfg = Release|Any CPU
		{DE7423BA-F0E8-4176-A695-613AC11842EE}.test|Any CPU.Build.0 = Release|Any CPU
		{DE7423BA-F0E8-4176-A695-613AC11842EE}.Trial|Any CPU.ActiveCfg = Release|Any CPU
		{DE7423BA-F0E8-4176-A695-613AC11842EE}.Trial|Any CPU.Build.0 = Release|Any CPU
		{BD94C9CA-090C-457C-8672-404E1499D461}.Debug|Any CPU.ActiveCfg = Debug|Any CPU
		{BD94C9CA-090C-457C-8672-404E1499D461}.Debug|Any CPU.Build.0 = Debug|Any CPU
		{BD94C9CA-090C-457C-8672-404E1499D461}.Lite|Any CPU.ActiveCfg = Release|Any CPU
		{BD94C9CA-090C-457C-8672-404E1499D461}.Lite|Any CPU.Build.0 = Release|Any CPU
		{BD94C9CA-090C-457C-8672-404E1499D461}.Release|Any CPU.ActiveCfg = Release|Any CPU
		{BD94C9CA-090C-457C-8672-404E1499D461}.Release|Any CPU.Build.0 = Release|Any CPU
		{BD94C9CA-090C-457C-8672-404E1499D461}.test|Any CPU.ActiveCfg = Release|Any CPU
		{BD94C9CA-090C-457C-8672-404E1499D461}.test|Any CPU.Build.0 = Release|Any CPU
		{BD94C9CA-090C-457C-8672-404E1499D461}.Trial|Any CPU.ActiveCfg = Release|Any CPU
		{BD94C9CA-090C-457C-8672-404E1499D461}.Trial|Any CPU.Build.0 = Release|Any CPU
		{E1E723E2-86B9-47CD-874B-A65DD2A9D1C7}.Debug|Any CPU.ActiveCfg = Debug|Any CPU
		{E1E723E2-86B9-47CD-874B-A65DD2A9D1C7}.Debug|Any CPU.Build.0 = Debug|Any CPU
		{E1E723E2-86B9-47CD-874B-A65DD2A9D1C7}.Lite|Any CPU.ActiveCfg = Release|Any CPU
		{E1E723E2-86B9-47CD-874B-A65DD2A9D1C7}.Lite|Any CPU.Build.0 = Release|Any CPU
		{E1E723E2-86B9-47CD-874B-A65DD2A9D1C7}.Release|Any CPU.ActiveCfg = Release|Any CPU
		{E1E723E2-86B9-47CD-874B-A65DD2A9D1C7}.Release|Any CPU.Build.0 = Release|Any CPU
		{E1E723E2-86B9-47CD-874B-A65DD2A9D1C7}.test|Any CPU.ActiveCfg = Release|Any CPU
		{E1E723E2-86B9-47CD-874B-A65DD2A9D1C7}.test|Any CPU.Build.0 = Release|Any CPU
		{E1E723E2-86B9-47CD-874B-A65DD2A9D1C7}.Trial|Any CPU.ActiveCfg = Release|Any CPU
		{E1E723E2-86B9-47CD-874B-A65DD2A9D1C7}.Trial|Any CPU.Build.0 = Release|Any CPU
		{F4F21F33-9040-40C9-B164-2E93BA960014}.Debug|Any CPU.ActiveCfg = Debug|Any CPU
		{F4F21F33-9040-40C9-B164-2E93BA960014}.Debug|Any CPU.Build.0 = Debug|Any CPU
		{F4F21F33-9040-40C9-B164-2E93BA960014}.Lite|Any CPU.ActiveCfg = Release|Any CPU
		{F4F21F33-9040-40C9-B164-2E93BA960014}.Lite|Any CPU.Build.0 = Release|Any CPU
		{F4F21F33-9040-40C9-B164-2E93BA960014}.Release|Any CPU.ActiveCfg = Release|Any CPU
		{F4F21F33-9040-40C9-B164-2E93BA960014}.Release|Any CPU.Build.0 = Release|Any CPU
		{F4F21F33-9040-40C9-B164-2E93BA960014}.test|Any CPU.ActiveCfg = Release|Any CPU
		{F4F21F33-9040-40C9-B164-2E93BA960014}.test|Any CPU.Build.0 = Release|Any CPU
		{F4F21F33-9040-40C9-B164-2E93BA960014}.Trial|Any CPU.ActiveCfg = Release|Any CPU
		{F4F21F33-9040-40C9-B164-2E93BA960014}.Trial|Any CPU.Build.0 = Release|Any CPU
		{B4D99CA0-CB71-4305-B79B-0B3897094369}.Debug|Any CPU.ActiveCfg = Debug|Any CPU
		{B4D99CA0-CB71-4305-B79B-0B3897094369}.Debug|Any CPU.Build.0 = Debug|Any CPU
		{B4D99CA0-CB71-4305-B79B-0B3897094369}.Lite|Any CPU.ActiveCfg = Release|Any CPU
		{B4D99CA0-CB71-4305-B79B-0B3897094369}.Lite|Any CPU.Build.0 = Release|Any CPU
		{B4D99CA0-CB71-4305-B79B-0B3897094369}.Release|Any CPU.ActiveCfg = Release|Any CPU
		{B4D99CA0-CB71-4305-B79B-0B3897094369}.Release|Any CPU.Build.0 = Release|Any CPU
		{B4D99CA0-CB71-4305-B79B-0B3897094369}.test|Any CPU.ActiveCfg = Release|Any CPU
		{B4D99CA0-CB71-4305-B79B-0B3897094369}.test|Any CPU.Build.0 = Release|Any CPU
		{B4D99CA0-CB71-4305-B79B-0B3897094369}.Trial|Any CPU.ActiveCfg = Release|Any CPU
		{B4D99CA0-CB71-4305-B79B-0B3897094369}.Trial|Any CPU.Build.0 = Release|Any CPU
		{63B3E334-863E-4214-B157-1F537BCE21C7}.Debug|Any CPU.ActiveCfg = Debug|Any CPU
		{63B3E334-863E-4214-B157-1F537BCE21C7}.Debug|Any CPU.Build.0 = Debug|Any CPU
		{63B3E334-863E-4214-B157-1F537BCE21C7}.Lite|Any CPU.ActiveCfg = Release|Any CPU
		{63B3E334-863E-4214-B157-1F537BCE21C7}.Lite|Any CPU.Build.0 = Release|Any CPU
		{63B3E334-863E-4214-B157-1F537BCE21C7}.Release|Any CPU.ActiveCfg = Release|Any CPU
		{63B3E334-863E-4214-B157-1F537BCE21C7}.Release|Any CPU.Build.0 = Release|Any CPU
		{63B3E334-863E-4214-B157-1F537BCE21C7}.test|Any CPU.ActiveCfg = Release|Any CPU
		{63B3E334-863E-4214-B157-1F537BCE21C7}.test|Any CPU.Build.0 = Release|Any CPU
		{63B3E334-863E-4214-B157-1F537BCE21C7}.Trial|Any CPU.ActiveCfg = Release|Any CPU
		{63B3E334-863E-4214-B157-1F537BCE21C7}.Trial|Any CPU.Build.0 = Release|Any CPU
		{1471CE13-DAAB-43FA-97A4-DA281A958CD3}.Debug|Any CPU.ActiveCfg = Debug|Any CPU
		{1471CE13-DAAB-43FA-97A4-DA281A958CD3}.Debug|Any CPU.Build.0 = Debug|Any CPU
		{1471CE13-DAAB-43FA-97A4-DA281A958CD3}.Lite|Any CPU.ActiveCfg = Release|Any CPU
		{1471CE13-DAAB-43FA-97A4-DA281A958CD3}.Lite|Any CPU.Build.0 = Release|Any CPU
		{1471CE13-DAAB-43FA-97A4-DA281A958CD3}.Release|Any CPU.ActiveCfg = Release|Any CPU
		{1471CE13-DAAB-43FA-97A4-DA281A958CD3}.Release|Any CPU.Build.0 = Release|Any CPU
		{1471CE13-DAAB-43FA-97A4-DA281A958CD3}.test|Any CPU.ActiveCfg = Release|Any CPU
		{1471CE13-DAAB-43FA-97A4-DA281A958CD3}.test|Any CPU.Build.0 = Release|Any CPU
		{1471CE13-DAAB-43FA-97A4-DA281A958CD3}.Trial|Any CPU.ActiveCfg = Release|Any CPU
		{1471CE13-DAAB-43FA-97A4-DA281A958CD3}.Trial|Any CPU.Build.0 = Release|Any CPU
		{3E31CF5E-134F-4BDD-B98D-A41362F85F86}.Debug|Any CPU.ActiveCfg = Debug|Any CPU
		{3E31CF5E-134F-4BDD-B98D-A41362F85F86}.Debug|Any CPU.Build.0 = Debug|Any CPU
		{3E31CF5E-134F-4BDD-B98D-A41362F85F86}.Lite|Any CPU.ActiveCfg = Release|Any CPU
		{3E31CF5E-134F-4BDD-B98D-A41362F85F86}.Lite|Any CPU.Build.0 = Release|Any CPU
		{3E31CF5E-134F-4BDD-B98D-A41362F85F86}.Release|Any CPU.ActiveCfg = Release|Any CPU
		{3E31CF5E-134F-4BDD-B98D-A41362F85F86}.Release|Any CPU.Build.0 = Release|Any CPU
		{3E31CF5E-134F-4BDD-B98D-A41362F85F86}.test|Any CPU.ActiveCfg = Release|Any CPU
		{3E31CF5E-134F-4BDD-B98D-A41362F85F86}.test|Any CPU.Build.0 = Release|Any CPU
		{3E31CF5E-134F-4BDD-B98D-A41362F85F86}.Trial|Any CPU.ActiveCfg = Release|Any CPU
		{3E31CF5E-134F-4BDD-B98D-A41362F85F86}.Trial|Any CPU.Build.0 = Release|Any CPU
		{6467A53E-2E4A-4C89-BF7B-E7E8120E9EC4}.Debug|Any CPU.ActiveCfg = Debug|Any CPU
		{6467A53E-2E4A-4C89-BF7B-E7E8120E9EC4}.Debug|Any CPU.Build.0 = Debug|Any CPU
		{6467A53E-2E4A-4C89-BF7B-E7E8120E9EC4}.Lite|Any CPU.ActiveCfg = Release|Any CPU
		{6467A53E-2E4A-4C89-BF7B-E7E8120E9EC4}.Lite|Any CPU.Build.0 = Release|Any CPU
		{6467A53E-2E4A-4C89-BF7B-E7E8120E9EC4}.Release|Any CPU.ActiveCfg = Release|Any CPU
		{6467A53E-2E4A-4C89-BF7B-E7E8120E9EC4}.Release|Any CPU.Build.0 = Release|Any CPU
		{6467A53E-2E4A-4C89-BF7B-E7E8120E9EC4}.test|Any CPU.ActiveCfg = Release|Any CPU
		{6467A53E-2E4A-4C89-BF7B-E7E8120E9EC4}.test|Any CPU.Build.0 = Release|Any CPU
		{6467A53E-2E4A-4C89-BF7B-E7E8120E9EC4}.Trial|Any CPU.ActiveCfg = Release|Any CPU
		{6467A53E-2E4A-4C89-BF7B-E7E8120E9EC4}.Trial|Any CPU.Build.0 = Release|Any CPU
		{71C80455-99AA-468F-B82D-E402B763EE35}.Debug|Any CPU.ActiveCfg = Debug|Any CPU
		{71C80455-99AA-468F-B82D-E402B763EE35}.Debug|Any CPU.Build.0 = Debug|Any CPU
		{71C80455-99AA-468F-B82D-E402B763EE35}.Lite|Any CPU.ActiveCfg = Release|Any CPU
		{71C80455-99AA-468F-B82D-E402B763EE35}.Lite|Any CPU.Build.0 = Release|Any CPU
		{71C80455-99AA-468F-B82D-E402B763EE35}.Release|Any CPU.ActiveCfg = Release|Any CPU
		{71C80455-99AA-468F-B82D-E402B763EE35}.Release|Any CPU.Build.0 = Release|Any CPU
		{71C80455-99AA-468F-B82D-E402B763EE35}.test|Any CPU.ActiveCfg = Release|Any CPU
		{71C80455-99AA-468F-B82D-E402B763EE35}.test|Any CPU.Build.0 = Release|Any CPU
		{71C80455-99AA-468F-B82D-E402B763EE35}.Trial|Any CPU.ActiveCfg = Release|Any CPU
		{71C80455-99AA-468F-B82D-E402B763EE35}.Trial|Any CPU.Build.0 = Release|Any CPU
		{5C8E49DF-9CA1-4BB0-AE0F-F6D73896C8EF}.Debug|Any CPU.ActiveCfg = Debug|Any CPU
		{5C8E49DF-9CA1-4BB0-AE0F-F6D73896C8EF}.Debug|Any CPU.Build.0 = Debug|Any CPU
		{5C8E49DF-9CA1-4BB0-AE0F-F6D73896C8EF}.Lite|Any CPU.ActiveCfg = Release|Any CPU
		{5C8E49DF-9CA1-4BB0-AE0F-F6D73896C8EF}.Lite|Any CPU.Build.0 = Release|Any CPU
		{5C8E49DF-9CA1-4BB0-AE0F-F6D73896C8EF}.Release|Any CPU.ActiveCfg = Release|Any CPU
		{5C8E49DF-9CA1-4BB0-AE0F-F6D73896C8EF}.Release|Any CPU.Build.0 = Release|Any CPU
		{5C8E49DF-9CA1-4BB0-AE0F-F6D73896C8EF}.test|Any CPU.ActiveCfg = Release|Any CPU
		{5C8E49DF-9CA1-4BB0-AE0F-F6D73896C8EF}.test|Any CPU.Build.0 = Release|Any CPU
		{5C8E49DF-9CA1-4BB0-AE0F-F6D73896C8EF}.Trial|Any CPU.ActiveCfg = Release|Any CPU
		{5C8E49DF-9CA1-4BB0-AE0F-F6D73896C8EF}.Trial|Any CPU.Build.0 = Release|Any CPU
		{67C36235-A031-4E52-A589-1F493086DAB5}.Debug|Any CPU.ActiveCfg = Debug|Any CPU
		{67C36235-A031-4E52-A589-1F493086DAB5}.Debug|Any CPU.Build.0 = Debug|Any CPU
		{67C36235-A031-4E52-A589-1F493086DAB5}.Lite|Any CPU.ActiveCfg = Release|Any CPU
		{67C36235-A031-4E52-A589-1F493086DAB5}.Lite|Any CPU.Build.0 = Release|Any CPU
		{67C36235-A031-4E52-A589-1F493086DAB5}.Release|Any CPU.ActiveCfg = Release|Any CPU
		{67C36235-A031-4E52-A589-1F493086DAB5}.Release|Any CPU.Build.0 = Release|Any CPU
		{67C36235-A031-4E52-A589-1F493086DAB5}.test|Any CPU.ActiveCfg = Release|Any CPU
		{67C36235-A031-4E52-A589-1F493086DAB5}.test|Any CPU.Build.0 = Release|Any CPU
		{67C36235-A031-4E52-A589-1F493086DAB5}.Trial|Any CPU.ActiveCfg = Release|Any CPU
		{67C36235-A031-4E52-A589-1F493086DAB5}.Trial|Any CPU.Build.0 = Release|Any CPU
		{20E7295E-4EDA-4A56-9851-0847BF864EDD}.Debug|Any CPU.ActiveCfg = Debug|Any CPU
		{20E7295E-4EDA-4A56-9851-0847BF864EDD}.Debug|Any CPU.Build.0 = Debug|Any CPU
		{20E7295E-4EDA-4A56-9851-0847BF864EDD}.Lite|Any CPU.ActiveCfg = Release|Any CPU
		{20E7295E-4EDA-4A56-9851-0847BF864EDD}.Lite|Any CPU.Build.0 = Release|Any CPU
		{20E7295E-4EDA-4A56-9851-0847BF864EDD}.Release|Any CPU.ActiveCfg = Release|Any CPU
		{20E7295E-4EDA-4A56-9851-0847BF864EDD}.Release|Any CPU.Build.0 = Release|Any CPU
		{20E7295E-4EDA-4A56-9851-0847BF864EDD}.test|Any CPU.ActiveCfg = Release|Any CPU
		{20E7295E-4EDA-4A56-9851-0847BF864EDD}.test|Any CPU.Build.0 = Release|Any CPU
		{20E7295E-4EDA-4A56-9851-0847BF864EDD}.Trial|Any CPU.ActiveCfg = Release|Any CPU
		{20E7295E-4EDA-4A56-9851-0847BF864EDD}.Trial|Any CPU.Build.0 = Release|Any CPU
		{B9E445F0-58F8-414D-BDF5-41DC00041FD1}.Debug|Any CPU.ActiveCfg = Debug|Any CPU
		{B9E445F0-58F8-414D-BDF5-41DC00041FD1}.Debug|Any CPU.Build.0 = Debug|Any CPU
		{B9E445F0-58F8-414D-BDF5-41DC00041FD1}.Lite|Any CPU.ActiveCfg = Release|Any CPU
		{B9E445F0-58F8-414D-BDF5-41DC00041FD1}.Lite|Any CPU.Build.0 = Release|Any CPU
		{B9E445F0-58F8-414D-BDF5-41DC00041FD1}.Release|Any CPU.ActiveCfg = Release|Any CPU
		{B9E445F0-58F8-414D-BDF5-41DC00041FD1}.Release|Any CPU.Build.0 = Release|Any CPU
		{B9E445F0-58F8-414D-BDF5-41DC00041FD1}.test|Any CPU.ActiveCfg = Release|Any CPU
		{B9E445F0-58F8-414D-BDF5-41DC00041FD1}.test|Any CPU.Build.0 = Release|Any CPU
		{B9E445F0-58F8-414D-BDF5-41DC00041FD1}.Trial|Any CPU.ActiveCfg = Release|Any CPU
		{B9E445F0-58F8-414D-BDF5-41DC00041FD1}.Trial|Any CPU.Build.0 = Release|Any CPU
		{97071C65-DFB2-42B6-9F01-1CE11F71A675}.Debug|Any CPU.ActiveCfg = Debug|Any CPU
		{97071C65-DFB2-42B6-9F01-1CE11F71A675}.Debug|Any CPU.Build.0 = Debug|Any CPU
		{97071C65-DFB2-42B6-9F01-1CE11F71A675}.Lite|Any CPU.ActiveCfg = Release|Any CPU
		{97071C65-DFB2-42B6-9F01-1CE11F71A675}.Lite|Any CPU.Build.0 = Release|Any CPU
		{97071C65-DFB2-42B6-9F01-1CE11F71A675}.Release|Any CPU.ActiveCfg = Release|Any CPU
		{97071C65-DFB2-42B6-9F01-1CE11F71A675}.Release|Any CPU.Build.0 = Release|Any CPU
		{97071C65-DFB2-42B6-9F01-1CE11F71A675}.test|Any CPU.ActiveCfg = Release|Any CPU
		{97071C65-DFB2-42B6-9F01-1CE11F71A675}.test|Any CPU.Build.0 = Release|Any CPU
		{97071C65-DFB2-42B6-9F01-1CE11F71A675}.Trial|Any CPU.ActiveCfg = Release|Any CPU
		{97071C65-DFB2-42B6-9F01-1CE11F71A675}.Trial|Any CPU.Build.0 = Release|Any CPU
	EndGlobalSection
	GlobalSection(SolutionProperties) = preSolution
		HideSolutionNode = FALSE
	EndGlobalSection
	GlobalSection(NestedProjects) = preSolution
		{C8C0E28B-7BA8-4C81-A1A1-1AA86171ABA5} = {C9632B8F-1BD8-4563-894D-CE8A373C191D}
		{8F106C0D-4AD9-4139-B299-6D59AF3BADD2} = {C9632B8F-1BD8-4563-894D-CE8A373C191D}
		{37704CCE-871B-4020-8CDE-3CF338EA90B7} = {C9632B8F-1BD8-4563-894D-CE8A373C191D}
		{C083F5BD-5E3E-4363-853E-9E5DFFC14D2E} = {C9632B8F-1BD8-4563-894D-CE8A373C191D}
		{B7A4A86C-B107-4F62-A931-0B046BC881E4} = {C9632B8F-1BD8-4563-894D-CE8A373C191D}
		{4FA4F041-345C-4D30-A098-4B97192B68EB} = {C9632B8F-1BD8-4563-894D-CE8A373C191D}
		{D2F91E2E-85BB-449F-9AB4-8F69A0F00907} = {C9632B8F-1BD8-4563-894D-CE8A373C191D}
		{95EC54BC-C5F7-4A38-BFF7-855550B61392} = {959E4FE3-739E-45BF-AF9F-33667E57D02B}
		{3CE7C33C-1A85-4426-A3D9-E3E70C8A4C16} = {959E4FE3-739E-45BF-AF9F-33667E57D02B}
		{360A364C-575B-4E86-B279-56A09353521A} = {959E4FE3-739E-45BF-AF9F-33667E57D02B}
		{C357754B-9724-4EC3-9DB5-E18C6FE3E20C} = {959E4FE3-739E-45BF-AF9F-33667E57D02B}
		{55220357-034C-40F6-A5B1-CFE4276F50EF} = {959E4FE3-739E-45BF-AF9F-33667E57D02B}
		{E0702330-B949-494A-811F-3D07A864B446} = {959E4FE3-739E-45BF-AF9F-33667E57D02B}
		{D33A5D71-932F-42C5-A9EE-E35336588736} = {959E4FE3-739E-45BF-AF9F-33667E57D02B}
		{1CCE7298-BA0E-468D-B17D-AA6C414C1903} = {959E4FE3-739E-45BF-AF9F-33667E57D02B}
		{D28E5945-0854-4FEC-8FDD-A5F244431AD3} = {959E4FE3-739E-45BF-AF9F-33667E57D02B}
		{F227BBAC-E6D2-4E06-A2D7-B4B1DDB60EE9} = {959E4FE3-739E-45BF-AF9F-33667E57D02B}
		{7D4B5729-7E05-4669-838D-32D0AF780F49} = {959E4FE3-739E-45BF-AF9F-33667E57D02B}
		{DE7423BA-F0E8-4176-A695-613AC11842EE} = {959E4FE3-739E-45BF-AF9F-33667E57D02B}
		{BD94C9CA-090C-457C-8672-404E1499D461} = {C3D4C94F-8AD1-484C-9406-9E2CEE64CF01}
		{E1E723E2-86B9-47CD-874B-A65DD2A9D1C7} = {C3D4C94F-8AD1-484C-9406-9E2CEE64CF01}
		{F4F21F33-9040-40C9-B164-2E93BA960014} = {7A8FC005-457B-49C1-98FB-858A2972D180}
		{B4D99CA0-CB71-4305-B79B-0B3897094369} = {7A8FC005-457B-49C1-98FB-858A2972D180}
		{63B3E334-863E-4214-B157-1F537BCE21C7} = {7A8FC005-457B-49C1-98FB-858A2972D180}
		{1471CE13-DAAB-43FA-97A4-DA281A958CD3} = {7A8FC005-457B-49C1-98FB-858A2972D180}
		{3E31CF5E-134F-4BDD-B98D-A41362F85F86} = {7A8FC005-457B-49C1-98FB-858A2972D180}
		{6467A53E-2E4A-4C89-BF7B-E7E8120E9EC4} = {7A8FC005-457B-49C1-98FB-858A2972D180}
		{71C80455-99AA-468F-B82D-E402B763EE35} = {7A8FC005-457B-49C1-98FB-858A2972D180}
		{5C8E49DF-9CA1-4BB0-AE0F-F6D73896C8EF} = {7A8FC005-457B-49C1-98FB-858A2972D180}
		{67C36235-A031-4E52-A589-1F493086DAB5} = {7A8FC005-457B-49C1-98FB-858A2972D180}
		{20E7295E-4EDA-4A56-9851-0847BF864EDD} = {7A8FC005-457B-49C1-98FB-858A2972D180}
		{B9E445F0-58F8-414D-BDF5-41DC00041FD1} = {7A8FC005-457B-49C1-98FB-858A2972D180}
	EndGlobalSection
	GlobalSection(ExtensibilityGlobals) = postSolution
		SolutionGuid = {EB447360-6410-4AB0-8984-1454D5AAEA49}
	EndGlobalSection
EndGlobal
