
Microsoft Visual Studio Solution File, Format Version 12.00
# Visual Studio 15
VisualStudioVersion = 15.0.27130.2036
MinimumVisualStudioVersion = 10.0.40219.1
Project("{2150E333-8FDC-42A3-9474-1A3956D46DE8}") = "2. Edifact and Eancom", "2. Edifact and Eancom", "{78842466-1FBD-415D-9A31-B3A1A3963585}"
EndProject
Project("{2150E333-8FDC-42A3-9474-1A3956D46DE8}") = "EDI Files", "EDI Files", "{608868B5-FD2E-4B4E-B8BA-D5E872D0D7C9}"
EndProject
Project("{FAE04EC0-301F-11D3-BF4B-00C04F79EFBC}") = "EdiFabric.Sdk.Edifact.Read", "EdiFabric.Sdk.Edifact.Read\EdiFabric.Sdk.Edifact.Read.csproj", "{BC2B9848-5644-4E03-98E8-09753CE3331E}"
EndProject
Project("{FAE04EC0-301F-11D3-BF4B-00C04F79EFBC}") = "EdiFabric.Sdk.Edifact.Write", "EdiFabric.Sdk.Edifact.Write\EdiFabric.Sdk.Edifact.Write.csproj", "{FDEEE29B-524F-4137-A524-C294E82FA336}"
EndProject
Project("{FAE04EC0-301F-11D3-BF4B-00C04F79EFBC}") = "EdiFabric.Sdk.Edifact.Acknowledge", "EdiFabric.Sdk.Edifact.Acknowledge\EdiFabric.Sdk.Edifact.Acknowledge.csproj", "{18E0C858-35BA-44AE-AE1E-26382C4B2083}"
EndProject
Project("{2150E333-8FDC-42A3-9474-1A3956D46DE8}") = "General Usage Examples", "General Usage Examples", "{F6C9FD4F-B2B2-41F8-BE52-F7C1CA6958F5}"
EndProject
Project("{2150E333-8FDC-42A3-9474-1A3956D46DE8}") = "EDI Templates", "EDI Templates", "{60232A24-9B01-4575-A78E-F82038F66B26}"
EndProject
Project("{FAE04EC0-301F-11D3-BF4B-00C04F79EFBC}") = "EdiFabric.Sdk.Edifact.Templates.D96A", "EdiFabric.Sdk.Edifact.Templates.D96A\EdiFabric.Sdk.Edifact.Templates.D96A.csproj", "{A6B9EDE5-99E9-4696-9CEE-6B6FFF45CC12}"
EndProject
Project("{FAE04EC0-301F-11D3-BF4B-00C04F79EFBC}") = "EdiFabric.Sdk.Edifact.Templates.D96A.Split", "EdiFabric.Sdk.Edifact.Templates.D96A.Split\EdiFabric.Sdk.Edifact.Templates.D96A.Split.csproj", "{E5D3D04A-27B7-45BC-B6B2-4E28F36DAFF6}"
EndProject
Project("{FAE04EC0-301F-11D3-BF4B-00C04F79EFBC}") = "EdiFabric.Sdk.Edifact.Templates.D96A.Custom1", "EdiFabric.Sdk.Edifact.Templates.D96A.Custom1\EdiFabric.Sdk.Edifact.Templates.D96A.Custom1.csproj", "{656EB62E-1C93-4F77-BBD0-B34DD9353CBA}"
EndProject
Project("{FAE04EC0-301F-11D3-BF4B-00C04F79EFBC}") = "EdiFabric.Sdk.Edifact.Templates.D96A.Custom2", "EdiFabric.Sdk.Edifact.Templates.D96A.Custom2\EdiFabric.Sdk.Edifact.Templates.D96A.Custom2.csproj", "{811A8AA4-32D2-4A89-BFBA-27BBDC6683E9}"
EndProject
Project("{FAE04EC0-301F-11D3-BF4B-00C04F79EFBC}") = "EdiFabric.Sdk.Edifact.Templates.D96A.Validation", "EdiFabric.Sdk.Edifact.Templates.D96A.Validation\EdiFabric.Sdk.Edifact.Templates.D96A.Validation.csproj", "{07338DD9-D72E-4F8E-BCEA-D31B315A3D9A}"
EndProject
Project("{2150E333-8FDC-42A3-9474-1A3956D46DE8}") = "Export Examples", "Export Examples", "{24D28221-4884-4362-B807-401E3C8E6CA1}"
EndProject
Project("{FAE04EC0-301F-11D3-BF4B-00C04F79EFBC}") = "EdiFabric.Sdk.Edifact.Export.Xml", "EdiFabric.Sdk.Edifact.Export.Xml\EdiFabric.Sdk.Edifact.Export.Xml.csproj", "{E008BF36-8111-4AB9-9124-758E452D38FE}"
EndProject
Project("{2150E333-8FDC-42A3-9474-1A3956D46DE8}") = "Edifact Transaction Examples", "Edifact Transaction Examples", "{0A328B99-5532-41D9-AAD9-99DAFE6D00CB}"
EndProject
Project("{FAE04EC0-301F-11D3-BF4B-00C04F79EFBC}") = "EdiFabric.Sdk.Edifact.ORDERS", "EdiFabric.Sdk.Edifact.ORDERS\EdiFabric.Sdk.Edifact.ORDERS.csproj", "{56BC8D58-1A77-4CE7-A8D0-36015DB5D751}"
EndProject
Project("{FAE04EC0-301F-11D3-BF4B-00C04F79EFBC}") = "EdiFabric.Sdk.Edifact.INVOIC", "EdiFabric.Sdk.Edifact.INVOIC\EdiFabric.Sdk.Edifact.INVOIC.csproj", "{1F94DAF1-43DA-4D4B-8D28-843F4F2F4AB4}"
EndProject
Project("{2150E333-8FDC-42A3-9474-1A3956D46DE8}") = "4. Common", "4. Common", "{9638AF1F-EE0D-4F0F-9E01-64C9F17C0438}"
EndProject
Project("{FAE04EC0-301F-11D3-BF4B-00C04F79EFBC}") = "EdiFabric.Sdk.Helpers", "EdiFabric.Sdk.Helpers\EdiFabric.Sdk.Helpers.csproj", "{4C09FEE1-DECB-42EC-9B0A-DAD7E7232005}"
EndProject
Project("{2150E333-8FDC-42A3-9474-1A3956D46DE8}") = "1. X12 and Hipaa", "1. X12 and Hipaa", "{872F5ACF-78B5-439B-994E-E09FD5874793}"
EndProject
Project("{2150E333-8FDC-42A3-9474-1A3956D46DE8}") = "Export Examples", "Export Examples", "{75700E13-1CE7-4C70-B060-A9929BED47F8}"
EndProject
Project("{2150E333-8FDC-42A3-9474-1A3956D46DE8}") = "General Usage Examples", "General Usage Examples", "{8C81FAF9-1A42-4A24-BB44-834EA9C4AB18}"
EndProject
Project("{2150E333-8FDC-42A3-9474-1A3956D46DE8}") = "X12 Transaction Examples", "X12 Transaction Examples", "{5A3328B7-8853-4E78-B641-D8360AB538B0}"
EndProject
Project("{FAE04EC0-301F-11D3-BF4B-00C04F79EFBC}") = "EdiFabric.Sdk.X12.Templates.V004010", "EdiFabric.Sdk.X12.Templates.V004010\EdiFabric.Sdk.X12.Templates.V004010.csproj", "{A29F84FD-7B81-4F4B-BC27-E24CCB7D70D7}"
EndProject
Project("{FAE04EC0-301F-11D3-BF4B-00C04F79EFBC}") = "EdiFabric.Sdk.X12.Templates.V004010.Custom1", "EdiFabric.Sdk.X12.Templates.V004010.Custom1\EdiFabric.Sdk.X12.Templates.V004010.Custom1.csproj", "{580D0DA8-3CA0-44AE-8BB5-58167870A59D}"
EndProject
Project("{FAE04EC0-301F-11D3-BF4B-00C04F79EFBC}") = "EdiFabric.Sdk.X12.Templates.V004010.Custom2", "EdiFabric.Sdk.X12.Templates.V004010.Custom2\EdiFabric.Sdk.X12.Templates.V004010.Custom2.csproj", "{E307FD34-F8C3-42FB-A45B-2469446BAC88}"
EndProject
Project("{FAE04EC0-301F-11D3-BF4B-00C04F79EFBC}") = "EdiFabric.Sdk.X12.Templates.V004010.Split", "EdiFabric.Sdk.X12.Templates.V004010.Split\EdiFabric.Sdk.X12.Templates.V004010.Split.csproj", "{D746B3CE-A6E6-44AA-A25A-4A89C81AFD81}"
EndProject
Project("{FAE04EC0-301F-11D3-BF4B-00C04F79EFBC}") = "EdiFabric.Sdk.X12.Templates.V004010.Validation", "EdiFabric.Sdk.X12.Templates.V004010.Validation\EdiFabric.Sdk.X12.Templates.V004010.Validation.csproj", "{5366AA35-2E43-45F2-B3CD-F4957893C55B}"
EndProject
Project("{FAE04EC0-301F-11D3-BF4B-00C04F79EFBC}") = "EdiFabric.Sdk.X12.Export.Xml", "EdiFabric.Sdk.X12.Export.Xml\EdiFabric.Sdk.X12.Export.Xml.csproj", "{957A0E98-B753-4371-B862-93BC9060FDB2}"
EndProject
Project("{FAE04EC0-301F-11D3-BF4B-00C04F79EFBC}") = "EdiFabric.Sdk.X12.Acknowledge", "EdiFabric.Sdk.X12.Acknowledge\EdiFabric.Sdk.X12.Acknowledge.csproj", "{6A39B01C-93B2-4CA9-9E51-A8A75E8E3EAC}"
EndProject
Project("{FAE04EC0-301F-11D3-BF4B-00C04F79EFBC}") = "EdiFabric.Sdk.X12.Read", "EdiFabric.Sdk.X12.Read\EdiFabric.Sdk.X12.Read.csproj", "{31A7753E-0346-4950-ADE8-919EEFBB8484}"
EndProject
Project("{FAE04EC0-301F-11D3-BF4B-00C04F79EFBC}") = "EdiFabric.Sdk.X12.Write", "EdiFabric.Sdk.X12.Write\EdiFabric.Sdk.X12.Write.csproj", "{BBCBBAD0-6D9B-4942-9735-D0065A5AE4D3}"
EndProject
Project("{FAE04EC0-301F-11D3-BF4B-00C04F79EFBC}") = "EdiFabric.Sdk.X12.T810", "EdiFabric.Sdk.X12.T810\EdiFabric.Sdk.X12.T810.csproj", "{7BD537A6-10F3-4383-B6BA-4FBD1469EA28}"
EndProject
Project("{FAE04EC0-301F-11D3-BF4B-00C04F79EFBC}") = "EdiFabric.Sdk.X12.T850", "EdiFabric.Sdk.X12.T850\EdiFabric.Sdk.X12.T850.csproj", "{1EC23670-AE8D-4195-98E6-30EBF7F65ED9}"
EndProject
Project("{2150E333-8FDC-42A3-9474-1A3956D46DE8}") = "EDI Templates", "EDI Templates", "{6EFFE41B-3082-4DF2-9E4B-FC9E0C26C0E3}"
EndProject
Project("{2150E333-8FDC-42A3-9474-1A3956D46DE8}") = "EDI Files", "EDI Files", "{C742A036-9230-4562-8E55-F3C26024EA18}"
EndProject
Project("{2150E333-8FDC-42A3-9474-1A3956D46DE8}") = "X12", "X12", "{B861799D-D3BE-4947-93ED-52BDFEEB1255}"
EndProject
Project("{2150E333-8FDC-42A3-9474-1A3956D46DE8}") = "X12", "X12", "{9AFB6CCB-C203-42A0-9686-E434C03D250F}"
	ProjectSection(SolutionItems) = preProject
		Files.X12\CorruptIsa.txt = Files.X12\CorruptIsa.txt
		Files.X12\CorruptSt.txt = Files.X12\CorruptSt.txt
		Files.X12\DuplicateGroup.txt = Files.X12\DuplicateGroup.txt
		Files.X12\DuplicateInterchange.txt = Files.X12\DuplicateInterchange.txt
		Files.X12\DuplicateMessage.txt = Files.X12\DuplicateMessage.txt
		Files.X12\Invoice.txt = Files.X12\Invoice.txt
		Files.X12\MixedTransactions.txt = Files.X12\MixedTransactions.txt
		Files.X12\PriceCatalog.txt = Files.X12\PriceCatalog.txt
		Files.X12\PurchaseOrder.txt = Files.X12\PurchaseOrder.txt
		Files.X12\PurchaseOrder.xml = Files.X12\PurchaseOrder.xml
		Files.X12\PurchaseOrderCustom1.txt = Files.X12\PurchaseOrderCustom1.txt
		Files.X12\PurchaseOrderCustom2.txt = Files.X12\PurchaseOrderCustom2.txt
		Files.X12\PurchaseOrderInvalid.txt = Files.X12\PurchaseOrderInvalid.txt
		Files.X12\PurchaseOrderMultiLine.txt = Files.X12\PurchaseOrderMultiLine.txt
		Files.X12\PurchaseOrders.txt = Files.X12\PurchaseOrders.txt
		Files.X12\PurchaseOrdersAcknowledgement.txt = Files.X12\PurchaseOrdersAcknowledgement.txt
		Files.X12\ShipBillNotice.txt = Files.X12\ShipBillNotice.txt
		Files.X12\ShipNotice.txt = Files.X12\ShipNotice.txt
	EndProjectSection
EndProject
Project("{2150E333-8FDC-42A3-9474-1A3956D46DE8}") = "Edifact", "Edifact", "{43A1E0DA-F3E1-46E8-AA0E-94838BFDC35A}"
	ProjectSection(SolutionItems) = preProject
		Files.Edifact\Bayplan.txt = Files.Edifact\Bayplan.txt
		Files.Edifact\CargoReport.txt = Files.Edifact\CargoReport.txt
		Files.Edifact\CorruptUnb.txt = Files.Edifact\CorruptUnb.txt
		Files.Edifact\CorruptUnh.txt = Files.Edifact\CorruptUnh.txt
		Files.Edifact\DuplicateGroup.txt = Files.Edifact\DuplicateGroup.txt
		Files.Edifact\DuplicateInterchange.txt = Files.Edifact\DuplicateInterchange.txt
		Files.Edifact\DuplicateMessage.txt = Files.Edifact\DuplicateMessage.txt
		Files.Edifact\Invoice.txt = Files.Edifact\Invoice.txt
		Files.Edifact\MixedTransactions.txt = Files.Edifact\MixedTransactions.txt
		Files.Edifact\PassengerData.txt = Files.Edifact\PassengerData.txt
		Files.Edifact\PassengerList.txt = Files.Edifact\PassengerList.txt
		Files.Edifact\PurchaseOrder.txt = Files.Edifact\PurchaseOrder.txt
		Files.Edifact\PurchaseOrder.xml = Files.Edifact\PurchaseOrder.xml
		Files.Edifact\PurchaseOrderCustom1.txt = Files.Edifact\PurchaseOrderCustom1.txt
		Files.Edifact\PurchaseOrderCustom2.txt = Files.Edifact\PurchaseOrderCustom2.txt
		Files.Edifact\PurchaseOrderInvalid.txt = Files.Edifact\PurchaseOrderInvalid.txt
		Files.Edifact\PurchaseOrderMultiLine.txt = Files.Edifact\PurchaseOrderMultiLine.txt
		Files.Edifact\PurchaseOrders.txt = Files.Edifact\PurchaseOrders.txt
	EndProjectSection
EndProject
Project("{2150E333-8FDC-42A3-9474-1A3956D46DE8}") = "Edifact", "Edifact", "{6A756811-C4BE-45E8-8131-76F8C00A454B}"
EndProject
Project("{FAE04EC0-301F-11D3-BF4B-00C04F79EFBC}") = "EdiFabric.Sdk.Helpers.Edifact", "EdiFabric.Sdk.Helpers.Edifact\EdiFabric.Sdk.Helpers.Edifact.csproj", "{7E894F74-9AE6-4C83-B4AA-F70BBD125B44}"
EndProject
Project("{FAE04EC0-301F-11D3-BF4B-00C04F79EFBC}") = "EdiFabric.Sdk.Helpers.X12", "EdiFabric.Sdk.Helpers.X12\EdiFabric.Sdk.Helpers.X12.csproj", "{E5B51FF3-E600-4773-839C-38DF7C1038A0}"
EndProject
Project("{2150E333-8FDC-42A3-9474-1A3956D46DE8}") = "3. Vda", "3. Vda", "{B9C8C327-0210-40D2-8146-0F2BAAAF5AB3}"
EndProject
Project("{2150E333-8FDC-42A3-9474-1A3956D46DE8}") = "Hipaa", "Hipaa", "{1CEC0FD5-5E73-4980-990D-8B37A15A1BFB}"
	ProjectSection(SolutionItems) = preProject
		Files.Hipaa\BenefitEnrollment.txt = Files.Hipaa\BenefitEnrollment.txt
		Files.Hipaa\ClaimPayment.txt = Files.Hipaa\ClaimPayment.txt
		Files.Hipaa\DentalClaim.txt = Files.Hipaa\DentalClaim.txt
		Files.Hipaa\GenericRequest.txt = Files.Hipaa\GenericRequest.txt
		Files.Hipaa\GenericResponse.txt = Files.Hipaa\GenericResponse.txt
		Files.Hipaa\InstitutionalClaim.txt = Files.Hipaa\InstitutionalClaim.txt
		Files.Hipaa\Payment.txt = Files.Hipaa\Payment.txt
		Files.Hipaa\PaymentOrder.txt = Files.Hipaa\PaymentOrder.txt
		Files.Hipaa\RequestTransmission.txt = Files.Hipaa\RequestTransmission.txt
		Files.Hipaa\ResponseTransmission.txt = Files.Hipaa\ResponseTransmission.txt
		Files.Hipaa\ServicesReview.txt = Files.Hipaa\ServicesReview.txt
	EndProjectSection
EndProject
Project("{2150E333-8FDC-42A3-9474-1A3956D46DE8}") = "Hipaa", "Hipaa", "{E0F8E7F0-29C0-4950-9504-4593F26F27DD}"
EndProject
Project("{FAE04EC0-301F-11D3-BF4B-00C04F79EFBC}") = "EdiFabric.Sdk.Hipaa.Templates.V005010", "EdiFabric.Sdk.Hipaa.Templates.V005010\EdiFabric.Sdk.Hipaa.Templates.V005010.csproj", "{EAD26D12-F7DA-4458-8919-FCDF4F507C9A}"
EndProject
Project("{2150E333-8FDC-42A3-9474-1A3956D46DE8}") = "Hipaa Transaction Examples", "Hipaa Transaction Examples", "{1975D863-B9E6-4BE4-A254-2541E7D717C2}"
EndProject
Project("{FAE04EC0-301F-11D3-BF4B-00C04F79EFBC}") = "EdiFabric.Sdk.Hipaa.T837P", "EdiFabric.Sdk.Hipaa.T837P\EdiFabric.Sdk.Hipaa.T837P.csproj", "{01F99FD7-E7B8-4F52-B3B8-E6796F98DA58}"
EndProject
Project("{2150E333-8FDC-42A3-9474-1A3956D46DE8}") = "VDA Files", "VDA Files", "{9AF17D2A-CD60-4819-BAF9-0557078FE5E2}"
	ProjectSection(SolutionItems) = preProject
		Files.Vda\Vda_4905_02.txt = Files.Vda\Vda_4905_02.txt
	EndProjectSection
EndProject
Project("{2150E333-8FDC-42A3-9474-1A3956D46DE8}") = "VDA Templates", "VDA Templates", "{5C2C647A-8354-4D23-9E2A-F80A4EB2B335}"
EndProject
Project("{FAE04EC0-301F-11D3-BF4B-00C04F79EFBC}") = "EdiFabric.Sdk.Vda.Templates", "EdiFabric.Sdk.Vda.Templates\EdiFabric.Sdk.Vda.Templates.csproj", "{DD838E83-EFCC-42E2-A611-8A0E0B260F09}"
EndProject
Project("{2150E333-8FDC-42A3-9474-1A3956D46DE8}") = "General Usage Examples", "General Usage Examples", "{31CCF1DB-9BEA-4496-B6D5-237AFF2A6703}"
EndProject
Project("{FAE04EC0-301F-11D3-BF4B-00C04F79EFBC}") = "EdiFabric.Sdk.Vda.Read", "EdiFabric.Sdk.Vda.Read\EdiFabric.Sdk.Vda.Read.csproj", "{336821A4-C1AB-48D8-BF3E-41101D6DA1B2}"
EndProject
Project("{FAE04EC0-301F-11D3-BF4B-00C04F79EFBC}") = "EdiFabric.Sdk.Helpers.Vda", "EdiFabric.Sdk.Helpers.Vda\EdiFabric.Sdk.Helpers.Vda.csproj", "{DDB86B5D-15EB-4E7B-85A6-FD169C9ED725}"
EndProject
Project("{FAE04EC0-301F-11D3-BF4B-00C04F79EFBC}") = "EdiFabric.Sdk.Vda.Write", "EdiFabric.Sdk.Vda.Write\EdiFabric.Sdk.Vda.Write.csproj", "{FE5B59D4-36E6-49D1-9145-75203C7F4A52}"
EndProject
Project("{2150E333-8FDC-42A3-9474-1A3956D46DE8}") = "Eancom", "Eancom", "{3265CEED-9EB4-44EE-A61F-05BF97D9FE09}"
EndProject
Project("{FAE04EC0-301F-11D3-BF4B-00C04F79EFBC}") = "EdiFabric.Sdk.Eancom.Templates.D01B.Syntax3", "EdiFabric.Sdk.Eancom.Templates.D01B.Syntax3\EdiFabric.Sdk.Eancom.Templates.D01B.Syntax3.csproj", "{CC7C424F-2A42-40B0-A840-0B58D4065624}"
EndProject
Project("{2150E333-8FDC-42A3-9474-1A3956D46DE8}") = "Eancom", "Eancom", "{A354D836-7E07-41A4-837E-14B411C81712}"
	ProjectSection(SolutionItems) = preProject
		Files.Eancom\DespatchAdvice.txt = Files.Eancom\DespatchAdvice.txt
		Files.Eancom\Instruction.txt = Files.Eancom\Instruction.txt
		Files.Eancom\Invoice.txt = Files.Eancom\Invoice.txt
		Files.Eancom\PriceCatalogue.txt = Files.Eancom\PriceCatalogue.txt
		Files.Eancom\PurchaseOrderResponse.txt = Files.Eancom\PurchaseOrderResponse.txt
		Files.Eancom\TransportStatus.txt = Files.Eancom\TransportStatus.txt
	EndProjectSection
EndProject
Project("{2150E333-8FDC-42A3-9474-1A3956D46DE8}") = "Eancom Transaction Examples", "Eancom Transaction Examples", "{A75036F7-5D2F-4547-BCD3-1A9F1D1035DF}"
EndProject
Project("{FAE04EC0-301F-11D3-BF4B-00C04F79EFBC}") = "EdiFabric.Sdk.Eancom.INVOIC", "EdiFabric.Sdk.Eancom.INVOIC\EdiFabric.Sdk.Eancom.INVOIC.csproj", "{BBC84F44-4F6C-4CA4-A5F1-A1CDAC5C03E1}"
EndProject
Project("{2150E333-8FDC-42A3-9474-1A3956D46DE8}") = "0. README", "0. README", "{008976FF-7E9C-4AC1-B144-54CBB614E2CB}"
	ProjectSection(SolutionItems) = preProject
		README.txt = README.txt
	EndProjectSection
EndProject
Project("{FAE04EC0-301F-11D3-BF4B-00C04F79EFBC}") = "EdiFabric.Sdk.Edifact.DESADV", "EdiFabric.Sdk.Edifact.DESADV\EdiFabric.Sdk.Edifact.DESADV.csproj", "{DA5CEB2C-9EDA-4FFC-89C2-56F52FA930C6}"
EndProject
Project("{FAE04EC0-301F-11D3-BF4B-00C04F79EFBC}") = "EdiFabric.Sdk.Edifact.CUSCAR", "EdiFabric.Sdk.Edifact.CUSCAR\EdiFabric.Sdk.Edifact.CUSCAR.csproj", "{A7E70165-07D1-4141-8FCB-49E519958632}"
EndProject
Project("{FAE04EC0-301F-11D3-BF4B-00C04F79EFBC}") = "EdiFabric.Sdk.Edifact.Templates.USCustoms", "EdiFabric.Sdk.Edifact.Templates.USCustoms\EdiFabric.Sdk.Edifact.Templates.USCustoms.csproj", "{39B0A0AF-494B-4803-A830-C97F3390A574}"
EndProject
Project("{FAE04EC0-301F-11D3-BF4B-00C04F79EFBC}") = "EdiFabric.Sdk.Edifact.BAPLIE", "EdiFabric.Sdk.Edifact.BAPLIE\EdiFabric.Sdk.Edifact.BAPLIE.csproj", "{9EF9A09E-91CA-4C8D-B99E-401F9FA8AF97}"
EndProject
Project("{FAE04EC0-301F-11D3-BF4B-00C04F79EFBC}") = "EdiFabric.Sdk.Edifact.Templates.Smdg", "EdiFabric.Sdk.Edifact.Templates.Smdg\EdiFabric.Sdk.Edifact.Templates.Smdg.csproj", "{91AC77B6-9EBB-496B-A021-309B0980C352}"
EndProject
Project("{FAE04EC0-301F-11D3-BF4B-00C04F79EFBC}") = "EdiFabric.Sdk.Edifact.ORDRSP", "EdiFabric.Sdk.Edifact.ORDRSP\EdiFabric.Sdk.Edifact.ORDRSP.csproj", "{51263FCE-A38E-4FBE-9FC9-32D4B969B550}"
EndProject
Project("{FAE04EC0-301F-11D3-BF4B-00C04F79EFBC}") = "EdiFabric.Sdk.Edifact.IFTMIN", "EdiFabric.Sdk.Edifact.IFTMIN\EdiFabric.Sdk.Edifact.IFTMIN.csproj", "{C9148140-0DC1-426E-8B19-EF5705B72098}"
EndProject
Project("{FAE04EC0-301F-11D3-BF4B-00C04F79EFBC}") = "EdiFabric.Sdk.Edifact.IFTSTA", "EdiFabric.Sdk.Edifact.IFTSTA\EdiFabric.Sdk.Edifact.IFTSTA.csproj", "{A43C7691-7358-48D7-AC5C-FF9F0FB7BB71}"
EndProject
Project("{FAE04EC0-301F-11D3-BF4B-00C04F79EFBC}") = "EdiFabric.Sdk.Edifact.PRICAT", "EdiFabric.Sdk.Edifact.PRICAT\EdiFabric.Sdk.Edifact.PRICAT.csproj", "{8F4381D8-E063-463D-B40A-5BE0F662A5C2}"
EndProject
Project("{FAE04EC0-301F-11D3-BF4B-00C04F79EFBC}") = "EdiFabric.Sdk.Edifact.PAXLST", "EdiFabric.Sdk.Edifact.PAXLST\EdiFabric.Sdk.Edifact.PAXLST.csproj", "{F47F0A1D-6DA5-4252-AEFF-5EA162E90D2A}"
EndProject
Project("{FAE04EC0-301F-11D3-BF4B-00C04F79EFBC}") = "EdiFabric.Sdk.Edifact.PNRGOV", "EdiFabric.Sdk.Edifact.PNRGOV\EdiFabric.Sdk.Edifact.PNRGOV.csproj", "{F1393918-60A1-4342-B1A0-AE46C6ECFE7F}"
EndProject
Project("{FAE04EC0-301F-11D3-BF4B-00C04F79EFBC}") = "EdiFabric.Sdk.Hipaa.T834", "EdiFabric.Sdk.Hipaa.T834\EdiFabric.Sdk.Hipaa.T834.csproj", "{6050DC7C-5F89-4F63-A13F-985232B5038B}"
EndProject
Project("{FAE04EC0-301F-11D3-BF4B-00C04F79EFBC}") = "EdiFabric.Sdk.Hipaa.T835", "EdiFabric.Sdk.Hipaa.T835\EdiFabric.Sdk.Hipaa.T835.csproj", "{FE890566-78C0-472C-8C98-526C8AA58518}"
EndProject
Project("{FAE04EC0-301F-11D3-BF4B-00C04F79EFBC}") = "EdiFabric.Sdk.Hipaa.T820", "EdiFabric.Sdk.Hipaa.T820\EdiFabric.Sdk.Hipaa.T820.csproj", "{278BC547-FD36-444A-800E-E349ABEC0199}"
EndProject
Project("{FAE04EC0-301F-11D3-BF4B-00C04F79EFBC}") = "EdiFabric.Sdk.Hipaa.T837I", "EdiFabric.Sdk.Hipaa.T837I\EdiFabric.Sdk.Hipaa.T837I.csproj", "{777882DB-D2FB-47E5-B79C-BF7C0B8AFA12}"
EndProject
Project("{FAE04EC0-301F-11D3-BF4B-00C04F79EFBC}") = "EdiFabric.Sdk.Hipaa.T837D", "EdiFabric.Sdk.Hipaa.T837D\EdiFabric.Sdk.Hipaa.T837D.csproj", "{FF74CFBA-35A5-4AF4-889B-2FD98D5B386D}"
EndProject
Project("{FAE04EC0-301F-11D3-BF4B-00C04F79EFBC}") = "EdiFabric.Sdk.Hipaa.T278", "EdiFabric.Sdk.Hipaa.T278\EdiFabric.Sdk.Hipaa.T278.csproj", "{00202BF5-52AE-49AA-A1E9-041DC9DC1A1E}"
EndProject
Project("{FAE04EC0-301F-11D3-BF4B-00C04F79EFBC}") = "EdiFabric.Sdk.Hipaa.T276", "EdiFabric.Sdk.Hipaa.T276\EdiFabric.Sdk.Hipaa.T276.csproj", "{2B4B2CD3-BCBA-42F4-B1DA-3752169DA23A}"
EndProject
Project("{FAE04EC0-301F-11D3-BF4B-00C04F79EFBC}") = "EdiFabric.Sdk.Hipaa.T277", "EdiFabric.Sdk.Hipaa.T277\EdiFabric.Sdk.Hipaa.T277.csproj", "{6CE68652-0136-4FEA-B93A-B27CF356B7C1}"
EndProject
Project("{FAE04EC0-301F-11D3-BF4B-00C04F79EFBC}") = "EdiFabric.Sdk.Hipaa.T270", "EdiFabric.Sdk.Hipaa.T270\EdiFabric.Sdk.Hipaa.T270.csproj", "{3B16AA7E-EDB3-4757-8C24-070743E29204}"
EndProject
Project("{FAE04EC0-301F-11D3-BF4B-00C04F79EFBC}") = "EdiFabric.Sdk.Hipaa.T271", "EdiFabric.Sdk.Hipaa.T271\EdiFabric.Sdk.Hipaa.T271.csproj", "{1534D9AF-5A8D-40AE-ADD4-A0217C0FF97D}"
EndProject
Project("{FAE04EC0-301F-11D3-BF4B-00C04F79EFBC}") = "EdiFabric.Sdk.X12.T856", "EdiFabric.Sdk.X12.T856\EdiFabric.Sdk.X12.T856.csproj", "{32CA52EA-3456-485D-82DF-D63BEA1BFA5E}"
EndProject
Project("{FAE04EC0-301F-11D3-BF4B-00C04F79EFBC}") = "EdiFabric.Sdk.X12.T855", "EdiFabric.Sdk.X12.T855\EdiFabric.Sdk.X12.T855.csproj", "{06CD543C-E52D-4A74-96F8-834BF04C07E8}"
EndProject
Project("{FAE04EC0-301F-11D3-BF4B-00C04F79EFBC}") = "EdiFabric.Sdk.X12.T832", "EdiFabric.Sdk.X12.T832\EdiFabric.Sdk.X12.T832.csproj", "{8AEF8986-B817-4882-A3CD-6F6C384F3944}"
EndProject
Project("{FAE04EC0-301F-11D3-BF4B-00C04F79EFBC}") = "EdiFabric.Sdk.X12.T857", "EdiFabric.Sdk.X12.T857\EdiFabric.Sdk.X12.T857.csproj", "{B803B449-BEF7-4C45-9CFA-B5D2A2417F47}"
EndProject
Global
	GlobalSection(SolutionConfigurationPlatforms) = preSolution
		Debug|Any CPU = Debug|Any CPU
		Lite|Any CPU = Lite|Any CPU
		Release|Any CPU = Release|Any CPU
		test|Any CPU = test|Any CPU
		Trial|Any CPU = Trial|Any CPU
	EndGlobalSection
	GlobalSection(ProjectConfigurationPlatforms) = postSolution
		{BC2B9848-5644-4E03-98E8-09753CE3331E}.Debug|Any CPU.ActiveCfg = Debug|Any CPU
		{BC2B9848-5644-4E03-98E8-09753CE3331E}.Debug|Any CPU.Build.0 = Debug|Any CPU
		{BC2B9848-5644-4E03-98E8-09753CE3331E}.Lite|Any CPU.ActiveCfg = Release|Any CPU
		{BC2B9848-5644-4E03-98E8-09753CE3331E}.Lite|Any CPU.Build.0 = Release|Any CPU
		{BC2B9848-5644-4E03-98E8-09753CE3331E}.Release|Any CPU.ActiveCfg = Release|Any CPU
		{BC2B9848-5644-4E03-98E8-09753CE3331E}.Release|Any CPU.Build.0 = Release|Any CPU
		{BC2B9848-5644-4E03-98E8-09753CE3331E}.test|Any CPU.ActiveCfg = Release|Any CPU
		{BC2B9848-5644-4E03-98E8-09753CE3331E}.test|Any CPU.Build.0 = Release|Any CPU
		{BC2B9848-5644-4E03-98E8-09753CE3331E}.Trial|Any CPU.ActiveCfg = Release|Any CPU
		{BC2B9848-5644-4E03-98E8-09753CE3331E}.Trial|Any CPU.Build.0 = Release|Any CPU
		{FDEEE29B-524F-4137-A524-C294E82FA336}.Debug|Any CPU.ActiveCfg = Debug|Any CPU
		{FDEEE29B-524F-4137-A524-C294E82FA336}.Debug|Any CPU.Build.0 = Debug|Any CPU
		{FDEEE29B-524F-4137-A524-C294E82FA336}.Lite|Any CPU.ActiveCfg = Release|Any CPU
		{FDEEE29B-524F-4137-A524-C294E82FA336}.Lite|Any CPU.Build.0 = Release|Any CPU
		{FDEEE29B-524F-4137-A524-C294E82FA336}.Release|Any CPU.ActiveCfg = Release|Any CPU
		{FDEEE29B-524F-4137-A524-C294E82FA336}.Release|Any CPU.Build.0 = Release|Any CPU
		{FDEEE29B-524F-4137-A524-C294E82FA336}.test|Any CPU.ActiveCfg = Release|Any CPU
		{FDEEE29B-524F-4137-A524-C294E82FA336}.test|Any CPU.Build.0 = Release|Any CPU
		{FDEEE29B-524F-4137-A524-C294E82FA336}.Trial|Any CPU.ActiveCfg = Release|Any CPU
		{FDEEE29B-524F-4137-A524-C294E82FA336}.Trial|Any CPU.Build.0 = Release|Any CPU
		{18E0C858-35BA-44AE-AE1E-26382C4B2083}.Debug|Any CPU.ActiveCfg = Debug|Any CPU
		{18E0C858-35BA-44AE-AE1E-26382C4B2083}.Debug|Any CPU.Build.0 = Debug|Any CPU
		{18E0C858-35BA-44AE-AE1E-26382C4B2083}.Lite|Any CPU.ActiveCfg = Release|Any CPU
		{18E0C858-35BA-44AE-AE1E-26382C4B2083}.Lite|Any CPU.Build.0 = Release|Any CPU
		{18E0C858-35BA-44AE-AE1E-26382C4B2083}.Release|Any CPU.ActiveCfg = Release|Any CPU
		{18E0C858-35BA-44AE-AE1E-26382C4B2083}.Release|Any CPU.Build.0 = Release|Any CPU
		{18E0C858-35BA-44AE-AE1E-26382C4B2083}.test|Any CPU.ActiveCfg = Release|Any CPU
		{18E0C858-35BA-44AE-AE1E-26382C4B2083}.test|Any CPU.Build.0 = Release|Any CPU
		{18E0C858-35BA-44AE-AE1E-26382C4B2083}.Trial|Any CPU.ActiveCfg = Release|Any CPU
		{18E0C858-35BA-44AE-AE1E-26382C4B2083}.Trial|Any CPU.Build.0 = Release|Any CPU
		{A6B9EDE5-99E9-4696-9CEE-6B6FFF45CC12}.Debug|Any CPU.ActiveCfg = Debug|Any CPU
		{A6B9EDE5-99E9-4696-9CEE-6B6FFF45CC12}.Debug|Any CPU.Build.0 = Debug|Any CPU
		{A6B9EDE5-99E9-4696-9CEE-6B6FFF45CC12}.Lite|Any CPU.ActiveCfg = Release|Any CPU
		{A6B9EDE5-99E9-4696-9CEE-6B6FFF45CC12}.Lite|Any CPU.Build.0 = Release|Any CPU
		{A6B9EDE5-99E9-4696-9CEE-6B6FFF45CC12}.Release|Any CPU.ActiveCfg = Release|Any CPU
		{A6B9EDE5-99E9-4696-9CEE-6B6FFF45CC12}.Release|Any CPU.Build.0 = Release|Any CPU
		{A6B9EDE5-99E9-4696-9CEE-6B6FFF45CC12}.test|Any CPU.ActiveCfg = Release|Any CPU
		{A6B9EDE5-99E9-4696-9CEE-6B6FFF45CC12}.test|Any CPU.Build.0 = Release|Any CPU
		{A6B9EDE5-99E9-4696-9CEE-6B6FFF45CC12}.Trial|Any CPU.ActiveCfg = Release|Any CPU
		{A6B9EDE5-99E9-4696-9CEE-6B6FFF45CC12}.Trial|Any CPU.Build.0 = Release|Any CPU
		{E5D3D04A-27B7-45BC-B6B2-4E28F36DAFF6}.Debug|Any CPU.ActiveCfg = Debug|Any CPU
		{E5D3D04A-27B7-45BC-B6B2-4E28F36DAFF6}.Debug|Any CPU.Build.0 = Debug|Any CPU
		{E5D3D04A-27B7-45BC-B6B2-4E28F36DAFF6}.Lite|Any CPU.ActiveCfg = Release|Any CPU
		{E5D3D04A-27B7-45BC-B6B2-4E28F36DAFF6}.Lite|Any CPU.Build.0 = Release|Any CPU
		{E5D3D04A-27B7-45BC-B6B2-4E28F36DAFF6}.Release|Any CPU.ActiveCfg = Release|Any CPU
		{E5D3D04A-27B7-45BC-B6B2-4E28F36DAFF6}.Release|Any CPU.Build.0 = Release|Any CPU
		{E5D3D04A-27B7-45BC-B6B2-4E28F36DAFF6}.test|Any CPU.ActiveCfg = Release|Any CPU
		{E5D3D04A-27B7-45BC-B6B2-4E28F36DAFF6}.test|Any CPU.Build.0 = Release|Any CPU
		{E5D3D04A-27B7-45BC-B6B2-4E28F36DAFF6}.Trial|Any CPU.ActiveCfg = Release|Any CPU
		{E5D3D04A-27B7-45BC-B6B2-4E28F36DAFF6}.Trial|Any CPU.Build.0 = Release|Any CPU
		{656EB62E-1C93-4F77-BBD0-B34DD9353CBA}.Debug|Any CPU.ActiveCfg = Debug|Any CPU
		{656EB62E-1C93-4F77-BBD0-B34DD9353CBA}.Debug|Any CPU.Build.0 = Debug|Any CPU
		{656EB62E-1C93-4F77-BBD0-B34DD9353CBA}.Lite|Any CPU.ActiveCfg = Release|Any CPU
		{656EB62E-1C93-4F77-BBD0-B34DD9353CBA}.Lite|Any CPU.Build.0 = Release|Any CPU
		{656EB62E-1C93-4F77-BBD0-B34DD9353CBA}.Release|Any CPU.ActiveCfg = Release|Any CPU
		{656EB62E-1C93-4F77-BBD0-B34DD9353CBA}.Release|Any CPU.Build.0 = Release|Any CPU
		{656EB62E-1C93-4F77-BBD0-B34DD9353CBA}.test|Any CPU.ActiveCfg = Release|Any CPU
		{656EB62E-1C93-4F77-BBD0-B34DD9353CBA}.test|Any CPU.Build.0 = Release|Any CPU
		{656EB62E-1C93-4F77-BBD0-B34DD9353CBA}.Trial|Any CPU.ActiveCfg = Release|Any CPU
		{656EB62E-1C93-4F77-BBD0-B34DD9353CBA}.Trial|Any CPU.Build.0 = Release|Any CPU
		{811A8AA4-32D2-4A89-BFBA-27BBDC6683E9}.Debug|Any CPU.ActiveCfg = Debug|Any CPU
		{811A8AA4-32D2-4A89-BFBA-27BBDC6683E9}.Debug|Any CPU.Build.0 = Debug|Any CPU
		{811A8AA4-32D2-4A89-BFBA-27BBDC6683E9}.Lite|Any CPU.ActiveCfg = Release|Any CPU
		{811A8AA4-32D2-4A89-BFBA-27BBDC6683E9}.Lite|Any CPU.Build.0 = Release|Any CPU
		{811A8AA4-32D2-4A89-BFBA-27BBDC6683E9}.Release|Any CPU.ActiveCfg = Release|Any CPU
		{811A8AA4-32D2-4A89-BFBA-27BBDC6683E9}.Release|Any CPU.Build.0 = Release|Any CPU
		{811A8AA4-32D2-4A89-BFBA-27BBDC6683E9}.test|Any CPU.ActiveCfg = Release|Any CPU
		{811A8AA4-32D2-4A89-BFBA-27BBDC6683E9}.test|Any CPU.Build.0 = Release|Any CPU
		{811A8AA4-32D2-4A89-BFBA-27BBDC6683E9}.Trial|Any CPU.ActiveCfg = Release|Any CPU
		{811A8AA4-32D2-4A89-BFBA-27BBDC6683E9}.Trial|Any CPU.Build.0 = Release|Any CPU
		{07338DD9-D72E-4F8E-BCEA-D31B315A3D9A}.Debug|Any CPU.ActiveCfg = Debug|Any CPU
		{07338DD9-D72E-4F8E-BCEA-D31B315A3D9A}.Debug|Any CPU.Build.0 = Debug|Any CPU
		{07338DD9-D72E-4F8E-BCEA-D31B315A3D9A}.Lite|Any CPU.ActiveCfg = Release|Any CPU
		{07338DD9-D72E-4F8E-BCEA-D31B315A3D9A}.Lite|Any CPU.Build.0 = Release|Any CPU
		{07338DD9-D72E-4F8E-BCEA-D31B315A3D9A}.Release|Any CPU.ActiveCfg = Release|Any CPU
		{07338DD9-D72E-4F8E-BCEA-D31B315A3D9A}.Release|Any CPU.Build.0 = Release|Any CPU
		{07338DD9-D72E-4F8E-BCEA-D31B315A3D9A}.test|Any CPU.ActiveCfg = Release|Any CPU
		{07338DD9-D72E-4F8E-BCEA-D31B315A3D9A}.test|Any CPU.Build.0 = Release|Any CPU
		{07338DD9-D72E-4F8E-BCEA-D31B315A3D9A}.Trial|Any CPU.ActiveCfg = Release|Any CPU
		{07338DD9-D72E-4F8E-BCEA-D31B315A3D9A}.Trial|Any CPU.Build.0 = Release|Any CPU
		{E008BF36-8111-4AB9-9124-758E452D38FE}.Debug|Any CPU.ActiveCfg = Debug|Any CPU
		{E008BF36-8111-4AB9-9124-758E452D38FE}.Debug|Any CPU.Build.0 = Debug|Any CPU
		{E008BF36-8111-4AB9-9124-758E452D38FE}.Lite|Any CPU.ActiveCfg = Release|Any CPU
		{E008BF36-8111-4AB9-9124-758E452D38FE}.Lite|Any CPU.Build.0 = Release|Any CPU
		{E008BF36-8111-4AB9-9124-758E452D38FE}.Release|Any CPU.ActiveCfg = Release|Any CPU
		{E008BF36-8111-4AB9-9124-758E452D38FE}.Release|Any CPU.Build.0 = Release|Any CPU
		{E008BF36-8111-4AB9-9124-758E452D38FE}.test|Any CPU.ActiveCfg = Release|Any CPU
		{E008BF36-8111-4AB9-9124-758E452D38FE}.test|Any CPU.Build.0 = Release|Any CPU
		{E008BF36-8111-4AB9-9124-758E452D38FE}.Trial|Any CPU.ActiveCfg = Release|Any CPU
		{E008BF36-8111-4AB9-9124-758E452D38FE}.Trial|Any CPU.Build.0 = Release|Any CPU
		{56BC8D58-1A77-4CE7-A8D0-36015DB5D751}.Debug|Any CPU.ActiveCfg = Debug|Any CPU
		{56BC8D58-1A77-4CE7-A8D0-36015DB5D751}.Debug|Any CPU.Build.0 = Debug|Any CPU
		{56BC8D58-1A77-4CE7-A8D0-36015DB5D751}.Lite|Any CPU.ActiveCfg = Release|Any CPU
		{56BC8D58-1A77-4CE7-A8D0-36015DB5D751}.Lite|Any CPU.Build.0 = Release|Any CPU
		{56BC8D58-1A77-4CE7-A8D0-36015DB5D751}.Release|Any CPU.ActiveCfg = Release|Any CPU
		{56BC8D58-1A77-4CE7-A8D0-36015DB5D751}.Release|Any CPU.Build.0 = Release|Any CPU
		{56BC8D58-1A77-4CE7-A8D0-36015DB5D751}.test|Any CPU.ActiveCfg = Release|Any CPU
		{56BC8D58-1A77-4CE7-A8D0-36015DB5D751}.test|Any CPU.Build.0 = Release|Any CPU
		{56BC8D58-1A77-4CE7-A8D0-36015DB5D751}.Trial|Any CPU.ActiveCfg = Release|Any CPU
		{56BC8D58-1A77-4CE7-A8D0-36015DB5D751}.Trial|Any CPU.Build.0 = Release|Any CPU
		{1F94DAF1-43DA-4D4B-8D28-843F4F2F4AB4}.Debug|Any CPU.ActiveCfg = Debug|Any CPU
		{1F94DAF1-43DA-4D4B-8D28-843F4F2F4AB4}.Debug|Any CPU.Build.0 = Debug|Any CPU
		{1F94DAF1-43DA-4D4B-8D28-843F4F2F4AB4}.Lite|Any CPU.ActiveCfg = Release|Any CPU
		{1F94DAF1-43DA-4D4B-8D28-843F4F2F4AB4}.Lite|Any CPU.Build.0 = Release|Any CPU
		{1F94DAF1-43DA-4D4B-8D28-843F4F2F4AB4}.Release|Any CPU.ActiveCfg = Release|Any CPU
		{1F94DAF1-43DA-4D4B-8D28-843F4F2F4AB4}.Release|Any CPU.Build.0 = Release|Any CPU
		{1F94DAF1-43DA-4D4B-8D28-843F4F2F4AB4}.test|Any CPU.ActiveCfg = Release|Any CPU
		{1F94DAF1-43DA-4D4B-8D28-843F4F2F4AB4}.test|Any CPU.Build.0 = Release|Any CPU
		{1F94DAF1-43DA-4D4B-8D28-843F4F2F4AB4}.Trial|Any CPU.ActiveCfg = Release|Any CPU
		{1F94DAF1-43DA-4D4B-8D28-843F4F2F4AB4}.Trial|Any CPU.Build.0 = Release|Any CPU
		{4C09FEE1-DECB-42EC-9B0A-DAD7E7232005}.Debug|Any CPU.ActiveCfg = Debug|Any CPU
		{4C09FEE1-DECB-42EC-9B0A-DAD7E7232005}.Debug|Any CPU.Build.0 = Debug|Any CPU
		{4C09FEE1-DECB-42EC-9B0A-DAD7E7232005}.Lite|Any CPU.ActiveCfg = Release|Any CPU
		{4C09FEE1-DECB-42EC-9B0A-DAD7E7232005}.Lite|Any CPU.Build.0 = Release|Any CPU
		{4C09FEE1-DECB-42EC-9B0A-DAD7E7232005}.Release|Any CPU.ActiveCfg = Release|Any CPU
		{4C09FEE1-DECB-42EC-9B0A-DAD7E7232005}.Release|Any CPU.Build.0 = Release|Any CPU
		{4C09FEE1-DECB-42EC-9B0A-DAD7E7232005}.test|Any CPU.ActiveCfg = Release|Any CPU
		{4C09FEE1-DECB-42EC-9B0A-DAD7E7232005}.test|Any CPU.Build.0 = Release|Any CPU
		{4C09FEE1-DECB-42EC-9B0A-DAD7E7232005}.Trial|Any CPU.ActiveCfg = Release|Any CPU
		{4C09FEE1-DECB-42EC-9B0A-DAD7E7232005}.Trial|Any CPU.Build.0 = Release|Any CPU
		{A29F84FD-7B81-4F4B-BC27-E24CCB7D70D7}.Debug|Any CPU.ActiveCfg = Debug|Any CPU
		{A29F84FD-7B81-4F4B-BC27-E24CCB7D70D7}.Debug|Any CPU.Build.0 = Debug|Any CPU
		{A29F84FD-7B81-4F4B-BC27-E24CCB7D70D7}.Lite|Any CPU.ActiveCfg = Release|Any CPU
		{A29F84FD-7B81-4F4B-BC27-E24CCB7D70D7}.Lite|Any CPU.Build.0 = Release|Any CPU
		{A29F84FD-7B81-4F4B-BC27-E24CCB7D70D7}.Release|Any CPU.ActiveCfg = Release|Any CPU
		{A29F84FD-7B81-4F4B-BC27-E24CCB7D70D7}.Release|Any CPU.Build.0 = Release|Any CPU
		{A29F84FD-7B81-4F4B-BC27-E24CCB7D70D7}.test|Any CPU.ActiveCfg = Release|Any CPU
		{A29F84FD-7B81-4F4B-BC27-E24CCB7D70D7}.test|Any CPU.Build.0 = Release|Any CPU
		{A29F84FD-7B81-4F4B-BC27-E24CCB7D70D7}.Trial|Any CPU.ActiveCfg = Release|Any CPU
		{A29F84FD-7B81-4F4B-BC27-E24CCB7D70D7}.Trial|Any CPU.Build.0 = Release|Any CPU
		{580D0DA8-3CA0-44AE-8BB5-58167870A59D}.Debug|Any CPU.ActiveCfg = Debug|Any CPU
		{580D0DA8-3CA0-44AE-8BB5-58167870A59D}.Debug|Any CPU.Build.0 = Debug|Any CPU
		{580D0DA8-3CA0-44AE-8BB5-58167870A59D}.Lite|Any CPU.ActiveCfg = Release|Any CPU
		{580D0DA8-3CA0-44AE-8BB5-58167870A59D}.Lite|Any CPU.Build.0 = Release|Any CPU
		{580D0DA8-3CA0-44AE-8BB5-58167870A59D}.Release|Any CPU.ActiveCfg = Release|Any CPU
		{580D0DA8-3CA0-44AE-8BB5-58167870A59D}.Release|Any CPU.Build.0 = Release|Any CPU
		{580D0DA8-3CA0-44AE-8BB5-58167870A59D}.test|Any CPU.ActiveCfg = Release|Any CPU
		{580D0DA8-3CA0-44AE-8BB5-58167870A59D}.test|Any CPU.Build.0 = Release|Any CPU
		{580D0DA8-3CA0-44AE-8BB5-58167870A59D}.Trial|Any CPU.ActiveCfg = Release|Any CPU
		{580D0DA8-3CA0-44AE-8BB5-58167870A59D}.Trial|Any CPU.Build.0 = Release|Any CPU
		{E307FD34-F8C3-42FB-A45B-2469446BAC88}.Debug|Any CPU.ActiveCfg = Debug|Any CPU
		{E307FD34-F8C3-42FB-A45B-2469446BAC88}.Debug|Any CPU.Build.0 = Debug|Any CPU
		{E307FD34-F8C3-42FB-A45B-2469446BAC88}.Lite|Any CPU.ActiveCfg = Release|Any CPU
		{E307FD34-F8C3-42FB-A45B-2469446BAC88}.Lite|Any CPU.Build.0 = Release|Any CPU
		{E307FD34-F8C3-42FB-A45B-2469446BAC88}.Release|Any CPU.ActiveCfg = Release|Any CPU
		{E307FD34-F8C3-42FB-A45B-2469446BAC88}.Release|Any CPU.Build.0 = Release|Any CPU
		{E307FD34-F8C3-42FB-A45B-2469446BAC88}.test|Any CPU.ActiveCfg = Release|Any CPU
		{E307FD34-F8C3-42FB-A45B-2469446BAC88}.test|Any CPU.Build.0 = Release|Any CPU
		{E307FD34-F8C3-42FB-A45B-2469446BAC88}.Trial|Any CPU.ActiveCfg = Release|Any CPU
		{E307FD34-F8C3-42FB-A45B-2469446BAC88}.Trial|Any CPU.Build.0 = Release|Any CPU
		{D746B3CE-A6E6-44AA-A25A-4A89C81AFD81}.Debug|Any CPU.ActiveCfg = Debug|Any CPU
		{D746B3CE-A6E6-44AA-A25A-4A89C81AFD81}.Debug|Any CPU.Build.0 = Debug|Any CPU
		{D746B3CE-A6E6-44AA-A25A-4A89C81AFD81}.Lite|Any CPU.ActiveCfg = Release|Any CPU
		{D746B3CE-A6E6-44AA-A25A-4A89C81AFD81}.Lite|Any CPU.Build.0 = Release|Any CPU
		{D746B3CE-A6E6-44AA-A25A-4A89C81AFD81}.Release|Any CPU.ActiveCfg = Release|Any CPU
		{D746B3CE-A6E6-44AA-A25A-4A89C81AFD81}.Release|Any CPU.Build.0 = Release|Any CPU
		{D746B3CE-A6E6-44AA-A25A-4A89C81AFD81}.test|Any CPU.ActiveCfg = Release|Any CPU
		{D746B3CE-A6E6-44AA-A25A-4A89C81AFD81}.test|Any CPU.Build.0 = Release|Any CPU
		{D746B3CE-A6E6-44AA-A25A-4A89C81AFD81}.Trial|Any CPU.ActiveCfg = Release|Any CPU
		{D746B3CE-A6E6-44AA-A25A-4A89C81AFD81}.Trial|Any CPU.Build.0 = Release|Any CPU
		{5366AA35-2E43-45F2-B3CD-F4957893C55B}.Debug|Any CPU.ActiveCfg = Debug|Any CPU
		{5366AA35-2E43-45F2-B3CD-F4957893C55B}.Debug|Any CPU.Build.0 = Debug|Any CPU
		{5366AA35-2E43-45F2-B3CD-F4957893C55B}.Lite|Any CPU.ActiveCfg = Release|Any CPU
		{5366AA35-2E43-45F2-B3CD-F4957893C55B}.Lite|Any CPU.Build.0 = Release|Any CPU
		{5366AA35-2E43-45F2-B3CD-F4957893C55B}.Release|Any CPU.ActiveCfg = Release|Any CPU
		{5366AA35-2E43-45F2-B3CD-F4957893C55B}.Release|Any CPU.Build.0 = Release|Any CPU
		{5366AA35-2E43-45F2-B3CD-F4957893C55B}.test|Any CPU.ActiveCfg = Release|Any CPU
		{5366AA35-2E43-45F2-B3CD-F4957893C55B}.test|Any CPU.Build.0 = Release|Any CPU
		{5366AA35-2E43-45F2-B3CD-F4957893C55B}.Trial|Any CPU.ActiveCfg = Release|Any CPU
		{5366AA35-2E43-45F2-B3CD-F4957893C55B}.Trial|Any CPU.Build.0 = Release|Any CPU
		{957A0E98-B753-4371-B862-93BC9060FDB2}.Debug|Any CPU.ActiveCfg = Debug|Any CPU
		{957A0E98-B753-4371-B862-93BC9060FDB2}.Debug|Any CPU.Build.0 = Debug|Any CPU
		{957A0E98-B753-4371-B862-93BC9060FDB2}.Lite|Any CPU.ActiveCfg = Release|Any CPU
		{957A0E98-B753-4371-B862-93BC9060FDB2}.Lite|Any CPU.Build.0 = Release|Any CPU
		{957A0E98-B753-4371-B862-93BC9060FDB2}.Release|Any CPU.ActiveCfg = Release|Any CPU
		{957A0E98-B753-4371-B862-93BC9060FDB2}.Release|Any CPU.Build.0 = Release|Any CPU
		{957A0E98-B753-4371-B862-93BC9060FDB2}.test|Any CPU.ActiveCfg = Release|Any CPU
		{957A0E98-B753-4371-B862-93BC9060FDB2}.test|Any CPU.Build.0 = Release|Any CPU
		{957A0E98-B753-4371-B862-93BC9060FDB2}.Trial|Any CPU.ActiveCfg = Release|Any CPU
		{957A0E98-B753-4371-B862-93BC9060FDB2}.Trial|Any CPU.Build.0 = Release|Any CPU
		{6A39B01C-93B2-4CA9-9E51-A8A75E8E3EAC}.Debug|Any CPU.ActiveCfg = Debug|Any CPU
		{6A39B01C-93B2-4CA9-9E51-A8A75E8E3EAC}.Debug|Any CPU.Build.0 = Debug|Any CPU
		{6A39B01C-93B2-4CA9-9E51-A8A75E8E3EAC}.Lite|Any CPU.ActiveCfg = Release|Any CPU
		{6A39B01C-93B2-4CA9-9E51-A8A75E8E3EAC}.Lite|Any CPU.Build.0 = Release|Any CPU
		{6A39B01C-93B2-4CA9-9E51-A8A75E8E3EAC}.Release|Any CPU.ActiveCfg = Release|Any CPU
		{6A39B01C-93B2-4CA9-9E51-A8A75E8E3EAC}.Release|Any CPU.Build.0 = Release|Any CPU
		{6A39B01C-93B2-4CA9-9E51-A8A75E8E3EAC}.test|Any CPU.ActiveCfg = Release|Any CPU
		{6A39B01C-93B2-4CA9-9E51-A8A75E8E3EAC}.test|Any CPU.Build.0 = Release|Any CPU
		{6A39B01C-93B2-4CA9-9E51-A8A75E8E3EAC}.Trial|Any CPU.ActiveCfg = Release|Any CPU
		{6A39B01C-93B2-4CA9-9E51-A8A75E8E3EAC}.Trial|Any CPU.Build.0 = Release|Any CPU
		{31A7753E-0346-4950-ADE8-919EEFBB8484}.Debug|Any CPU.ActiveCfg = Debug|Any CPU
		{31A7753E-0346-4950-ADE8-919EEFBB8484}.Debug|Any CPU.Build.0 = Debug|Any CPU
		{31A7753E-0346-4950-ADE8-919EEFBB8484}.Lite|Any CPU.ActiveCfg = Release|Any CPU
		{31A7753E-0346-4950-ADE8-919EEFBB8484}.Lite|Any CPU.Build.0 = Release|Any CPU
		{31A7753E-0346-4950-ADE8-919EEFBB8484}.Release|Any CPU.ActiveCfg = Release|Any CPU
		{31A7753E-0346-4950-ADE8-919EEFBB8484}.Release|Any CPU.Build.0 = Release|Any CPU
		{31A7753E-0346-4950-ADE8-919EEFBB8484}.test|Any CPU.ActiveCfg = Release|Any CPU
		{31A7753E-0346-4950-ADE8-919EEFBB8484}.test|Any CPU.Build.0 = Release|Any CPU
		{31A7753E-0346-4950-ADE8-919EEFBB8484}.Trial|Any CPU.ActiveCfg = Release|Any CPU
		{31A7753E-0346-4950-ADE8-919EEFBB8484}.Trial|Any CPU.Build.0 = Release|Any CPU
		{BBCBBAD0-6D9B-4942-9735-D0065A5AE4D3}.Debug|Any CPU.ActiveCfg = Debug|Any CPU
		{BBCBBAD0-6D9B-4942-9735-D0065A5AE4D3}.Debug|Any CPU.Build.0 = Debug|Any CPU
		{BBCBBAD0-6D9B-4942-9735-D0065A5AE4D3}.Lite|Any CPU.ActiveCfg = Release|Any CPU
		{BBCBBAD0-6D9B-4942-9735-D0065A5AE4D3}.Lite|Any CPU.Build.0 = Release|Any CPU
		{BBCBBAD0-6D9B-4942-9735-D0065A5AE4D3}.Release|Any CPU.ActiveCfg = Release|Any CPU
		{BBCBBAD0-6D9B-4942-9735-D0065A5AE4D3}.Release|Any CPU.Build.0 = Release|Any CPU
		{BBCBBAD0-6D9B-4942-9735-D0065A5AE4D3}.test|Any CPU.ActiveCfg = Release|Any CPU
		{BBCBBAD0-6D9B-4942-9735-D0065A5AE4D3}.test|Any CPU.Build.0 = Release|Any CPU
		{BBCBBAD0-6D9B-4942-9735-D0065A5AE4D3}.Trial|Any CPU.ActiveCfg = Release|Any CPU
		{BBCBBAD0-6D9B-4942-9735-D0065A5AE4D3}.Trial|Any CPU.Build.0 = Release|Any CPU
		{7BD537A6-10F3-4383-B6BA-4FBD1469EA28}.Debug|Any CPU.ActiveCfg = Debug|Any CPU
		{7BD537A6-10F3-4383-B6BA-4FBD1469EA28}.Debug|Any CPU.Build.0 = Debug|Any CPU
		{7BD537A6-10F3-4383-B6BA-4FBD1469EA28}.Lite|Any CPU.ActiveCfg = Release|Any CPU
		{7BD537A6-10F3-4383-B6BA-4FBD1469EA28}.Lite|Any CPU.Build.0 = Release|Any CPU
		{7BD537A6-10F3-4383-B6BA-4FBD1469EA28}.Release|Any CPU.ActiveCfg = Release|Any CPU
		{7BD537A6-10F3-4383-B6BA-4FBD1469EA28}.Release|Any CPU.Build.0 = Release|Any CPU
		{7BD537A6-10F3-4383-B6BA-4FBD1469EA28}.test|Any CPU.ActiveCfg = Release|Any CPU
		{7BD537A6-10F3-4383-B6BA-4FBD1469EA28}.test|Any CPU.Build.0 = Release|Any CPU
		{7BD537A6-10F3-4383-B6BA-4FBD1469EA28}.Trial|Any CPU.ActiveCfg = Release|Any CPU
		{7BD537A6-10F3-4383-B6BA-4FBD1469EA28}.Trial|Any CPU.Build.0 = Release|Any CPU
		{1EC23670-AE8D-4195-98E6-30EBF7F65ED9}.Debug|Any CPU.ActiveCfg = Debug|Any CPU
		{1EC23670-AE8D-4195-98E6-30EBF7F65ED9}.Debug|Any CPU.Build.0 = Debug|Any CPU
		{1EC23670-AE8D-4195-98E6-30EBF7F65ED9}.Lite|Any CPU.ActiveCfg = Release|Any CPU
		{1EC23670-AE8D-4195-98E6-30EBF7F65ED9}.Lite|Any CPU.Build.0 = Release|Any CPU
		{1EC23670-AE8D-4195-98E6-30EBF7F65ED9}.Release|Any CPU.ActiveCfg = Release|Any CPU
		{1EC23670-AE8D-4195-98E6-30EBF7F65ED9}.Release|Any CPU.Build.0 = Release|Any CPU
		{1EC23670-AE8D-4195-98E6-30EBF7F65ED9}.test|Any CPU.ActiveCfg = Release|Any CPU
		{1EC23670-AE8D-4195-98E6-30EBF7F65ED9}.test|Any CPU.Build.0 = Release|Any CPU
		{1EC23670-AE8D-4195-98E6-30EBF7F65ED9}.Trial|Any CPU.ActiveCfg = Release|Any CPU
		{1EC23670-AE8D-4195-98E6-30EBF7F65ED9}.Trial|Any CPU.Build.0 = Release|Any CPU
		{7E894F74-9AE6-4C83-B4AA-F70BBD125B44}.Debug|Any CPU.ActiveCfg = Debug|Any CPU
		{7E894F74-9AE6-4C83-B4AA-F70BBD125B44}.Debug|Any CPU.Build.0 = Debug|Any CPU
		{7E894F74-9AE6-4C83-B4AA-F70BBD125B44}.Lite|Any CPU.ActiveCfg = Release|Any CPU
		{7E894F74-9AE6-4C83-B4AA-F70BBD125B44}.Lite|Any CPU.Build.0 = Release|Any CPU
		{7E894F74-9AE6-4C83-B4AA-F70BBD125B44}.Release|Any CPU.ActiveCfg = Release|Any CPU
		{7E894F74-9AE6-4C83-B4AA-F70BBD125B44}.Release|Any CPU.Build.0 = Release|Any CPU
		{7E894F74-9AE6-4C83-B4AA-F70BBD125B44}.test|Any CPU.ActiveCfg = Release|Any CPU
		{7E894F74-9AE6-4C83-B4AA-F70BBD125B44}.test|Any CPU.Build.0 = Release|Any CPU
		{7E894F74-9AE6-4C83-B4AA-F70BBD125B44}.Trial|Any CPU.ActiveCfg = Release|Any CPU
		{7E894F74-9AE6-4C83-B4AA-F70BBD125B44}.Trial|Any CPU.Build.0 = Release|Any CPU
		{E5B51FF3-E600-4773-839C-38DF7C1038A0}.Debug|Any CPU.ActiveCfg = Debug|Any CPU
		{E5B51FF3-E600-4773-839C-38DF7C1038A0}.Debug|Any CPU.Build.0 = Debug|Any CPU
		{E5B51FF3-E600-4773-839C-38DF7C1038A0}.Lite|Any CPU.ActiveCfg = Release|Any CPU
		{E5B51FF3-E600-4773-839C-38DF7C1038A0}.Lite|Any CPU.Build.0 = Release|Any CPU
		{E5B51FF3-E600-4773-839C-38DF7C1038A0}.Release|Any CPU.ActiveCfg = Release|Any CPU
		{E5B51FF3-E600-4773-839C-38DF7C1038A0}.Release|Any CPU.Build.0 = Release|Any CPU
		{E5B51FF3-E600-4773-839C-38DF7C1038A0}.test|Any CPU.ActiveCfg = Release|Any CPU
		{E5B51FF3-E600-4773-839C-38DF7C1038A0}.test|Any CPU.Build.0 = Release|Any CPU
		{E5B51FF3-E600-4773-839C-38DF7C1038A0}.Trial|Any CPU.ActiveCfg = Release|Any CPU
		{E5B51FF3-E600-4773-839C-38DF7C1038A0}.Trial|Any CPU.Build.0 = Release|Any CPU
		{EAD26D12-F7DA-4458-8919-FCDF4F507C9A}.Debug|Any CPU.ActiveCfg = Debug|Any CPU
		{EAD26D12-F7DA-4458-8919-FCDF4F507C9A}.Debug|Any CPU.Build.0 = Debug|Any CPU
		{EAD26D12-F7DA-4458-8919-FCDF4F507C9A}.Lite|Any CPU.ActiveCfg = Release|Any CPU
		{EAD26D12-F7DA-4458-8919-FCDF4F507C9A}.Lite|Any CPU.Build.0 = Release|Any CPU
		{EAD26D12-F7DA-4458-8919-FCDF4F507C9A}.Release|Any CPU.ActiveCfg = Release|Any CPU
		{EAD26D12-F7DA-4458-8919-FCDF4F507C9A}.Release|Any CPU.Build.0 = Release|Any CPU
		{EAD26D12-F7DA-4458-8919-FCDF4F507C9A}.test|Any CPU.ActiveCfg = Release|Any CPU
		{EAD26D12-F7DA-4458-8919-FCDF4F507C9A}.test|Any CPU.Build.0 = Release|Any CPU
		{EAD26D12-F7DA-4458-8919-FCDF4F507C9A}.Trial|Any CPU.ActiveCfg = Release|Any CPU
		{EAD26D12-F7DA-4458-8919-FCDF4F507C9A}.Trial|Any CPU.Build.0 = Release|Any CPU
		{01F99FD7-E7B8-4F52-B3B8-E6796F98DA58}.Debug|Any CPU.ActiveCfg = Debug|Any CPU
		{01F99FD7-E7B8-4F52-B3B8-E6796F98DA58}.Debug|Any CPU.Build.0 = Debug|Any CPU
		{01F99FD7-E7B8-4F52-B3B8-E6796F98DA58}.Lite|Any CPU.ActiveCfg = Release|Any CPU
		{01F99FD7-E7B8-4F52-B3B8-E6796F98DA58}.Lite|Any CPU.Build.0 = Release|Any CPU
		{01F99FD7-E7B8-4F52-B3B8-E6796F98DA58}.Release|Any CPU.ActiveCfg = Release|Any CPU
		{01F99FD7-E7B8-4F52-B3B8-E6796F98DA58}.Release|Any CPU.Build.0 = Release|Any CPU
		{01F99FD7-E7B8-4F52-B3B8-E6796F98DA58}.test|Any CPU.ActiveCfg = Release|Any CPU
		{01F99FD7-E7B8-4F52-B3B8-E6796F98DA58}.test|Any CPU.Build.0 = Release|Any CPU
		{01F99FD7-E7B8-4F52-B3B8-E6796F98DA58}.Trial|Any CPU.ActiveCfg = Release|Any CPU
		{01F99FD7-E7B8-4F52-B3B8-E6796F98DA58}.Trial|Any CPU.Build.0 = Release|Any CPU
		{DD838E83-EFCC-42E2-A611-8A0E0B260F09}.Debug|Any CPU.ActiveCfg = Debug|Any CPU
		{DD838E83-EFCC-42E2-A611-8A0E0B260F09}.Debug|Any CPU.Build.0 = Debug|Any CPU
		{DD838E83-EFCC-42E2-A611-8A0E0B260F09}.Lite|Any CPU.ActiveCfg = Release|Any CPU
		{DD838E83-EFCC-42E2-A611-8A0E0B260F09}.Lite|Any CPU.Build.0 = Release|Any CPU
		{DD838E83-EFCC-42E2-A611-8A0E0B260F09}.Release|Any CPU.ActiveCfg = Release|Any CPU
		{DD838E83-EFCC-42E2-A611-8A0E0B260F09}.Release|Any CPU.Build.0 = Release|Any CPU
		{DD838E83-EFCC-42E2-A611-8A0E0B260F09}.test|Any CPU.ActiveCfg = Release|Any CPU
		{DD838E83-EFCC-42E2-A611-8A0E0B260F09}.test|Any CPU.Build.0 = Release|Any CPU
		{DD838E83-EFCC-42E2-A611-8A0E0B260F09}.Trial|Any CPU.ActiveCfg = Release|Any CPU
		{DD838E83-EFCC-42E2-A611-8A0E0B260F09}.Trial|Any CPU.Build.0 = Release|Any CPU
		{336821A4-C1AB-48D8-BF3E-41101D6DA1B2}.Debug|Any CPU.ActiveCfg = Debug|Any CPU
		{336821A4-C1AB-48D8-BF3E-41101D6DA1B2}.Debug|Any CPU.Build.0 = Debug|Any CPU
		{336821A4-C1AB-48D8-BF3E-41101D6DA1B2}.Lite|Any CPU.ActiveCfg = Release|Any CPU
		{336821A4-C1AB-48D8-BF3E-41101D6DA1B2}.Lite|Any CPU.Build.0 = Release|Any CPU
		{336821A4-C1AB-48D8-BF3E-41101D6DA1B2}.Release|Any CPU.ActiveCfg = Release|Any CPU
		{336821A4-C1AB-48D8-BF3E-41101D6DA1B2}.Release|Any CPU.Build.0 = Release|Any CPU
		{336821A4-C1AB-48D8-BF3E-41101D6DA1B2}.test|Any CPU.ActiveCfg = Release|Any CPU
		{336821A4-C1AB-48D8-BF3E-41101D6DA1B2}.test|Any CPU.Build.0 = Release|Any CPU
		{336821A4-C1AB-48D8-BF3E-41101D6DA1B2}.Trial|Any CPU.ActiveCfg = Release|Any CPU
		{336821A4-C1AB-48D8-BF3E-41101D6DA1B2}.Trial|Any CPU.Build.0 = Release|Any CPU
		{DDB86B5D-15EB-4E7B-85A6-FD169C9ED725}.Debug|Any CPU.ActiveCfg = Debug|Any CPU
		{DDB86B5D-15EB-4E7B-85A6-FD169C9ED725}.Debug|Any CPU.Build.0 = Debug|Any CPU
		{DDB86B5D-15EB-4E7B-85A6-FD169C9ED725}.Lite|Any CPU.ActiveCfg = Release|Any CPU
		{DDB86B5D-15EB-4E7B-85A6-FD169C9ED725}.Lite|Any CPU.Build.0 = Release|Any CPU
		{DDB86B5D-15EB-4E7B-85A6-FD169C9ED725}.Release|Any CPU.ActiveCfg = Release|Any CPU
		{DDB86B5D-15EB-4E7B-85A6-FD169C9ED725}.Release|Any CPU.Build.0 = Release|Any CPU
		{DDB86B5D-15EB-4E7B-85A6-FD169C9ED725}.test|Any CPU.ActiveCfg = Release|Any CPU
		{DDB86B5D-15EB-4E7B-85A6-FD169C9ED725}.test|Any CPU.Build.0 = Release|Any CPU
		{DDB86B5D-15EB-4E7B-85A6-FD169C9ED725}.Trial|Any CPU.ActiveCfg = Release|Any CPU
		{DDB86B5D-15EB-4E7B-85A6-FD169C9ED725}.Trial|Any CPU.Build.0 = Release|Any CPU
		{FE5B59D4-36E6-49D1-9145-75203C7F4A52}.Debug|Any CPU.ActiveCfg = Debug|Any CPU
		{FE5B59D4-36E6-49D1-9145-75203C7F4A52}.Debug|Any CPU.Build.0 = Debug|Any CPU
		{FE5B59D4-36E6-49D1-9145-75203C7F4A52}.Lite|Any CPU.ActiveCfg = Release|Any CPU
		{FE5B59D4-36E6-49D1-9145-75203C7F4A52}.Lite|Any CPU.Build.0 = Release|Any CPU
		{FE5B59D4-36E6-49D1-9145-75203C7F4A52}.Release|Any CPU.ActiveCfg = Release|Any CPU
		{FE5B59D4-36E6-49D1-9145-75203C7F4A52}.Release|Any CPU.Build.0 = Release|Any CPU
		{FE5B59D4-36E6-49D1-9145-75203C7F4A52}.test|Any CPU.ActiveCfg = Release|Any CPU
		{FE5B59D4-36E6-49D1-9145-75203C7F4A52}.test|Any CPU.Build.0 = Release|Any CPU
		{FE5B59D4-36E6-49D1-9145-75203C7F4A52}.Trial|Any CPU.ActiveCfg = Release|Any CPU
		{FE5B59D4-36E6-49D1-9145-75203C7F4A52}.Trial|Any CPU.Build.0 = Release|Any CPU
		{CC7C424F-2A42-40B0-A840-0B58D4065624}.Debug|Any CPU.ActiveCfg = Debug|Any CPU
		{CC7C424F-2A42-40B0-A840-0B58D4065624}.Debug|Any CPU.Build.0 = Debug|Any CPU
		{CC7C424F-2A42-40B0-A840-0B58D4065624}.Lite|Any CPU.ActiveCfg = Release|Any CPU
		{CC7C424F-2A42-40B0-A840-0B58D4065624}.Lite|Any CPU.Build.0 = Release|Any CPU
		{CC7C424F-2A42-40B0-A840-0B58D4065624}.Release|Any CPU.ActiveCfg = Release|Any CPU
		{CC7C424F-2A42-40B0-A840-0B58D4065624}.Release|Any CPU.Build.0 = Release|Any CPU
		{CC7C424F-2A42-40B0-A840-0B58D4065624}.test|Any CPU.ActiveCfg = Release|Any CPU
		{CC7C424F-2A42-40B0-A840-0B58D4065624}.test|Any CPU.Build.0 = Release|Any CPU
		{CC7C424F-2A42-40B0-A840-0B58D4065624}.Trial|Any CPU.ActiveCfg = Release|Any CPU
		{CC7C424F-2A42-40B0-A840-0B58D4065624}.Trial|Any CPU.Build.0 = Release|Any CPU
		{BBC84F44-4F6C-4CA4-A5F1-A1CDAC5C03E1}.Debug|Any CPU.ActiveCfg = Debug|Any CPU
		{BBC84F44-4F6C-4CA4-A5F1-A1CDAC5C03E1}.Debug|Any CPU.Build.0 = Debug|Any CPU
		{BBC84F44-4F6C-4CA4-A5F1-A1CDAC5C03E1}.Lite|Any CPU.ActiveCfg = Release|Any CPU
		{BBC84F44-4F6C-4CA4-A5F1-A1CDAC5C03E1}.Lite|Any CPU.Build.0 = Release|Any CPU
		{BBC84F44-4F6C-4CA4-A5F1-A1CDAC5C03E1}.Release|Any CPU.ActiveCfg = Release|Any CPU
		{BBC84F44-4F6C-4CA4-A5F1-A1CDAC5C03E1}.Release|Any CPU.Build.0 = Release|Any CPU
		{BBC84F44-4F6C-4CA4-A5F1-A1CDAC5C03E1}.test|Any CPU.ActiveCfg = Release|Any CPU
		{BBC84F44-4F6C-4CA4-A5F1-A1CDAC5C03E1}.test|Any CPU.Build.0 = Release|Any CPU
		{BBC84F44-4F6C-4CA4-A5F1-A1CDAC5C03E1}.Trial|Any CPU.ActiveCfg = Release|Any CPU
		{BBC84F44-4F6C-4CA4-A5F1-A1CDAC5C03E1}.Trial|Any CPU.Build.0 = Release|Any CPU
		{DA5CEB2C-9EDA-4FFC-89C2-56F52FA930C6}.Debug|Any CPU.ActiveCfg = Debug|Any CPU
		{DA5CEB2C-9EDA-4FFC-89C2-56F52FA930C6}.Debug|Any CPU.Build.0 = Debug|Any CPU
		{DA5CEB2C-9EDA-4FFC-89C2-56F52FA930C6}.Lite|Any CPU.ActiveCfg = Release|Any CPU
		{DA5CEB2C-9EDA-4FFC-89C2-56F52FA930C6}.Lite|Any CPU.Build.0 = Release|Any CPU
		{DA5CEB2C-9EDA-4FFC-89C2-56F52FA930C6}.Release|Any CPU.ActiveCfg = Release|Any CPU
		{DA5CEB2C-9EDA-4FFC-89C2-56F52FA930C6}.Release|Any CPU.Build.0 = Release|Any CPU
		{DA5CEB2C-9EDA-4FFC-89C2-56F52FA930C6}.test|Any CPU.ActiveCfg = Release|Any CPU
		{DA5CEB2C-9EDA-4FFC-89C2-56F52FA930C6}.test|Any CPU.Build.0 = Release|Any CPU
		{DA5CEB2C-9EDA-4FFC-89C2-56F52FA930C6}.Trial|Any CPU.ActiveCfg = Release|Any CPU
		{DA5CEB2C-9EDA-4FFC-89C2-56F52FA930C6}.Trial|Any CPU.Build.0 = Release|Any CPU
		{A7E70165-07D1-4141-8FCB-49E519958632}.Debug|Any CPU.ActiveCfg = Debug|Any CPU
		{A7E70165-07D1-4141-8FCB-49E519958632}.Debug|Any CPU.Build.0 = Debug|Any CPU
		{A7E70165-07D1-4141-8FCB-49E519958632}.Lite|Any CPU.ActiveCfg = Release|Any CPU
		{A7E70165-07D1-4141-8FCB-49E519958632}.Lite|Any CPU.Build.0 = Release|Any CPU
		{A7E70165-07D1-4141-8FCB-49E519958632}.Release|Any CPU.ActiveCfg = Release|Any CPU
		{A7E70165-07D1-4141-8FCB-49E519958632}.Release|Any CPU.Build.0 = Release|Any CPU
		{A7E70165-07D1-4141-8FCB-49E519958632}.test|Any CPU.ActiveCfg = Release|Any CPU
		{A7E70165-07D1-4141-8FCB-49E519958632}.test|Any CPU.Build.0 = Release|Any CPU
		{A7E70165-07D1-4141-8FCB-49E519958632}.Trial|Any CPU.ActiveCfg = Release|Any CPU
		{A7E70165-07D1-4141-8FCB-49E519958632}.Trial|Any CPU.Build.0 = Release|Any CPU
		{39B0A0AF-494B-4803-A830-C97F3390A574}.Debug|Any CPU.ActiveCfg = Debug|Any CPU
		{39B0A0AF-494B-4803-A830-C97F3390A574}.Debug|Any CPU.Build.0 = Debug|Any CPU
		{39B0A0AF-494B-4803-A830-C97F3390A574}.Lite|Any CPU.ActiveCfg = Release|Any CPU
		{39B0A0AF-494B-4803-A830-C97F3390A574}.Lite|Any CPU.Build.0 = Release|Any CPU
		{39B0A0AF-494B-4803-A830-C97F3390A574}.Release|Any CPU.ActiveCfg = Release|Any CPU
		{39B0A0AF-494B-4803-A830-C97F3390A574}.Release|Any CPU.Build.0 = Release|Any CPU
		{39B0A0AF-494B-4803-A830-C97F3390A574}.test|Any CPU.ActiveCfg = Release|Any CPU
		{39B0A0AF-494B-4803-A830-C97F3390A574}.test|Any CPU.Build.0 = Release|Any CPU
		{39B0A0AF-494B-4803-A830-C97F3390A574}.Trial|Any CPU.ActiveCfg = Release|Any CPU
		{39B0A0AF-494B-4803-A830-C97F3390A574}.Trial|Any CPU.Build.0 = Release|Any CPU
		{9EF9A09E-91CA-4C8D-B99E-401F9FA8AF97}.Debug|Any CPU.ActiveCfg = Debug|Any CPU
		{9EF9A09E-91CA-4C8D-B99E-401F9FA8AF97}.Debug|Any CPU.Build.0 = Debug|Any CPU
		{9EF9A09E-91CA-4C8D-B99E-401F9FA8AF97}.Lite|Any CPU.ActiveCfg = Release|Any CPU
		{9EF9A09E-91CA-4C8D-B99E-401F9FA8AF97}.Lite|Any CPU.Build.0 = Release|Any CPU
		{9EF9A09E-91CA-4C8D-B99E-401F9FA8AF97}.Release|Any CPU.ActiveCfg = Release|Any CPU
		{9EF9A09E-91CA-4C8D-B99E-401F9FA8AF97}.Release|Any CPU.Build.0 = Release|Any CPU
		{9EF9A09E-91CA-4C8D-B99E-401F9FA8AF97}.test|Any CPU.ActiveCfg = Release|Any CPU
		{9EF9A09E-91CA-4C8D-B99E-401F9FA8AF97}.test|Any CPU.Build.0 = Release|Any CPU
		{9EF9A09E-91CA-4C8D-B99E-401F9FA8AF97}.Trial|Any CPU.ActiveCfg = Release|Any CPU
		{9EF9A09E-91CA-4C8D-B99E-401F9FA8AF97}.Trial|Any CPU.Build.0 = Release|Any CPU
		{91AC77B6-9EBB-496B-A021-309B0980C352}.Debug|Any CPU.ActiveCfg = Debug|Any CPU
		{91AC77B6-9EBB-496B-A021-309B0980C352}.Debug|Any CPU.Build.0 = Debug|Any CPU
		{91AC77B6-9EBB-496B-A021-309B0980C352}.Lite|Any CPU.ActiveCfg = Release|Any CPU
		{91AC77B6-9EBB-496B-A021-309B0980C352}.Lite|Any CPU.Build.0 = Release|Any CPU
		{91AC77B6-9EBB-496B-A021-309B0980C352}.Release|Any CPU.ActiveCfg = Release|Any CPU
		{91AC77B6-9EBB-496B-A021-309B0980C352}.Release|Any CPU.Build.0 = Release|Any CPU
		{91AC77B6-9EBB-496B-A021-309B0980C352}.test|Any CPU.ActiveCfg = Release|Any CPU
		{91AC77B6-9EBB-496B-A021-309B0980C352}.test|Any CPU.Build.0 = Release|Any CPU
		{91AC77B6-9EBB-496B-A021-309B0980C352}.Trial|Any CPU.ActiveCfg = Release|Any CPU
		{91AC77B6-9EBB-496B-A021-309B0980C352}.Trial|Any CPU.Build.0 = Release|Any CPU
		{51263FCE-A38E-4FBE-9FC9-32D4B969B550}.Debug|Any CPU.ActiveCfg = Debug|Any CPU
		{51263FCE-A38E-4FBE-9FC9-32D4B969B550}.Debug|Any CPU.Build.0 = Debug|Any CPU
		{51263FCE-A38E-4FBE-9FC9-32D4B969B550}.Lite|Any CPU.ActiveCfg = Release|Any CPU
		{51263FCE-A38E-4FBE-9FC9-32D4B969B550}.Lite|Any CPU.Build.0 = Release|Any CPU
		{51263FCE-A38E-4FBE-9FC9-32D4B969B550}.Release|Any CPU.ActiveCfg = Release|Any CPU
		{51263FCE-A38E-4FBE-9FC9-32D4B969B550}.Release|Any CPU.Build.0 = Release|Any CPU
		{51263FCE-A38E-4FBE-9FC9-32D4B969B550}.test|Any CPU.ActiveCfg = Release|Any CPU
		{51263FCE-A38E-4FBE-9FC9-32D4B969B550}.test|Any CPU.Build.0 = Release|Any CPU
		{51263FCE-A38E-4FBE-9FC9-32D4B969B550}.Trial|Any CPU.ActiveCfg = Release|Any CPU
		{51263FCE-A38E-4FBE-9FC9-32D4B969B550}.Trial|Any CPU.Build.0 = Release|Any CPU
		{C9148140-0DC1-426E-8B19-EF5705B72098}.Debug|Any CPU.ActiveCfg = Debug|Any CPU
		{C9148140-0DC1-426E-8B19-EF5705B72098}.Debug|Any CPU.Build.0 = Debug|Any CPU
		{C9148140-0DC1-426E-8B19-EF5705B72098}.Lite|Any CPU.ActiveCfg = Release|Any CPU
		{C9148140-0DC1-426E-8B19-EF5705B72098}.Lite|Any CPU.Build.0 = Release|Any CPU
		{C9148140-0DC1-426E-8B19-EF5705B72098}.Release|Any CPU.ActiveCfg = Release|Any CPU
		{C9148140-0DC1-426E-8B19-EF5705B72098}.Release|Any CPU.Build.0 = Release|Any CPU
		{C9148140-0DC1-426E-8B19-EF5705B72098}.test|Any CPU.ActiveCfg = Release|Any CPU
		{C9148140-0DC1-426E-8B19-EF5705B72098}.test|Any CPU.Build.0 = Release|Any CPU
		{C9148140-0DC1-426E-8B19-EF5705B72098}.Trial|Any CPU.ActiveCfg = Release|Any CPU
		{C9148140-0DC1-426E-8B19-EF5705B72098}.Trial|Any CPU.Build.0 = Release|Any CPU
		{A43C7691-7358-48D7-AC5C-FF9F0FB7BB71}.Debug|Any CPU.ActiveCfg = Debug|Any CPU
		{A43C7691-7358-48D7-AC5C-FF9F0FB7BB71}.Debug|Any CPU.Build.0 = Debug|Any CPU
		{A43C7691-7358-48D7-AC5C-FF9F0FB7BB71}.Lite|Any CPU.ActiveCfg = Release|Any CPU
		{A43C7691-7358-48D7-AC5C-FF9F0FB7BB71}.Lite|Any CPU.Build.0 = Release|Any CPU
		{A43C7691-7358-48D7-AC5C-FF9F0FB7BB71}.Release|Any CPU.ActiveCfg = Release|Any CPU
		{A43C7691-7358-48D7-AC5C-FF9F0FB7BB71}.Release|Any CPU.Build.0 = Release|Any CPU
		{A43C7691-7358-48D7-AC5C-FF9F0FB7BB71}.test|Any CPU.ActiveCfg = Release|Any CPU
		{A43C7691-7358-48D7-AC5C-FF9F0FB7BB71}.test|Any CPU.Build.0 = Release|Any CPU
		{A43C7691-7358-48D7-AC5C-FF9F0FB7BB71}.Trial|Any CPU.ActiveCfg = Release|Any CPU
		{A43C7691-7358-48D7-AC5C-FF9F0FB7BB71}.Trial|Any CPU.Build.0 = Release|Any CPU
		{8F4381D8-E063-463D-B40A-5BE0F662A5C2}.Debug|Any CPU.ActiveCfg = Debug|Any CPU
		{8F4381D8-E063-463D-B40A-5BE0F662A5C2}.Debug|Any CPU.Build.0 = Debug|Any CPU
		{8F4381D8-E063-463D-B40A-5BE0F662A5C2}.Lite|Any CPU.ActiveCfg = Release|Any CPU
		{8F4381D8-E063-463D-B40A-5BE0F662A5C2}.Lite|Any CPU.Build.0 = Release|Any CPU
		{8F4381D8-E063-463D-B40A-5BE0F662A5C2}.Release|Any CPU.ActiveCfg = Release|Any CPU
		{8F4381D8-E063-463D-B40A-5BE0F662A5C2}.Release|Any CPU.Build.0 = Release|Any CPU
		{8F4381D8-E063-463D-B40A-5BE0F662A5C2}.test|Any CPU.ActiveCfg = Release|Any CPU
		{8F4381D8-E063-463D-B40A-5BE0F662A5C2}.test|Any CPU.Build.0 = Release|Any CPU
		{8F4381D8-E063-463D-B40A-5BE0F662A5C2}.Trial|Any CPU.ActiveCfg = Release|Any CPU
		{8F4381D8-E063-463D-B40A-5BE0F662A5C2}.Trial|Any CPU.Build.0 = Release|Any CPU
		{F47F0A1D-6DA5-4252-AEFF-5EA162E90D2A}.Debug|Any CPU.ActiveCfg = Debug|Any CPU
		{F47F0A1D-6DA5-4252-AEFF-5EA162E90D2A}.Debug|Any CPU.Build.0 = Debug|Any CPU
		{F47F0A1D-6DA5-4252-AEFF-5EA162E90D2A}.Lite|Any CPU.ActiveCfg = Release|Any CPU
		{F47F0A1D-6DA5-4252-AEFF-5EA162E90D2A}.Lite|Any CPU.Build.0 = Release|Any CPU
		{F47F0A1D-6DA5-4252-AEFF-5EA162E90D2A}.Release|Any CPU.ActiveCfg = Release|Any CPU
		{F47F0A1D-6DA5-4252-AEFF-5EA162E90D2A}.Release|Any CPU.Build.0 = Release|Any CPU
		{F47F0A1D-6DA5-4252-AEFF-5EA162E90D2A}.test|Any CPU.ActiveCfg = Release|Any CPU
		{F47F0A1D-6DA5-4252-AEFF-5EA162E90D2A}.test|Any CPU.Build.0 = Release|Any CPU
		{F47F0A1D-6DA5-4252-AEFF-5EA162E90D2A}.Trial|Any CPU.ActiveCfg = Release|Any CPU
		{F47F0A1D-6DA5-4252-AEFF-5EA162E90D2A}.Trial|Any CPU.Build.0 = Release|Any CPU
		{F1393918-60A1-4342-B1A0-AE46C6ECFE7F}.Debug|Any CPU.ActiveCfg = Debug|Any CPU
		{F1393918-60A1-4342-B1A0-AE46C6ECFE7F}.Debug|Any CPU.Build.0 = Debug|Any CPU
		{F1393918-60A1-4342-B1A0-AE46C6ECFE7F}.Lite|Any CPU.ActiveCfg = Release|Any CPU
		{F1393918-60A1-4342-B1A0-AE46C6ECFE7F}.Lite|Any CPU.Build.0 = Release|Any CPU
		{F1393918-60A1-4342-B1A0-AE46C6ECFE7F}.Release|Any CPU.ActiveCfg = Release|Any CPU
		{F1393918-60A1-4342-B1A0-AE46C6ECFE7F}.Release|Any CPU.Build.0 = Release|Any CPU
		{F1393918-60A1-4342-B1A0-AE46C6ECFE7F}.test|Any CPU.ActiveCfg = Release|Any CPU
		{F1393918-60A1-4342-B1A0-AE46C6ECFE7F}.test|Any CPU.Build.0 = Release|Any CPU
		{F1393918-60A1-4342-B1A0-AE46C6ECFE7F}.Trial|Any CPU.ActiveCfg = Release|Any CPU
		{F1393918-60A1-4342-B1A0-AE46C6ECFE7F}.Trial|Any CPU.Build.0 = Release|Any CPU
		{6050DC7C-5F89-4F63-A13F-985232B5038B}.Debug|Any CPU.ActiveCfg = Debug|Any CPU
		{6050DC7C-5F89-4F63-A13F-985232B5038B}.Debug|Any CPU.Build.0 = Debug|Any CPU
		{6050DC7C-5F89-4F63-A13F-985232B5038B}.Lite|Any CPU.ActiveCfg = Release|Any CPU
		{6050DC7C-5F89-4F63-A13F-985232B5038B}.Lite|Any CPU.Build.0 = Release|Any CPU
		{6050DC7C-5F89-4F63-A13F-985232B5038B}.Release|Any CPU.ActiveCfg = Release|Any CPU
		{6050DC7C-5F89-4F63-A13F-985232B5038B}.Release|Any CPU.Build.0 = Release|Any CPU
		{6050DC7C-5F89-4F63-A13F-985232B5038B}.test|Any CPU.ActiveCfg = Release|Any CPU
		{6050DC7C-5F89-4F63-A13F-985232B5038B}.test|Any CPU.Build.0 = Release|Any CPU
		{6050DC7C-5F89-4F63-A13F-985232B5038B}.Trial|Any CPU.ActiveCfg = Release|Any CPU
		{6050DC7C-5F89-4F63-A13F-985232B5038B}.Trial|Any CPU.Build.0 = Release|Any CPU
		{FE890566-78C0-472C-8C98-526C8AA58518}.Debug|Any CPU.ActiveCfg = Debug|Any CPU
		{FE890566-78C0-472C-8C98-526C8AA58518}.Debug|Any CPU.Build.0 = Debug|Any CPU
		{FE890566-78C0-472C-8C98-526C8AA58518}.Lite|Any CPU.ActiveCfg = Release|Any CPU
		{FE890566-78C0-472C-8C98-526C8AA58518}.Lite|Any CPU.Build.0 = Release|Any CPU
		{FE890566-78C0-472C-8C98-526C8AA58518}.Release|Any CPU.ActiveCfg = Release|Any CPU
		{FE890566-78C0-472C-8C98-526C8AA58518}.Release|Any CPU.Build.0 = Release|Any CPU
		{FE890566-78C0-472C-8C98-526C8AA58518}.test|Any CPU.ActiveCfg = Release|Any CPU
		{FE890566-78C0-472C-8C98-526C8AA58518}.test|Any CPU.Build.0 = Release|Any CPU
		{FE890566-78C0-472C-8C98-526C8AA58518}.Trial|Any CPU.ActiveCfg = Release|Any CPU
		{FE890566-78C0-472C-8C98-526C8AA58518}.Trial|Any CPU.Build.0 = Release|Any CPU
		{278BC547-FD36-444A-800E-E349ABEC0199}.Debug|Any CPU.ActiveCfg = Debug|Any CPU
		{278BC547-FD36-444A-800E-E349ABEC0199}.Debug|Any CPU.Build.0 = Debug|Any CPU
		{278BC547-FD36-444A-800E-E349ABEC0199}.Lite|Any CPU.ActiveCfg = Release|Any CPU
		{278BC547-FD36-444A-800E-E349ABEC0199}.Lite|Any CPU.Build.0 = Release|Any CPU
		{278BC547-FD36-444A-800E-E349ABEC0199}.Release|Any CPU.ActiveCfg = Release|Any CPU
		{278BC547-FD36-444A-800E-E349ABEC0199}.Release|Any CPU.Build.0 = Release|Any CPU
		{278BC547-FD36-444A-800E-E349ABEC0199}.test|Any CPU.ActiveCfg = Release|Any CPU
		{278BC547-FD36-444A-800E-E349ABEC0199}.test|Any CPU.Build.0 = Release|Any CPU
		{278BC547-FD36-444A-800E-E349ABEC0199}.Trial|Any CPU.ActiveCfg = Release|Any CPU
		{278BC547-FD36-444A-800E-E349ABEC0199}.Trial|Any CPU.Build.0 = Release|Any CPU
		{777882DB-D2FB-47E5-B79C-BF7C0B8AFA12}.Debug|Any CPU.ActiveCfg = Debug|Any CPU
		{777882DB-D2FB-47E5-B79C-BF7C0B8AFA12}.Debug|Any CPU.Build.0 = Debug|Any CPU
		{777882DB-D2FB-47E5-B79C-BF7C0B8AFA12}.Lite|Any CPU.ActiveCfg = Release|Any CPU
		{777882DB-D2FB-47E5-B79C-BF7C0B8AFA12}.Lite|Any CPU.Build.0 = Release|Any CPU
		{777882DB-D2FB-47E5-B79C-BF7C0B8AFA12}.Release|Any CPU.ActiveCfg = Release|Any CPU
		{777882DB-D2FB-47E5-B79C-BF7C0B8AFA12}.Release|Any CPU.Build.0 = Release|Any CPU
		{777882DB-D2FB-47E5-B79C-BF7C0B8AFA12}.test|Any CPU.ActiveCfg = Release|Any CPU
		{777882DB-D2FB-47E5-B79C-BF7C0B8AFA12}.test|Any CPU.Build.0 = Release|Any CPU
		{777882DB-D2FB-47E5-B79C-BF7C0B8AFA12}.Trial|Any CPU.ActiveCfg = Release|Any CPU
		{777882DB-D2FB-47E5-B79C-BF7C0B8AFA12}.Trial|Any CPU.Build.0 = Release|Any CPU
		{FF74CFBA-35A5-4AF4-889B-2FD98D5B386D}.Debug|Any CPU.ActiveCfg = Debug|Any CPU
		{FF74CFBA-35A5-4AF4-889B-2FD98D5B386D}.Debug|Any CPU.Build.0 = Debug|Any CPU
		{FF74CFBA-35A5-4AF4-889B-2FD98D5B386D}.Lite|Any CPU.ActiveCfg = Release|Any CPU
		{FF74CFBA-35A5-4AF4-889B-2FD98D5B386D}.Lite|Any CPU.Build.0 = Release|Any CPU
		{FF74CFBA-35A5-4AF4-889B-2FD98D5B386D}.Release|Any CPU.ActiveCfg = Release|Any CPU
		{FF74CFBA-35A5-4AF4-889B-2FD98D5B386D}.Release|Any CPU.Build.0 = Release|Any CPU
		{FF74CFBA-35A5-4AF4-889B-2FD98D5B386D}.test|Any CPU.ActiveCfg = Release|Any CPU
		{FF74CFBA-35A5-4AF4-889B-2FD98D5B386D}.test|Any CPU.Build.0 = Release|Any CPU
		{FF74CFBA-35A5-4AF4-889B-2FD98D5B386D}.Trial|Any CPU.ActiveCfg = Release|Any CPU
		{FF74CFBA-35A5-4AF4-889B-2FD98D5B386D}.Trial|Any CPU.Build.0 = Release|Any CPU
		{00202BF5-52AE-49AA-A1E9-041DC9DC1A1E}.Debug|Any CPU.ActiveCfg = Debug|Any CPU
		{00202BF5-52AE-49AA-A1E9-041DC9DC1A1E}.Debug|Any CPU.Build.0 = Debug|Any CPU
		{00202BF5-52AE-49AA-A1E9-041DC9DC1A1E}.Lite|Any CPU.ActiveCfg = Release|Any CPU
		{00202BF5-52AE-49AA-A1E9-041DC9DC1A1E}.Lite|Any CPU.Build.0 = Release|Any CPU
		{00202BF5-52AE-49AA-A1E9-041DC9DC1A1E}.Release|Any CPU.ActiveCfg = Release|Any CPU
		{00202BF5-52AE-49AA-A1E9-041DC9DC1A1E}.Release|Any CPU.Build.0 = Release|Any CPU
		{00202BF5-52AE-49AA-A1E9-041DC9DC1A1E}.test|Any CPU.ActiveCfg = Release|Any CPU
		{00202BF5-52AE-49AA-A1E9-041DC9DC1A1E}.test|Any CPU.Build.0 = Release|Any CPU
		{00202BF5-52AE-49AA-A1E9-041DC9DC1A1E}.Trial|Any CPU.ActiveCfg = Release|Any CPU
		{00202BF5-52AE-49AA-A1E9-041DC9DC1A1E}.Trial|Any CPU.Build.0 = Release|Any CPU
		{2B4B2CD3-BCBA-42F4-B1DA-3752169DA23A}.Debug|Any CPU.ActiveCfg = Debug|Any CPU
		{2B4B2CD3-BCBA-42F4-B1DA-3752169DA23A}.Debug|Any CPU.Build.0 = Debug|Any CPU
		{2B4B2CD3-BCBA-42F4-B1DA-3752169DA23A}.Lite|Any CPU.ActiveCfg = Release|Any CPU
		{2B4B2CD3-BCBA-42F4-B1DA-3752169DA23A}.Lite|Any CPU.Build.0 = Release|Any CPU
		{2B4B2CD3-BCBA-42F4-B1DA-3752169DA23A}.Release|Any CPU.ActiveCfg = Release|Any CPU
		{2B4B2CD3-BCBA-42F4-B1DA-3752169DA23A}.Release|Any CPU.Build.0 = Release|Any CPU
		{2B4B2CD3-BCBA-42F4-B1DA-3752169DA23A}.test|Any CPU.ActiveCfg = Release|Any CPU
		{2B4B2CD3-BCBA-42F4-B1DA-3752169DA23A}.test|Any CPU.Build.0 = Release|Any CPU
		{2B4B2CD3-BCBA-42F4-B1DA-3752169DA23A}.Trial|Any CPU.ActiveCfg = Release|Any CPU
		{2B4B2CD3-BCBA-42F4-B1DA-3752169DA23A}.Trial|Any CPU.Build.0 = Release|Any CPU
		{6CE68652-0136-4FEA-B93A-B27CF356B7C1}.Debug|Any CPU.ActiveCfg = Debug|Any CPU
		{6CE68652-0136-4FEA-B93A-B27CF356B7C1}.Debug|Any CPU.Build.0 = Debug|Any CPU
		{6CE68652-0136-4FEA-B93A-B27CF356B7C1}.Lite|Any CPU.ActiveCfg = Release|Any CPU
		{6CE68652-0136-4FEA-B93A-B27CF356B7C1}.Lite|Any CPU.Build.0 = Release|Any CPU
		{6CE68652-0136-4FEA-B93A-B27CF356B7C1}.Release|Any CPU.ActiveCfg = Release|Any CPU
		{6CE68652-0136-4FEA-B93A-B27CF356B7C1}.Release|Any CPU.Build.0 = Release|Any CPU
		{6CE68652-0136-4FEA-B93A-B27CF356B7C1}.test|Any CPU.ActiveCfg = Release|Any CPU
		{6CE68652-0136-4FEA-B93A-B27CF356B7C1}.test|Any CPU.Build.0 = Release|Any CPU
		{6CE68652-0136-4FEA-B93A-B27CF356B7C1}.Trial|Any CPU.ActiveCfg = Release|Any CPU
		{6CE68652-0136-4FEA-B93A-B27CF356B7C1}.Trial|Any CPU.Build.0 = Release|Any CPU
		{3B16AA7E-EDB3-4757-8C24-070743E29204}.Debug|Any CPU.ActiveCfg = Debug|Any CPU
		{3B16AA7E-EDB3-4757-8C24-070743E29204}.Debug|Any CPU.Build.0 = Debug|Any CPU
		{3B16AA7E-EDB3-4757-8C24-070743E29204}.Lite|Any CPU.ActiveCfg = Release|Any CPU
		{3B16AA7E-EDB3-4757-8C24-070743E29204}.Lite|Any CPU.Build.0 = Release|Any CPU
		{3B16AA7E-EDB3-4757-8C24-070743E29204}.Release|Any CPU.ActiveCfg = Release|Any CPU
		{3B16AA7E-EDB3-4757-8C24-070743E29204}.Release|Any CPU.Build.0 = Release|Any CPU
		{3B16AA7E-EDB3-4757-8C24-070743E29204}.test|Any CPU.ActiveCfg = Release|Any CPU
		{3B16AA7E-EDB3-4757-8C24-070743E29204}.test|Any CPU.Build.0 = Release|Any CPU
		{3B16AA7E-EDB3-4757-8C24-070743E29204}.Trial|Any CPU.ActiveCfg = Release|Any CPU
		{3B16AA7E-EDB3-4757-8C24-070743E29204}.Trial|Any CPU.Build.0 = Release|Any CPU
		{1534D9AF-5A8D-40AE-ADD4-A0217C0FF97D}.Debug|Any CPU.ActiveCfg = Debug|Any CPU
		{1534D9AF-5A8D-40AE-ADD4-A0217C0FF97D}.Debug|Any CPU.Build.0 = Debug|Any CPU
		{1534D9AF-5A8D-40AE-ADD4-A0217C0FF97D}.Lite|Any CPU.ActiveCfg = Release|Any CPU
		{1534D9AF-5A8D-40AE-ADD4-A0217C0FF97D}.Lite|Any CPU.Build.0 = Release|Any CPU
		{1534D9AF-5A8D-40AE-ADD4-A0217C0FF97D}.Release|Any CPU.ActiveCfg = Release|Any CPU
		{1534D9AF-5A8D-40AE-ADD4-A0217C0FF97D}.Release|Any CPU.Build.0 = Release|Any CPU
		{1534D9AF-5A8D-40AE-ADD4-A0217C0FF97D}.test|Any CPU.ActiveCfg = Release|Any CPU
		{1534D9AF-5A8D-40AE-ADD4-A0217C0FF97D}.test|Any CPU.Build.0 = Release|Any CPU
		{1534D9AF-5A8D-40AE-ADD4-A0217C0FF97D}.Trial|Any CPU.ActiveCfg = Release|Any CPU
		{1534D9AF-5A8D-40AE-ADD4-A0217C0FF97D}.Trial|Any CPU.Build.0 = Release|Any CPU
		{32CA52EA-3456-485D-82DF-D63BEA1BFA5E}.Debug|Any CPU.ActiveCfg = Debug|Any CPU
		{32CA52EA-3456-485D-82DF-D63BEA1BFA5E}.Debug|Any CPU.Build.0 = Debug|Any CPU
		{32CA52EA-3456-485D-82DF-D63BEA1BFA5E}.Lite|Any CPU.ActiveCfg = Release|Any CPU
		{32CA52EA-3456-485D-82DF-D63BEA1BFA5E}.Lite|Any CPU.Build.0 = Release|Any CPU
		{32CA52EA-3456-485D-82DF-D63BEA1BFA5E}.Release|Any CPU.ActiveCfg = Release|Any CPU
		{32CA52EA-3456-485D-82DF-D63BEA1BFA5E}.Release|Any CPU.Build.0 = Release|Any CPU
		{32CA52EA-3456-485D-82DF-D63BEA1BFA5E}.test|Any CPU.ActiveCfg = Release|Any CPU
		{32CA52EA-3456-485D-82DF-D63BEA1BFA5E}.test|Any CPU.Build.0 = Release|Any CPU
		{32CA52EA-3456-485D-82DF-D63BEA1BFA5E}.Trial|Any CPU.ActiveCfg = Release|Any CPU
		{32CA52EA-3456-485D-82DF-D63BEA1BFA5E}.Trial|Any CPU.Build.0 = Release|Any CPU
		{06CD543C-E52D-4A74-96F8-834BF04C07E8}.Debug|Any CPU.ActiveCfg = Debug|Any CPU
		{06CD543C-E52D-4A74-96F8-834BF04C07E8}.Debug|Any CPU.Build.0 = Debug|Any CPU
		{06CD543C-E52D-4A74-96F8-834BF04C07E8}.Lite|Any CPU.ActiveCfg = Release|Any CPU
		{06CD543C-E52D-4A74-96F8-834BF04C07E8}.Lite|Any CPU.Build.0 = Release|Any CPU
		{06CD543C-E52D-4A74-96F8-834BF04C07E8}.Release|Any CPU.ActiveCfg = Release|Any CPU
		{06CD543C-E52D-4A74-96F8-834BF04C07E8}.Release|Any CPU.Build.0 = Release|Any CPU
		{06CD543C-E52D-4A74-96F8-834BF04C07E8}.test|Any CPU.ActiveCfg = Release|Any CPU
		{06CD543C-E52D-4A74-96F8-834BF04C07E8}.test|Any CPU.Build.0 = Release|Any CPU
		{06CD543C-E52D-4A74-96F8-834BF04C07E8}.Trial|Any CPU.ActiveCfg = Release|Any CPU
		{06CD543C-E52D-4A74-96F8-834BF04C07E8}.Trial|Any CPU.Build.0 = Release|Any CPU
		{8AEF8986-B817-4882-A3CD-6F6C384F3944}.Debug|Any CPU.ActiveCfg = Debug|Any CPU
		{8AEF8986-B817-4882-A3CD-6F6C384F3944}.Debug|Any CPU.Build.0 = Debug|Any CPU
		{8AEF8986-B817-4882-A3CD-6F6C384F3944}.Lite|Any CPU.ActiveCfg = Release|Any CPU
		{8AEF8986-B817-4882-A3CD-6F6C384F3944}.Lite|Any CPU.Build.0 = Release|Any CPU
		{8AEF8986-B817-4882-A3CD-6F6C384F3944}.Release|Any CPU.ActiveCfg = Release|Any CPU
		{8AEF8986-B817-4882-A3CD-6F6C384F3944}.Release|Any CPU.Build.0 = Release|Any CPU
		{8AEF8986-B817-4882-A3CD-6F6C384F3944}.test|Any CPU.ActiveCfg = Release|Any CPU
		{8AEF8986-B817-4882-A3CD-6F6C384F3944}.test|Any CPU.Build.0 = Release|Any CPU
		{8AEF8986-B817-4882-A3CD-6F6C384F3944}.Trial|Any CPU.ActiveCfg = Release|Any CPU
		{8AEF8986-B817-4882-A3CD-6F6C384F3944}.Trial|Any CPU.Build.0 = Release|Any CPU
		{B803B449-BEF7-4C45-9CFA-B5D2A2417F47}.Debug|Any CPU.ActiveCfg = Debug|Any CPU
		{B803B449-BEF7-4C45-9CFA-B5D2A2417F47}.Debug|Any CPU.Build.0 = Debug|Any CPU
		{B803B449-BEF7-4C45-9CFA-B5D2A2417F47}.Lite|Any CPU.ActiveCfg = Release|Any CPU
		{B803B449-BEF7-4C45-9CFA-B5D2A2417F47}.Lite|Any CPU.Build.0 = Release|Any CPU
		{B803B449-BEF7-4C45-9CFA-B5D2A2417F47}.Release|Any CPU.ActiveCfg = Release|Any CPU
		{B803B449-BEF7-4C45-9CFA-B5D2A2417F47}.Release|Any CPU.Build.0 = Release|Any CPU
		{B803B449-BEF7-4C45-9CFA-B5D2A2417F47}.test|Any CPU.ActiveCfg = Release|Any CPU
		{B803B449-BEF7-4C45-9CFA-B5D2A2417F47}.test|Any CPU.Build.0 = Release|Any CPU
		{B803B449-BEF7-4C45-9CFA-B5D2A2417F47}.Trial|Any CPU.ActiveCfg = Release|Any CPU
		{B803B449-BEF7-4C45-9CFA-B5D2A2417F47}.Trial|Any CPU.Build.0 = Release|Any CPU
	EndGlobalSection
	GlobalSection(SolutionProperties) = preSolution
		HideSolutionNode = FALSE
	EndGlobalSection
	GlobalSection(NestedProjects) = preSolution
		{608868B5-FD2E-4B4E-B8BA-D5E872D0D7C9} = {78842466-1FBD-415D-9A31-B3A1A3963585}
		{BC2B9848-5644-4E03-98E8-09753CE3331E} = {F6C9FD4F-B2B2-41F8-BE52-F7C1CA6958F5}
		{FDEEE29B-524F-4137-A524-C294E82FA336} = {F6C9FD4F-B2B2-41F8-BE52-F7C1CA6958F5}
		{18E0C858-35BA-44AE-AE1E-26382C4B2083} = {F6C9FD4F-B2B2-41F8-BE52-F7C1CA6958F5}
		{F6C9FD4F-B2B2-41F8-BE52-F7C1CA6958F5} = {78842466-1FBD-415D-9A31-B3A1A3963585}
		{60232A24-9B01-4575-A78E-F82038F66B26} = {78842466-1FBD-415D-9A31-B3A1A3963585}
		{A6B9EDE5-99E9-4696-9CEE-6B6FFF45CC12} = {6A756811-C4BE-45E8-8131-76F8C00A454B}
		{E5D3D04A-27B7-45BC-B6B2-4E28F36DAFF6} = {6A756811-C4BE-45E8-8131-76F8C00A454B}
		{656EB62E-1C93-4F77-BBD0-B34DD9353CBA} = {6A756811-C4BE-45E8-8131-76F8C00A454B}
		{811A8AA4-32D2-4A89-BFBA-27BBDC6683E9} = {6A756811-C4BE-45E8-8131-76F8C00A454B}
		{07338DD9-D72E-4F8E-BCEA-D31B315A3D9A} = {6A756811-C4BE-45E8-8131-76F8C00A454B}
		{24D28221-4884-4362-B807-401E3C8E6CA1} = {78842466-1FBD-415D-9A31-B3A1A3963585}
		{E008BF36-8111-4AB9-9124-758E452D38FE} = {24D28221-4884-4362-B807-401E3C8E6CA1}
		{0A328B99-5532-41D9-AAD9-99DAFE6D00CB} = {78842466-1FBD-415D-9A31-B3A1A3963585}
		{56BC8D58-1A77-4CE7-A8D0-36015DB5D751} = {0A328B99-5532-41D9-AAD9-99DAFE6D00CB}
		{1F94DAF1-43DA-4D4B-8D28-843F4F2F4AB4} = {0A328B99-5532-41D9-AAD9-99DAFE6D00CB}
		{4C09FEE1-DECB-42EC-9B0A-DAD7E7232005} = {9638AF1F-EE0D-4F0F-9E01-64C9F17C0438}
		{75700E13-1CE7-4C70-B060-A9929BED47F8} = {872F5ACF-78B5-439B-994E-E09FD5874793}
		{8C81FAF9-1A42-4A24-BB44-834EA9C4AB18} = {872F5ACF-78B5-439B-994E-E09FD5874793}
		{5A3328B7-8853-4E78-B641-D8360AB538B0} = {872F5ACF-78B5-439B-994E-E09FD5874793}
		{A29F84FD-7B81-4F4B-BC27-E24CCB7D70D7} = {B861799D-D3BE-4947-93ED-52BDFEEB1255}
		{580D0DA8-3CA0-44AE-8BB5-58167870A59D} = {B861799D-D3BE-4947-93ED-52BDFEEB1255}
		{E307FD34-F8C3-42FB-A45B-2469446BAC88} = {B861799D-D3BE-4947-93ED-52BDFEEB1255}
		{D746B3CE-A6E6-44AA-A25A-4A89C81AFD81} = {B861799D-D3BE-4947-93ED-52BDFEEB1255}
		{5366AA35-2E43-45F2-B3CD-F4957893C55B} = {B861799D-D3BE-4947-93ED-52BDFEEB1255}
		{957A0E98-B753-4371-B862-93BC9060FDB2} = {75700E13-1CE7-4C70-B060-A9929BED47F8}
		{6A39B01C-93B2-4CA9-9E51-A8A75E8E3EAC} = {8C81FAF9-1A42-4A24-BB44-834EA9C4AB18}
		{31A7753E-0346-4950-ADE8-919EEFBB8484} = {8C81FAF9-1A42-4A24-BB44-834EA9C4AB18}
		{BBCBBAD0-6D9B-4942-9735-D0065A5AE4D3} = {8C81FAF9-1A42-4A24-BB44-834EA9C4AB18}
		{7BD537A6-10F3-4383-B6BA-4FBD1469EA28} = {5A3328B7-8853-4E78-B641-D8360AB538B0}
		{1EC23670-AE8D-4195-98E6-30EBF7F65ED9} = {5A3328B7-8853-4E78-B641-D8360AB538B0}
		{6EFFE41B-3082-4DF2-9E4B-FC9E0C26C0E3} = {872F5ACF-78B5-439B-994E-E09FD5874793}
		{C742A036-9230-4562-8E55-F3C26024EA18} = {872F5ACF-78B5-439B-994E-E09FD5874793}
		{B861799D-D3BE-4947-93ED-52BDFEEB1255} = {6EFFE41B-3082-4DF2-9E4B-FC9E0C26C0E3}
		{9AFB6CCB-C203-42A0-9686-E434C03D250F} = {C742A036-9230-4562-8E55-F3C26024EA18}
		{43A1E0DA-F3E1-46E8-AA0E-94838BFDC35A} = {608868B5-FD2E-4B4E-B8BA-D5E872D0D7C9}
		{6A756811-C4BE-45E8-8131-76F8C00A454B} = {60232A24-9B01-4575-A78E-F82038F66B26}
		{7E894F74-9AE6-4C83-B4AA-F70BBD125B44} = {78842466-1FBD-415D-9A31-B3A1A3963585}
		{E5B51FF3-E600-4773-839C-38DF7C1038A0} = {872F5ACF-78B5-439B-994E-E09FD5874793}
		{1CEC0FD5-5E73-4980-990D-8B37A15A1BFB} = {C742A036-9230-4562-8E55-F3C26024EA18}
		{E0F8E7F0-29C0-4950-9504-4593F26F27DD} = {6EFFE41B-3082-4DF2-9E4B-FC9E0C26C0E3}
		{EAD26D12-F7DA-4458-8919-FCDF4F507C9A} = {E0F8E7F0-29C0-4950-9504-4593F26F27DD}
		{1975D863-B9E6-4BE4-A254-2541E7D717C2} = {872F5ACF-78B5-439B-994E-E09FD5874793}
		{01F99FD7-E7B8-4F52-B3B8-E6796F98DA58} = {1975D863-B9E6-4BE4-A254-2541E7D717C2}
		{9AF17D2A-CD60-4819-BAF9-0557078FE5E2} = {B9C8C327-0210-40D2-8146-0F2BAAAF5AB3}
		{5C2C647A-8354-4D23-9E2A-F80A4EB2B335} = {B9C8C327-0210-40D2-8146-0F2BAAAF5AB3}
		{DD838E83-EFCC-42E2-A611-8A0E0B260F09} = {5C2C647A-8354-4D23-9E2A-F80A4EB2B335}
		{31CCF1DB-9BEA-4496-B6D5-237AFF2A6703} = {B9C8C327-0210-40D2-8146-0F2BAAAF5AB3}
		{336821A4-C1AB-48D8-BF3E-41101D6DA1B2} = {31CCF1DB-9BEA-4496-B6D5-237AFF2A6703}
		{DDB86B5D-15EB-4E7B-85A6-FD169C9ED725} = {B9C8C327-0210-40D2-8146-0F2BAAAF5AB3}
		{FE5B59D4-36E6-49D1-9145-75203C7F4A52} = {31CCF1DB-9BEA-4496-B6D5-237AFF2A6703}
		{3265CEED-9EB4-44EE-A61F-05BF97D9FE09} = {60232A24-9B01-4575-A78E-F82038F66B26}
		{CC7C424F-2A42-40B0-A840-0B58D4065624} = {3265CEED-9EB4-44EE-A61F-05BF97D9FE09}
		{A354D836-7E07-41A4-837E-14B411C81712} = {608868B5-FD2E-4B4E-B8BA-D5E872D0D7C9}
		{A75036F7-5D2F-4547-BCD3-1A9F1D1035DF} = {78842466-1FBD-415D-9A31-B3A1A3963585}
		{BBC84F44-4F6C-4CA4-A5F1-A1CDAC5C03E1} = {A75036F7-5D2F-4547-BCD3-1A9F1D1035DF}
		{DA5CEB2C-9EDA-4FFC-89C2-56F52FA930C6} = {0A328B99-5532-41D9-AAD9-99DAFE6D00CB}
		{A7E70165-07D1-4141-8FCB-49E519958632} = {0A328B99-5532-41D9-AAD9-99DAFE6D00CB}
		{39B0A0AF-494B-4803-A830-C97F3390A574} = {6A756811-C4BE-45E8-8131-76F8C00A454B}
		{9EF9A09E-91CA-4C8D-B99E-401F9FA8AF97} = {0A328B99-5532-41D9-AAD9-99DAFE6D00CB}
		{91AC77B6-9EBB-496B-A021-309B0980C352} = {6A756811-C4BE-45E8-8131-76F8C00A454B}
		{51263FCE-A38E-4FBE-9FC9-32D4B969B550} = {0A328B99-5532-41D9-AAD9-99DAFE6D00CB}
		{C9148140-0DC1-426E-8B19-EF5705B72098} = {0A328B99-5532-41D9-AAD9-99DAFE6D00CB}
		{A43C7691-7358-48D7-AC5C-FF9F0FB7BB71} = {0A328B99-5532-41D9-AAD9-99DAFE6D00CB}
		{8F4381D8-E063-463D-B40A-5BE0F662A5C2} = {0A328B99-5532-41D9-AAD9-99DAFE6D00CB}
		{F47F0A1D-6DA5-4252-AEFF-5EA162E90D2A} = {0A328B99-5532-41D9-AAD9-99DAFE6D00CB}
		{F1393918-60A1-4342-B1A0-AE46C6ECFE7F} = {0A328B99-5532-41D9-AAD9-99DAFE6D00CB}
		{6050DC7C-5F89-4F63-A13F-985232B5038B} = {1975D863-B9E6-4BE4-A254-2541E7D717C2}
		{FE890566-78C0-472C-8C98-526C8AA58518} = {1975D863-B9E6-4BE4-A254-2541E7D717C2}
		{278BC547-FD36-444A-800E-E349ABEC0199} = {1975D863-B9E6-4BE4-A254-2541E7D717C2}
		{777882DB-D2FB-47E5-B79C-BF7C0B8AFA12} = {1975D863-B9E6-4BE4-A254-2541E7D717C2}
		{FF74CFBA-35A5-4AF4-889B-2FD98D5B386D} = {1975D863-B9E6-4BE4-A254-2541E7D717C2}
		{00202BF5-52AE-49AA-A1E9-041DC9DC1A1E} = {1975D863-B9E6-4BE4-A254-2541E7D717C2}
		{2B4B2CD3-BCBA-42F4-B1DA-3752169DA23A} = {1975D863-B9E6-4BE4-A254-2541E7D717C2}
		{6CE68652-0136-4FEA-B93A-B27CF356B7C1} = {1975D863-B9E6-4BE4-A254-2541E7D717C2}
		{3B16AA7E-EDB3-4757-8C24-070743E29204} = {1975D863-B9E6-4BE4-A254-2541E7D717C2}
		{1534D9AF-5A8D-40AE-ADD4-A0217C0FF97D} = {1975D863-B9E6-4BE4-A254-2541E7D717C2}
		{32CA52EA-3456-485D-82DF-D63BEA1BFA5E} = {5A3328B7-8853-4E78-B641-D8360AB538B0}
		{06CD543C-E52D-4A74-96F8-834BF04C07E8} = {5A3328B7-8853-4E78-B641-D8360AB538B0}
		{8AEF8986-B817-4882-A3CD-6F6C384F3944} = {5A3328B7-8853-4E78-B641-D8360AB538B0}
		{B803B449-BEF7-4C45-9CFA-B5D2A2417F47} = {5A3328B7-8853-4E78-B641-D8360AB538B0}
	EndGlobalSection
	GlobalSection(ExtensibilityGlobals) = postSolution
		SolutionGuid = {EB447360-6410-4AB0-8984-1454D5AAEA49}
	EndGlobalSection
EndGlobal
